<?xml version="1.0" encoding="utf-8"?>
<Project ToolsVersion="12.0" xmlns="http://schemas.microsoft.com/developer/msbuild/2003">
  <ItemGroup>
    <Filter Include="Source Files">
      <UniqueIdentifier>{B1F27843-FECA-1BAD-A809-CD2CF83EEA5B}</UniqueIdentifier>
      <Extensions>cpp;cxx;cc;c;C</Extensions>
    </Filter>
    <Filter Include="Header Files">
      <UniqueIdentifier>{06319535-FECA-1BAD-A809-CD2CF83EEA5B}</UniqueIdentifier>
      <Extensions>h;hpp;hxx;hh</Extensions>
    </Filter>
    <Filter Include="Typesupport Files">
      <UniqueIdentifier>{B7B4DD38-FECA-1BAD-A809-CD2CF83EEA5B}</UniqueIdentifier>
      <Extensions>idl</Extensions>
    </Filter>
    <Filter Include="Documentation">
      <UniqueIdentifier>{B14BBA74-FECA-1BAD-A809-CD2CF83EEA5B}</UniqueIdentifier>
    </Filter>
  </ItemGroup>
  <ItemGroup>
    <ClCompile Include="DurabilityData.cpp">
      <Filter>default_group</Filter>
    </ClCompile>
    <ClCompile Include="DurabilityDataDcps.cpp">
      <Filter>default_group</Filter>
    </ClCompile>
    <ClCompile Include="DurabilityDataDcps_impl.cpp">
      <Filter>default_group</Filter>
    </ClCompile>
    <ClCompile Include="DurabilityDataSplDcps.cpp">
      <Filter>default_group</Filter>
    </ClCompile>
  </ItemGroup>
  <ItemGroup>
    <ClInclude Include="ccpp_DurabilityData.h">
      <Filter>Header Files</Filter>
    </ClInclude>
    <ClInclude Include="DurabilityData.h">
      <Filter>Header Files</Filter>
    </ClInclude>
    <ClInclude Include="DurabilityDataDcps.h">
      <Filter>Header Files</Filter>
    </ClInclude>
    <ClInclude Include="DurabilityDataDcps_impl.h">
      <Filter>Header Files</Filter>
    </ClInclude>
    <ClInclude Include="DurabilityDataSplDcps.h">
      <Filter>Header Files</Filter>
    </ClInclude>
  </ItemGroup>
  <ItemGroup>
    <CustomBuild Include="..\..\idl\DurabilityData.idl">
      <Filter>Typesupport Files</Filter>
    </CustomBuild>
  </ItemGroup>
  <ItemGroup>
    <CustomBuild Include="..\..\.\README.html">
      <Filter>Documentation</Filter>
    </CustomBuild>
  </ItemGroup>
</Project>
