
Microsoft Visual Studio Solution File, Format Version 12.00
# Visual Studio 2012
# $Id$
#
# This file was generated by MPC.  Any changes made directly to
# this file will be lost the next time it is generated.
#
# MPC Command:
# /home/dds/OvernightTests/tmp_XEJFDMLtq7/build/bin/mwc.pl -features ospl_os_host_win=1 -features ospl_dcpssacs=1 -features ospl_os_win=1 -features ospl_64_bit=1 -value_template lib_modifier= -include /bin/MakeProjectCreator/config -include /bin/MakeProjectCreator/config/TAO -features ospl_os_ver_64=1 -features x86_64_win64=1 -features ospl_arch_x86_64=1 -value_template configurations=Release -type vc12 HDE/x86_64.win64/examples/examples_simple.mwc
Project("{8BC9CEB8-8B4A-11D0-8D11-00A0C91BC942}") = "sac_builtintopics_sub", "dcps\BuiltInTopics\c\standalone\sac_builtintopics_sub.vcxproj", "{40355D46-FECA-1BAD-50F3-732EA59814D3}"
EndProject
Project("{8BC9CEB8-8B4A-11D0-8D11-00A0C91BC942}") = "sacpp_builtintopics_sub", "dcps\BuiltInTopics\cpp\standalone\sacpp_builtintopics_sub.vcxproj", "{35345E46-FECA-1BAD-50F3-732EC7C5951A}"
EndProject
Project("{8BC9CEB8-8B4A-11D0-8D11-00A0C91BC942}") = "ISO_Cxx_BuiltinTopics_Impl", "dcps\BuiltInTopics\isocpp\ISO_Cxx_BuiltinTopics_Impl.vcxproj", "{B4BFC1B7-FECA-1BAD-50F3-710EBF4080AD}"
EndProject
Project("{8BC9CEB8-8B4A-11D0-8D11-00A0C91BC942}") = "ISO_Cxx_BuiltinTopics_Sub", "dcps\BuiltInTopics\isocpp\ISO_Cxx_BuiltinTopics_Sub.vcxproj", "{3AF4F42A-FECA-1BAD-50F3-710EBF4080AD}"
	ProjectSection(ProjectDependencies) = postProject
		{B4BFC1B7-FECA-1BAD-50F3-710EBF4080AD} = {B4BFC1B7-FECA-1BAD-50F3-710EBF4080AD}
	EndProjectSection
EndProject
Project("{8BC9CEB8-8B4A-11D0-8D11-00A0C91BC942}") = "sac_contentfilteredtopic_pub", "dcps\ContentFilteredTopic\c\standalone\sac_contentfilteredtopic_pub.vcxproj", "{34F5FC80-FECA-1BAD-2441-F07721138199}"
	ProjectSection(ProjectDependencies) = postProject
		{511ACBCE-FECA-1BAD-2441-F07721138199} = {511ACBCE-FECA-1BAD-2441-F07721138199}
	EndProjectSection
EndProject
Project("{8BC9CEB8-8B4A-11D0-8D11-00A0C91BC942}") = "sac_contentfilteredtopic_sub", "dcps\ContentFilteredTopic\c\standalone\sac_contentfilteredtopic_sub.vcxproj", "{34F5FF80-FECA-1BAD-2441-F07721138199}"
	ProjectSection(ProjectDependencies) = postProject
		{511ACBCE-FECA-1BAD-2441-F07721138199} = {511ACBCE-FECA-1BAD-2441-F07721138199}
	EndProjectSection
EndProject
Project("{8BC9CEB8-8B4A-11D0-8D11-00A0C91BC942}") = "sac_contentfilteredtopic_types", "dcps\ContentFilteredTopic\c\standalone\sac_contentfilteredtopic_types.vcxproj", "{511ACBCE-FECA-1BAD-2441-F07721138199}"
EndProject
Project("{8BC9CEB8-8B4A-11D0-8D11-00A0C91BC942}") = "sacpp_contentfilteredtopic_pub", "dcps\ContentFilteredTopic\cpp\standalone\sacpp_contentfilteredtopic_pub.vcxproj", "{33A5ECB0-FECA-1BAD-2441-F0774C50DF9E}"
	ProjectSection(ProjectDependencies) = postProject
		{010AFBC9-FECA-1BAD-2441-F0774C50DF9E} = {010AFBC9-FECA-1BAD-2441-F0774C50DF9E}
	EndProjectSection
EndProject
Project("{8BC9CEB8-8B4A-11D0-8D11-00A0C91BC942}") = "sacpp_contentfilteredtopic_sub", "dcps\ContentFilteredTopic\cpp\standalone\sacpp_contentfilteredtopic_sub.vcxproj", "{33A5EFB0-FECA-1BAD-2441-F0774C50DF9E}"
	ProjectSection(ProjectDependencies) = postProject
		{010AFBC9-FECA-1BAD-2441-F0774C50DF9E} = {010AFBC9-FECA-1BAD-2441-F0774C50DF9E}
	EndProjectSection
EndProject
Project("{8BC9CEB8-8B4A-11D0-8D11-00A0C91BC942}") = "sacpp_contentfilteredtopic_types", "dcps\ContentFilteredTopic\cpp\standalone\sacpp_contentfilteredtopic_types.vcxproj", "{010AFBC9-FECA-1BAD-2441-F0774C50DF9E}"
EndProject
Project("{8BC9CEB8-8B4A-11D0-8D11-00A0C91BC942}") = "ISO_Cxx_ContentFiltering_Impl", "dcps\ContentFilteredTopic\isocpp\ISO_Cxx_ContentFiltering_Impl.vcxproj", "{8569FD16-FECA-1BAD-7681-28D334D5CA29}"
	ProjectSection(ProjectDependencies) = postProject
		{4D72ABD3-FECA-1BAD-7681-28D334D5CA29} = {4D72ABD3-FECA-1BAD-7681-28D334D5CA29}
	EndProjectSection
EndProject
Project("{8BC9CEB8-8B4A-11D0-8D11-00A0C91BC942}") = "ISO_Cxx_ContentFiltering_Pub", "dcps\ContentFilteredTopic\isocpp\ISO_Cxx_ContentFiltering_Pub.vcxproj", "{29E994E0-FECA-1BAD-7681-28D334D5CA29}"
	ProjectSection(ProjectDependencies) = postProject
		{8569FD16-FECA-1BAD-7681-28D334D5CA29} = {8569FD16-FECA-1BAD-7681-28D334D5CA29}
	EndProjectSection
EndProject
Project("{8BC9CEB8-8B4A-11D0-8D11-00A0C91BC942}") = "ISO_Cxx_ContentFiltering_Sub", "dcps\ContentFilteredTopic\isocpp\ISO_Cxx_ContentFiltering_Sub.vcxproj", "{29E997E0-FECA-1BAD-7681-28D334D5CA29}"
	ProjectSection(ProjectDependencies) = postProject
		{8569FD16-FECA-1BAD-7681-28D334D5CA29} = {8569FD16-FECA-1BAD-7681-28D334D5CA29}
	EndProjectSection
EndProject
Project("{8BC9CEB8-8B4A-11D0-8D11-00A0C91BC942}") = "ISO_Cxx_ContentFiltering_Types", "dcps\ContentFilteredTopic\isocpp\ISO_Cxx_ContentFiltering_Types.vcxproj", "{4D72ABD3-FECA-1BAD-7681-28D334D5CA29}"
EndProject
Project("{8BC9CEB8-8B4A-11D0-8D11-00A0C91BC942}") = "sac_durability_pub", "dcps\Durability\c\standalone\sac_durability_pub.vcxproj", "{D7BA91E3-FECA-1BAD-A809-CD2CE4A7EFAC}"
	ProjectSection(ProjectDependencies) = postProject
		{1E77A82D-FECA-1BAD-A809-CD2CE4A7EFAC} = {1E77A82D-FECA-1BAD-A809-CD2CE4A7EFAC}
	EndProjectSection
EndProject
Project("{8BC9CEB8-8B4A-11D0-8D11-00A0C91BC942}") = "sac_durability_sub", "dcps\Durability\c\standalone\sac_durability_sub.vcxproj", "{D7BA92E3-FECA-1BAD-A809-CD2CE4A7EFAC}"
	ProjectSection(ProjectDependencies) = postProject
		{1E77A82D-FECA-1BAD-A809-CD2CE4A7EFAC} = {1E77A82D-FECA-1BAD-A809-CD2CE4A7EFAC}
	EndProjectSection
EndProject
Project("{8BC9CEB8-8B4A-11D0-8D11-00A0C91BC942}") = "sac_durability_types", "dcps\Durability\c\standalone\sac_durability_types.vcxproj", "{1E77A82D-FECA-1BAD-A809-CD2CE4A7EFAC}"
EndProject
Project("{8BC9CEB8-8B4A-11D0-8D11-00A0C91BC942}") = "sacpp_durability_pub", "dcps\Durability\cpp\standalone\sacpp_durability_pub.vcxproj", "{E7BDC1F3-FECA-1BAD-A809-CD2CF83EEA5B}"
	ProjectSection(ProjectDependencies) = postProject
		{1927B81D-FECA-1BAD-A809-CD2CF83EEA5B} = {1927B81D-FECA-1BAD-A809-CD2CF83EEA5B}
	EndProjectSection
EndProject
Project("{8BC9CEB8-8B4A-11D0-8D11-00A0C91BC942}") = "sacpp_durability_sub", "dcps\Durability\cpp\standalone\sacpp_durability_sub.vcxproj", "{E7BDC2F3-FECA-1BAD-A809-CD2CF83EEA5B}"
	ProjectSection(ProjectDependencies) = postProject
		{1927B81D-FECA-1BAD-A809-CD2CF83EEA5B} = {1927B81D-FECA-1BAD-A809-CD2CF83EEA5B}
	EndProjectSection
EndProject
Project("{8BC9CEB8-8B4A-11D0-8D11-00A0C91BC942}") = "sacpp_durability_types", "dcps\Durability\cpp\standalone\sacpp_durability_types.vcxproj", "{1927B81D-FECA-1BAD-A809-CD2CF83EEA5B}"
EndProject
Project("{8BC9CEB8-8B4A-11D0-8D11-00A0C91BC942}") = "ISO_Cxx_Durability_Impl", "dcps\Durability\isocpp\ISO_Cxx_Durability_Impl.vcxproj", "{0C216CA2-FECA-1BAD-AA09-CD2C80BBFFEC}"
	ProjectSection(ProjectDependencies) = postProject
		{D9FBB09B-FECA-1BAD-AA09-CD2C80BBFFEC} = {D9FBB09B-FECA-1BAD-AA09-CD2C80BBFFEC}
	EndProjectSection
EndProject
Project("{8BC9CEB8-8B4A-11D0-8D11-00A0C91BC942}") = "ISO_Cxx_Durability_Pub", "dcps\Durability\isocpp\ISO_Cxx_Durability_Pub.vcxproj", "{617D1DFB-FECA-1BAD-AA09-CD2C80BBFFEC}"
	ProjectSection(ProjectDependencies) = postProject
		{0C216CA2-FECA-1BAD-AA09-CD2C80BBFFEC} = {0C216CA2-FECA-1BAD-AA09-CD2C80BBFFEC}
	EndProjectSection
EndProject
Project("{8BC9CEB8-8B4A-11D0-8D11-00A0C91BC942}") = "ISO_Cxx_Durability_Sub", "dcps\Durability\isocpp\ISO_Cxx_Durability_Sub.vcxproj", "{617D1EFB-FECA-1BAD-AA09-CD2C80BBFFEC}"
	ProjectSection(ProjectDependencies) = postProject
		{0C216CA2-FECA-1BAD-AA09-CD2C80BBFFEC} = {0C216CA2-FECA-1BAD-AA09-CD2C80BBFFEC}
	EndProjectSection
EndProject
Project("{8BC9CEB8-8B4A-11D0-8D11-00A0C91BC942}") = "ISO_Cxx_Durability_Types", "dcps\Durability\isocpp\ISO_Cxx_Durability_Types.vcxproj", "{D9FBB09B-FECA-1BAD-AA09-CD2C80BBFFEC}"
EndProject
Project("{8BC9CEB8-8B4A-11D0-8D11-00A0C91BC942}") = "sac_helloworld_pub", "dcps\HelloWorld\c\standalone\sac_helloworld_pub.vcxproj", "{FDF67C2D-FECA-1BAD-8245-20E24069314E}"
	ProjectSection(ProjectDependencies) = postProject
		{529A6607-FECA-1BAD-8245-20E24069314E} = {529A6607-FECA-1BAD-8245-20E24069314E}
	EndProjectSection
EndProject
Project("{8BC9CEB8-8B4A-11D0-8D11-00A0C91BC942}") = "sac_helloworld_sub", "dcps\HelloWorld\c\standalone\sac_helloworld_sub.vcxproj", "{FDF67F2D-FECA-1BAD-8245-20E24069314E}"
	ProjectSection(ProjectDependencies) = postProject
		{529A6607-FECA-1BAD-8245-20E24069314E} = {529A6607-FECA-1BAD-8245-20E24069314E}
	EndProjectSection
EndProject
Project("{8BC9CEB8-8B4A-11D0-8D11-00A0C91BC942}") = "sac_helloworld_types", "dcps\HelloWorld\c\standalone\sac_helloworld_types.vcxproj", "{529A6607-FECA-1BAD-8245-20E24069314E}"
EndProject
Project("{8BC9CEB8-8B4A-11D0-8D11-00A0C91BC942}") = "sacpp_helloworld_pub", "dcps\HelloWorld\cpp\standalone\sacpp_helloworld_pub.vcxproj", "{CDF12C3D-FECA-1BAD-8245-20E236E008FF}"
	ProjectSection(ProjectDependencies) = postProject
		{55CA7637-FECA-1BAD-8245-20E236E008FF} = {55CA7637-FECA-1BAD-8245-20E236E008FF}
	EndProjectSection
EndProject
Project("{8BC9CEB8-8B4A-11D0-8D11-00A0C91BC942}") = "sacpp_helloworld_sub", "dcps\HelloWorld\cpp\standalone\sacpp_helloworld_sub.vcxproj", "{CDF12F3D-FECA-1BAD-8245-20E236E008FF}"
	ProjectSection(ProjectDependencies) = postProject
		{55CA7637-FECA-1BAD-8245-20E236E008FF} = {55CA7637-FECA-1BAD-8245-20E236E008FF}
	EndProjectSection
EndProject
Project("{8BC9CEB8-8B4A-11D0-8D11-00A0C91BC942}") = "sacpp_helloworld_types", "dcps\HelloWorld\cpp\standalone\sacpp_helloworld_types.vcxproj", "{55CA7637-FECA-1BAD-8245-20E236E008FF}"
EndProject
Project("{8BC9CEB8-8B4A-11D0-8D11-00A0C91BC942}") = "ISO_Cxx_HelloWorld_Impl", "dcps\HelloWorld\isocpp\ISO_Cxx_HelloWorld_Impl.vcxproj", "{A8EFB240-FECA-1BAD-8045-20C24E651D48}"
	ProjectSection(ProjectDependencies) = postProject
		{95165EB1-FECA-1BAD-8045-20C24E651D48} = {95165EB1-FECA-1BAD-8045-20C24E651D48}
	EndProjectSection
EndProject
Project("{8BC9CEB8-8B4A-11D0-8D11-00A0C91BC942}") = "ISO_Cxx_HelloWorld_Pub", "dcps\HelloWorld\isocpp\ISO_Cxx_HelloWorld_Pub.vcxproj", "{4B31F015-FECA-1BAD-8045-20C24E651D48}"
	ProjectSection(ProjectDependencies) = postProject
		{A8EFB240-FECA-1BAD-8045-20C24E651D48} = {A8EFB240-FECA-1BAD-8045-20C24E651D48}
	EndProjectSection
EndProject
Project("{8BC9CEB8-8B4A-11D0-8D11-00A0C91BC942}") = "ISO_Cxx_HelloWorld_Sub", "dcps\HelloWorld\isocpp\ISO_Cxx_HelloWorld_Sub.vcxproj", "{4B31F315-FECA-1BAD-8045-20C24E651D48}"
	ProjectSection(ProjectDependencies) = postProject
		{A8EFB240-FECA-1BAD-8045-20C24E651D48} = {A8EFB240-FECA-1BAD-8045-20C24E651D48}
	EndProjectSection
EndProject
Project("{8BC9CEB8-8B4A-11D0-8D11-00A0C91BC942}") = "ISO_Cxx_HelloWorld_Types", "dcps\HelloWorld\isocpp\ISO_Cxx_HelloWorld_Types.vcxproj", "{95165EB1-FECA-1BAD-8045-20C24E651D48}"
EndProject
Project("{8BC9CEB8-8B4A-11D0-8D11-00A0C91BC942}") = "sac_lifecycle_pub", "dcps\Lifecycle\c\standalone\sac_lifecycle_pub.vcxproj", "{938E21BA-FECA-1BAD-F5CD-7A5735306021}"
	ProjectSection(ProjectDependencies) = postProject
		{2AC7F169-FECA-1BAD-F5CD-7A5735306021} = {2AC7F169-FECA-1BAD-F5CD-7A5735306021}
	EndProjectSection
EndProject
Project("{8BC9CEB8-8B4A-11D0-8D11-00A0C91BC942}") = "sac_lifecycle_sub", "dcps\Lifecycle\c\standalone\sac_lifecycle_sub.vcxproj", "{938E22BA-FECA-1BAD-F5CD-7A5735306021}"
	ProjectSection(ProjectDependencies) = postProject
		{2AC7F169-FECA-1BAD-F5CD-7A5735306021} = {2AC7F169-FECA-1BAD-F5CD-7A5735306021}
	EndProjectSection
EndProject
Project("{8BC9CEB8-8B4A-11D0-8D11-00A0C91BC942}") = "sac_lifecycle_types", "dcps\Lifecycle\c\standalone\sac_lifecycle_types.vcxproj", "{2AC7F169-FECA-1BAD-F5CD-7A5735306021}"
EndProject
Project("{8BC9CEB8-8B4A-11D0-8D11-00A0C91BC942}") = "sacpp_lifecycle_pub", "dcps\Lifecycle\cpp\standalone\sacpp_lifecycle_pub.vcxproj", "{908E54BB-FECA-1BAD-F5CD-7A576FB1678A}"
	ProjectSection(ProjectDependencies) = postProject
		{2AB2F06A-FECA-1BAD-F5CD-7A576FB1678A} = {2AB2F06A-FECA-1BAD-F5CD-7A576FB1678A}
	EndProjectSection
EndProject
Project("{8BC9CEB8-8B4A-11D0-8D11-00A0C91BC942}") = "sacpp_lifecycle_sub", "dcps\Lifecycle\cpp\standalone\sacpp_lifecycle_sub.vcxproj", "{908E57BB-FECA-1BAD-F5CD-7A576FB1678A}"
	ProjectSection(ProjectDependencies) = postProject
		{2AB2F06A-FECA-1BAD-F5CD-7A576FB1678A} = {2AB2F06A-FECA-1BAD-F5CD-7A576FB1678A}
	EndProjectSection
EndProject
Project("{8BC9CEB8-8B4A-11D0-8D11-00A0C91BC942}") = "sacpp_lifecycle_types", "dcps\Lifecycle\cpp\standalone\sacpp_lifecycle_types.vcxproj", "{2AB2F06A-FECA-1BAD-F5CD-7A576FB1678A}"
EndProject
Project("{8BC9CEB8-8B4A-11D0-8D11-00A0C91BC942}") = "ISO_Cxx_Lifecycle_Impl", "dcps\Lifecycle\isocpp\ISO_Cxx_Lifecycle_Impl.vcxproj", "{95D704A5-FECA-1BAD-F5ED-7A571734723D}"
	ProjectSection(ProjectDependencies) = postProject
		{469D30E2-FECA-1BAD-F5ED-7A571734723D} = {469D30E2-FECA-1BAD-F5ED-7A571734723D}
	EndProjectSection
EndProject
Project("{8BC9CEB8-8B4A-11D0-8D11-00A0C91BC942}") = "ISO_Cxx_Lifecycle_Pub", "dcps\Lifecycle\isocpp\ISO_Cxx_Lifecycle_Pub.vcxproj", "{18E27B7B-FECA-1BAD-F5ED-7A571734723D}"
	ProjectSection(ProjectDependencies) = postProject
		{95D704A5-FECA-1BAD-F5ED-7A571734723D} = {95D704A5-FECA-1BAD-F5ED-7A571734723D}
	EndProjectSection
EndProject
Project("{8BC9CEB8-8B4A-11D0-8D11-00A0C91BC942}") = "ISO_Cxx_Lifecycle_Sub", "dcps\Lifecycle\isocpp\ISO_Cxx_Lifecycle_Sub.vcxproj", "{18E2787B-FECA-1BAD-F5ED-7A571734723D}"
	ProjectSection(ProjectDependencies) = postProject
		{95D704A5-FECA-1BAD-F5ED-7A571734723D} = {95D704A5-FECA-1BAD-F5ED-7A571734723D}
	EndProjectSection
EndProject
Project("{8BC9CEB8-8B4A-11D0-8D11-00A0C91BC942}") = "ISO_Cxx_Lifecycle_Types", "dcps\Lifecycle\isocpp\ISO_Cxx_Lifecycle_Types.vcxproj", "{469D30E2-FECA-1BAD-F5ED-7A571734723D}"
EndProject
Project("{8BC9CEB8-8B4A-11D0-8D11-00A0C91BC942}") = "sac_listener_pub", "dcps\Listener\c\standalone\sac_listener_pub.vcxproj", "{7FFA7FBE-FECA-1BAD-3826-24216B5848CE}"
	ProjectSection(ProjectDependencies) = postProject
		{5E99F585-FECA-1BAD-3826-24216B5848CE} = {5E99F585-FECA-1BAD-3826-24216B5848CE}
	EndProjectSection
EndProject
Project("{8BC9CEB8-8B4A-11D0-8D11-00A0C91BC942}") = "sac_listener_sub", "dcps\Listener\c\standalone\sac_listener_sub.vcxproj", "{7FFA7CBE-FECA-1BAD-3826-24216B5848CE}"
	ProjectSection(ProjectDependencies) = postProject
		{5E99F585-FECA-1BAD-3826-24216B5848CE} = {5E99F585-FECA-1BAD-3826-24216B5848CE}
	EndProjectSection
EndProject
Project("{8BC9CEB8-8B4A-11D0-8D11-00A0C91BC942}") = "sac_listener_types", "dcps\Listener\c\standalone\sac_listener_types.vcxproj", "{5E99F585-FECA-1BAD-3826-24216B5848CE}"
EndProject
Project("{8BC9CEB8-8B4A-11D0-8D11-00A0C91BC942}") = "sacpp_listener_pub", "dcps\Listener\cpp\standalone\sacpp_listener_pub.vcxproj", "{6FCA78EE-FECA-1BAD-3826-2421079988D4}"
	ProjectSection(ProjectDependencies) = postProject
		{6E9EA595-FECA-1BAD-3826-2421079988D4} = {6E9EA595-FECA-1BAD-3826-2421079988D4}
	EndProjectSection
EndProject
Project("{8BC9CEB8-8B4A-11D0-8D11-00A0C91BC942}") = "sacpp_listener_sub", "dcps\Listener\cpp\standalone\sacpp_listener_sub.vcxproj", "{6FCA7BEE-FECA-1BAD-3826-2421079988D4}"
	ProjectSection(ProjectDependencies) = postProject
		{6E9EA595-FECA-1BAD-3826-2421079988D4} = {6E9EA595-FECA-1BAD-3826-2421079988D4}
	EndProjectSection
EndProject
Project("{8BC9CEB8-8B4A-11D0-8D11-00A0C91BC942}") = "sacpp_listener_types", "dcps\Listener\cpp\standalone\sacpp_listener_types.vcxproj", "{6E9EA595-FECA-1BAD-3826-2421079988D4}"
EndProject
Project("{8BC9CEB8-8B4A-11D0-8D11-00A0C91BC942}") = "ISO_Cxx_Listener_Impl", "dcps\Listener\isocpp\ISO_Cxx_Listener_Impl.vcxproj", "{6F393232-FECA-1BAD-3824-24217F1C9D63}"
	ProjectSection(ProjectDependencies) = postProject
		{E87E599D-FECA-1BAD-3824-24217F1C9D63} = {E87E599D-FECA-1BAD-3824-24217F1C9D63}
	EndProjectSection
EndProject
Project("{8BC9CEB8-8B4A-11D0-8D11-00A0C91BC942}") = "ISO_Cxx_Listener_Pub", "dcps\Listener\isocpp\ISO_Cxx_Listener_Pub.vcxproj", "{674C9812-FECA-1BAD-3824-24217F1C9D63}"
	ProjectSection(ProjectDependencies) = postProject
		{6F393232-FECA-1BAD-3824-24217F1C9D63} = {6F393232-FECA-1BAD-3824-24217F1C9D63}
	EndProjectSection
EndProject
Project("{8BC9CEB8-8B4A-11D0-8D11-00A0C91BC942}") = "ISO_Cxx_Listener_Sub", "dcps\Listener\isocpp\ISO_Cxx_Listener_Sub.vcxproj", "{674C9B12-FECA-1BAD-3824-24217F1C9D63}"
	ProjectSection(ProjectDependencies) = postProject
		{6F393232-FECA-1BAD-3824-24217F1C9D63} = {6F393232-FECA-1BAD-3824-24217F1C9D63}
	EndProjectSection
EndProject
Project("{8BC9CEB8-8B4A-11D0-8D11-00A0C91BC942}") = "ISO_Cxx_Listener_Types", "dcps\Listener\isocpp\ISO_Cxx_Listener_Types.vcxproj", "{E87E599D-FECA-1BAD-3824-24217F1C9D63}"
EndProject
Project("{8BC9CEB8-8B4A-11D0-8D11-00A0C91BC942}") = "sacpp_networkpartitions_chatter", "dcps\NetworkPartitions\cpp\standalone\sacpp_networkpartitions_chatter.vcxproj", "{81DCA483-FECA-1BAD-B59F-FB9947AD83AF}"
	ProjectSection(ProjectDependencies) = postProject
		{78333E2A-FECA-1BAD-B59F-FB9947AD83AF} = {78333E2A-FECA-1BAD-B59F-FB9947AD83AF}
	EndProjectSection
EndProject
Project("{8BC9CEB8-8B4A-11D0-8D11-00A0C91BC942}") = "sacpp_networkpartitions_messageboard", "dcps\NetworkPartitions\cpp\standalone\sacpp_networkpartitions_messageboard.vcxproj", "{67093A24-FECA-1BAD-B59F-FB9947AD83AF}"
	ProjectSection(ProjectDependencies) = postProject
		{78333E2A-FECA-1BAD-B59F-FB9947AD83AF} = {78333E2A-FECA-1BAD-B59F-FB9947AD83AF}
	EndProjectSection
EndProject
Project("{8BC9CEB8-8B4A-11D0-8D11-00A0C91BC942}") = "sacpp_networkpartitions_types", "dcps\NetworkPartitions\cpp\standalone\sacpp_networkpartitions_types.vcxproj", "{78333E2A-FECA-1BAD-B59F-FB9947AD83AF}"
EndProject
Project("{8BC9CEB8-8B4A-11D0-8D11-00A0C91BC942}") = "sac_ownership_pub", "dcps\Ownership\c\standalone\sac_ownership_pub.vcxproj", "{38C9C9AB-FECA-1BAD-5E8A-9246814EE13B}"
	ProjectSection(ProjectDependencies) = postProject
		{6D2FE0C2-FECA-1BAD-5E8A-9246814EE13B} = {6D2FE0C2-FECA-1BAD-5E8A-9246814EE13B}
	EndProjectSection
EndProject
Project("{8BC9CEB8-8B4A-11D0-8D11-00A0C91BC942}") = "sac_ownership_sub", "dcps\Ownership\c\standalone\sac_ownership_sub.vcxproj", "{38C9CAAB-FECA-1BAD-5E8A-9246814EE13B}"
	ProjectSection(ProjectDependencies) = postProject
		{6D2FE0C2-FECA-1BAD-5E8A-9246814EE13B} = {6D2FE0C2-FECA-1BAD-5E8A-9246814EE13B}
	EndProjectSection
EndProject
Project("{8BC9CEB8-8B4A-11D0-8D11-00A0C91BC942}") = "sac_ownership_types", "dcps\Ownership\c\standalone\sac_ownership_types.vcxproj", "{6D2FE0C2-FECA-1BAD-5E8A-9246814EE13B}"
EndProject
Project("{8BC9CEB8-8B4A-11D0-8D11-00A0C91BC942}") = "sacpp_ownership_pub", "dcps\Ownership\cpp\standalone\sacpp_ownership_pub.vcxproj", "{3BC9BCAA-FECA-1BAD-5E8A-924611307D3E}"
	ProjectSection(ProjectDependencies) = postProject
		{6D5AE1C1-FECA-1BAD-5E8A-924611307D3E} = {6D5AE1C1-FECA-1BAD-5E8A-924611307D3E}
	EndProjectSection
EndProject
Project("{8BC9CEB8-8B4A-11D0-8D11-00A0C91BC942}") = "sacpp_ownership_sub", "dcps\Ownership\cpp\standalone\sacpp_ownership_sub.vcxproj", "{3BC9BFAA-FECA-1BAD-5E8A-924611307D3E}"
	ProjectSection(ProjectDependencies) = postProject
		{6D5AE1C1-FECA-1BAD-5E8A-924611307D3E} = {6D5AE1C1-FECA-1BAD-5E8A-924611307D3E}
	EndProjectSection
EndProject
Project("{8BC9CEB8-8B4A-11D0-8D11-00A0C91BC942}") = "sacpp_ownership_types", "dcps\Ownership\cpp\standalone\sacpp_ownership_types.vcxproj", "{6D5AE1C1-FECA-1BAD-5E8A-924611307D3E}"
EndProject
Project("{8BC9CEB8-8B4A-11D0-8D11-00A0C91BC942}") = "ISO_Cxx_Ownership_Impl", "dcps\Ownership\isocpp\ISO_Cxx_Ownership_Impl.vcxproj", "{21A985BF-FECA-1BAD-5EAA-924669B56889}"
	ProjectSection(ProjectDependencies) = postProject
		{01752149-FECA-1BAD-5EAA-924669B56889} = {01752149-FECA-1BAD-5EAA-924669B56889}
	EndProjectSection
EndProject
Project("{8BC9CEB8-8B4A-11D0-8D11-00A0C91BC942}") = "ISO_Cxx_Ownership_Pub", "dcps\Ownership\isocpp\ISO_Cxx_Ownership_Pub.vcxproj", "{B3A5936A-FECA-1BAD-5EAA-924669B56889}"
	ProjectSection(ProjectDependencies) = postProject
		{21A985BF-FECA-1BAD-5EAA-924669B56889} = {21A985BF-FECA-1BAD-5EAA-924669B56889}
	EndProjectSection
EndProject
Project("{8BC9CEB8-8B4A-11D0-8D11-00A0C91BC942}") = "ISO_Cxx_Ownership_Sub", "dcps\Ownership\isocpp\ISO_Cxx_Ownership_Sub.vcxproj", "{B3A5906A-FECA-1BAD-5EAA-924669B56889}"
	ProjectSection(ProjectDependencies) = postProject
		{21A985BF-FECA-1BAD-5EAA-924669B56889} = {21A985BF-FECA-1BAD-5EAA-924669B56889}
	EndProjectSection
EndProject
Project("{8BC9CEB8-8B4A-11D0-8D11-00A0C91BC942}") = "ISO_Cxx_Ownership_Types", "dcps\Ownership\isocpp\ISO_Cxx_Ownership_Types.vcxproj", "{01752149-FECA-1BAD-5EAA-924669B56889}"
EndProject
Project("{8BC9CEB8-8B4A-11D0-8D11-00A0C91BC942}") = "sac_pingpong_ping", "dcps\PingPong\c\standalone\sac_pingpong_ping.vcxproj", "{FE1AC13D-FECA-1BAD-6982-E5E3711454CB}"
	ProjectSection(ProjectDependencies) = postProject
		{FA5837D4-FECA-1BAD-6982-E5E3711454CB} = {FA5837D4-FECA-1BAD-6982-E5E3711454CB}
	EndProjectSection
EndProject
Project("{8BC9CEB8-8B4A-11D0-8D11-00A0C91BC942}") = "sac_pingpong_pong", "dcps\PingPong\c\standalone\sac_pingpong_pong.vcxproj", "{FE1AC73D-FECA-1BAD-6982-E5E3711454CB}"
	ProjectSection(ProjectDependencies) = postProject
		{FA5837D4-FECA-1BAD-6982-E5E3711454CB} = {FA5837D4-FECA-1BAD-6982-E5E3711454CB}
	EndProjectSection
EndProject
Project("{8BC9CEB8-8B4A-11D0-8D11-00A0C91BC942}") = "sac_pingpong_types", "dcps\PingPong\c\standalone\sac_pingpong_types.vcxproj", "{FA5837D4-FECA-1BAD-6982-E5E3711454CB}"
EndProject
Project("{8BC9CEB8-8B4A-11D0-8D11-00A0C91BC942}") = "sacpp_pingpong_ping", "dcps\PingPong\cpp\standalone\sacpp_pingpong_ping.vcxproj", "{FD1AB43C-FECA-1BAD-6982-E5E34B858DCE}"
	ProjectSection(ProjectDependencies) = postProject
		{CA5F67C4-FECA-1BAD-6982-E5E34B858DCE} = {CA5F67C4-FECA-1BAD-6982-E5E34B858DCE}
	EndProjectSection
EndProject
Project("{8BC9CEB8-8B4A-11D0-8D11-00A0C91BC942}") = "sacpp_pingpong_pong", "dcps\PingPong\cpp\standalone\sacpp_pingpong_pong.vcxproj", "{FD1AB23C-FECA-1BAD-6982-E5E34B858DCE}"
	ProjectSection(ProjectDependencies) = postProject
		{CA5F67C4-FECA-1BAD-6982-E5E34B858DCE} = {CA5F67C4-FECA-1BAD-6982-E5E34B858DCE}
	EndProjectSection
EndProject
Project("{8BC9CEB8-8B4A-11D0-8D11-00A0C91BC942}") = "sacpp_pingpong_types", "dcps\PingPong\cpp\standalone\sacpp_pingpong_types.vcxproj", "{CA5F67C4-FECA-1BAD-6982-E5E34B858DCE}"
EndProject
Project("{8BC9CEB8-8B4A-11D0-8D11-00A0C91BC942}") = "sac_querycondition_pub", "dcps\QueryCondition\c\standalone\sac_querycondition_pub.vcxproj", "{1D8D21B6-FECA-1BAD-0A69-152EF626590A}"
	ProjectSection(ProjectDependencies) = postProject
		{29C7FDE7-FECA-1BAD-0A69-152EF626590A} = {29C7FDE7-FECA-1BAD-0A69-152EF626590A}
	EndProjectSection
EndProject
Project("{8BC9CEB8-8B4A-11D0-8D11-00A0C91BC942}") = "sac_querycondition_sub", "dcps\QueryCondition\c\standalone\sac_querycondition_sub.vcxproj", "{1D8D22B6-FECA-1BAD-0A69-152EF626590A}"
	ProjectSection(ProjectDependencies) = postProject
		{29C7FDE7-FECA-1BAD-0A69-152EF626590A} = {29C7FDE7-FECA-1BAD-0A69-152EF626590A}
	EndProjectSection
EndProject
Project("{8BC9CEB8-8B4A-11D0-8D11-00A0C91BC942}") = "sac_querycondition_types", "dcps\QueryCondition\c\standalone\sac_querycondition_types.vcxproj", "{29C7FDE7-FECA-1BAD-0A69-152EF626590A}"
EndProject
Project("{8BC9CEB8-8B4A-11D0-8D11-00A0C91BC942}") = "sacpp_querycondition_pub", "dcps\QueryCondition\cpp\standalone\sacpp_querycondition_pub.vcxproj", "{4D9D11B1-FECA-1BAD-0A69-152E79884C49}"
	ProjectSection(ProjectDependencies) = postProject
		{39F7FAB7-FECA-1BAD-0A69-152E79884C49} = {39F7FAB7-FECA-1BAD-0A69-152E79884C49}
	EndProjectSection
EndProject
Project("{8BC9CEB8-8B4A-11D0-8D11-00A0C91BC942}") = "sacpp_querycondition_sub", "dcps\QueryCondition\cpp\standalone\sacpp_querycondition_sub.vcxproj", "{4D9D12B1-FECA-1BAD-0A69-152E79884C49}"
	ProjectSection(ProjectDependencies) = postProject
		{39F7FAB7-FECA-1BAD-0A69-152E79884C49} = {39F7FAB7-FECA-1BAD-0A69-152E79884C49}
	EndProjectSection
EndProject
Project("{8BC9CEB8-8B4A-11D0-8D11-00A0C91BC942}") = "sacpp_querycondition_types", "dcps\QueryCondition\cpp\standalone\sacpp_querycondition_types.vcxproj", "{39F7FAB7-FECA-1BAD-0A69-152E79884C49}"
EndProject
Project("{8BC9CEB8-8B4A-11D0-8D11-00A0C91BC942}") = "ISO_Cxx_QueryCondition_Impl", "dcps\QueryCondition\isocpp\ISO_Cxx_QueryCondition_Impl.vcxproj", "{00ABC40F-FECA-1BAD-0A49-172E010D59FE}"
	ProjectSection(ProjectDependencies) = postProject
		{11513A4B-FECA-1BAD-0A49-172E010D59FE} = {11513A4B-FECA-1BAD-0A49-172E010D59FE}
	EndProjectSection
EndProject
Project("{8BC9CEB8-8B4A-11D0-8D11-00A0C91BC942}") = "ISO_Cxx_QueryCondition_Pub", "dcps\QueryCondition\isocpp\ISO_Cxx_QueryCondition_Pub.vcxproj", "{B1B5B771-FECA-1BAD-0A49-172E010D59FE}"
	ProjectSection(ProjectDependencies) = postProject
		{00ABC40F-FECA-1BAD-0A49-172E010D59FE} = {00ABC40F-FECA-1BAD-0A49-172E010D59FE}
	EndProjectSection
EndProject
Project("{8BC9CEB8-8B4A-11D0-8D11-00A0C91BC942}") = "ISO_Cxx_QueryCondition_Sub", "dcps\QueryCondition\isocpp\ISO_Cxx_QueryCondition_Sub.vcxproj", "{B1B5B471-FECA-1BAD-0A49-172E010D59FE}"
	ProjectSection(ProjectDependencies) = postProject
		{00ABC40F-FECA-1BAD-0A49-172E010D59FE} = {00ABC40F-FECA-1BAD-0A49-172E010D59FE}
	EndProjectSection
EndProject
Project("{8BC9CEB8-8B4A-11D0-8D11-00A0C91BC942}") = "ISO_Cxx_QueryCondition_Types", "dcps\QueryCondition\isocpp\ISO_Cxx_QueryCondition_Types.vcxproj", "{11513A4B-FECA-1BAD-0A49-172E010D59FE}"
EndProject
Project("{8BC9CEB8-8B4A-11D0-8D11-00A0C91BC942}") = "SA_C_RoundTrip_Impl", "dcps\RoundTrip\c\SA_C_RoundTrip_Impl.vcxproj", "{34A7C3FD-FECA-1BAD-34B6-09E2ABA58A0D}"
	ProjectSection(ProjectDependencies) = postProject
		{51914568-FECA-1BAD-34B6-09E2ABA58A0D} = {51914568-FECA-1BAD-34B6-09E2ABA58A0D}
	EndProjectSection
EndProject
Project("{8BC9CEB8-8B4A-11D0-8D11-00A0C91BC942}") = "SA_C_RoundTrip_Ping", "dcps\RoundTrip\c\SA_C_RoundTrip_Ping.vcxproj", "{34A65616-FECA-1BAD-34B6-09E2ABA58A0D}"
	ProjectSection(ProjectDependencies) = postProject
		{34A7C3FD-FECA-1BAD-34B6-09E2ABA58A0D} = {34A7C3FD-FECA-1BAD-34B6-09E2ABA58A0D}
	EndProjectSection
EndProject
Project("{8BC9CEB8-8B4A-11D0-8D11-00A0C91BC942}") = "SA_C_RoundTrip_Pong", "dcps\RoundTrip\c\SA_C_RoundTrip_Pong.vcxproj", "{34A65016-FECA-1BAD-34B6-09E2ABA58A0D}"
	ProjectSection(ProjectDependencies) = postProject
		{34A7C3FD-FECA-1BAD-34B6-09E2ABA58A0D} = {34A7C3FD-FECA-1BAD-34B6-09E2ABA58A0D}
	EndProjectSection
EndProject
Project("{8BC9CEB8-8B4A-11D0-8D11-00A0C91BC942}") = "SA_C_RoundTrip_Types", "dcps\RoundTrip\c\SA_C_RoundTrip_Types.vcxproj", "{51914568-FECA-1BAD-34B6-09E2ABA58A0D}"
EndProject
Project("{8BC9CEB8-8B4A-11D0-8D11-00A0C91BC942}") = "SA_Cxx_RoundTrip_Impl", "dcps\RoundTrip\cpp\SA_Cxx_RoundTrip_Impl.vcxproj", "{84F0DFF9-FECA-1BAD-34B6-09E2A58A0ADB}"
	ProjectSection(ProjectDependencies) = postProject
		{54E08523-FECA-1BAD-34B6-09E2A58A0ADB} = {54E08523-FECA-1BAD-34B6-09E2A58A0ADB}
	EndProjectSection
EndProject
Project("{8BC9CEB8-8B4A-11D0-8D11-00A0C91BC942}") = "SA_Cxx_RoundTrip_Ping", "dcps\RoundTrip\cpp\SA_Cxx_RoundTrip_Ping.vcxproj", "{84F14A12-FECA-1BAD-34B6-09E2A58A0ADB}"
	ProjectSection(ProjectDependencies) = postProject
		{84F0DFF9-FECA-1BAD-34B6-09E2A58A0ADB} = {84F0DFF9-FECA-1BAD-34B6-09E2A58A0ADB}
	EndProjectSection
EndProject
Project("{8BC9CEB8-8B4A-11D0-8D11-00A0C91BC942}") = "SA_Cxx_RoundTrip_Pong", "dcps\RoundTrip\cpp\SA_Cxx_RoundTrip_Pong.vcxproj", "{84F14C12-FECA-1BAD-34B6-09E2A58A0ADB}"
	ProjectSection(ProjectDependencies) = postProject
		{84F0DFF9-FECA-1BAD-34B6-09E2A58A0ADB} = {84F0DFF9-FECA-1BAD-34B6-09E2A58A0ADB}
	EndProjectSection
EndProject
Project("{8BC9CEB8-8B4A-11D0-8D11-00A0C91BC942}") = "SA_Cxx_RoundTrip_Types", "dcps\RoundTrip\cpp\SA_Cxx_RoundTrip_Types.vcxproj", "{54E08523-FECA-1BAD-34B6-09E2A58A0ADB}"
EndProject
Project("{8BC9CEB8-8B4A-11D0-8D11-00A0C91BC942}") = "ISO_Cxx_RoundTrip_Impl", "dcps\RoundTrip\isocpp\ISO_Cxx_RoundTrip_Impl.vcxproj", "{80603FF9-FECA-1BAD-34B6-09E2A00F2E28}"
	ProjectSection(ProjectDependencies) = postProject
		{1DEE8523-FECA-1BAD-34B6-09E2A00F2E28} = {1DEE8523-FECA-1BAD-34B6-09E2A00F2E28}
	EndProjectSection
EndProject
Project("{8BC9CEB8-8B4A-11D0-8D11-00A0C91BC942}") = "ISO_Cxx_RoundTrip_Ping", "dcps\RoundTrip\isocpp\ISO_Cxx_RoundTrip_Ping.vcxproj", "{8061AA12-FECA-1BAD-34B6-09E2A00F2E28}"
	ProjectSection(ProjectDependencies) = postProject
		{80603FF9-FECA-1BAD-34B6-09E2A00F2E28} = {80603FF9-FECA-1BAD-34B6-09E2A00F2E28}
	EndProjectSection
EndProject
Project("{8BC9CEB8-8B4A-11D0-8D11-00A0C91BC942}") = "ISO_Cxx_RoundTrip_Pong", "dcps\RoundTrip\isocpp\ISO_Cxx_RoundTrip_Pong.vcxproj", "{8061AC12-FECA-1BAD-34B6-09E2A00F2E28}"
	ProjectSection(ProjectDependencies) = postProject
		{80603FF9-FECA-1BAD-34B6-09E2A00F2E28} = {80603FF9-FECA-1BAD-34B6-09E2A00F2E28}
	EndProjectSection
EndProject
Project("{8BC9CEB8-8B4A-11D0-8D11-00A0C91BC942}") = "ISO_Cxx_RoundTrip_Types", "dcps\RoundTrip\isocpp\ISO_Cxx_RoundTrip_Types.vcxproj", "{1DEE8523-FECA-1BAD-34B6-09E2A00F2E28}"
EndProject
Project("{8BC9CEB8-8B4A-11D0-8D11-00A0C91BC942}") = "SA_Cxx_Throughput_Impl", "dcps\Throughput\cpp\SA_Cxx_Throughput_Impl.vcxproj", "{C52F9B47-FECA-1BAD-F209-C252E1C80EE8}"
	ProjectSection(ProjectDependencies) = postProject
		{4914CEC7-FECA-1BAD-F209-C252E1C80EE8} = {4914CEC7-FECA-1BAD-F209-C252E1C80EE8}
	EndProjectSection
EndProject
Project("{8BC9CEB8-8B4A-11D0-8D11-00A0C91BC942}") = "SA_Cxx_Throughput_Publisher", "dcps\Throughput\cpp\SA_Cxx_Throughput_Publisher.vcxproj", "{5A37514F-FECA-1BAD-F209-C252E1C80EE8}"
	ProjectSection(ProjectDependencies) = postProject
		{C52F9B47-FECA-1BAD-F209-C252E1C80EE8} = {C52F9B47-FECA-1BAD-F209-C252E1C80EE8}
	EndProjectSection
EndProject
Project("{8BC9CEB8-8B4A-11D0-8D11-00A0C91BC942}") = "SA_Cxx_Throughput_Subscriber", "dcps\Throughput\cpp\SA_Cxx_Throughput_Subscriber.vcxproj", "{A725389F-FECA-1BAD-F209-C252E1C80EE8}"
	ProjectSection(ProjectDependencies) = postProject
		{C52F9B47-FECA-1BAD-F209-C252E1C80EE8} = {C52F9B47-FECA-1BAD-F209-C252E1C80EE8}
	EndProjectSection
EndProject
Project("{8BC9CEB8-8B4A-11D0-8D11-00A0C91BC942}") = "SA_Cxx_Throughput_Types", "dcps\Throughput\cpp\SA_Cxx_Throughput_Types.vcxproj", "{4914CEC7-FECA-1BAD-F209-C252E1C80EE8}"
EndProject
Project("{8BC9CEB8-8B4A-11D0-8D11-00A0C91BC942}") = "ISO_Cxx_Throughput_Impl", "dcps\Throughput\isocpp\ISO_Cxx_Throughput_Impl.vcxproj", "{8C219B47-FECA-1BAD-F209-C252804C1A6C}"
	ProjectSection(ProjectDependencies) = postProject
		{D9F4CEC3-FECA-1BAD-F209-C252804C1A6C} = {D9F4CEC3-FECA-1BAD-F209-C252804C1A6C}
	EndProjectSection
EndProject
Project("{8BC9CEB8-8B4A-11D0-8D11-00A0C91BC942}") = "ISO_Cxx_Throughput_Pub", "dcps\Throughput\isocpp\ISO_Cxx_Throughput_Pub.vcxproj", "{397D1285-FECA-1BAD-F209-C252804C1A6C}"
	ProjectSection(ProjectDependencies) = postProject
		{8C219B47-FECA-1BAD-F209-C252804C1A6C} = {8C219B47-FECA-1BAD-F209-C252804C1A6C}
	EndProjectSection
EndProject
Project("{8BC9CEB8-8B4A-11D0-8D11-00A0C91BC942}") = "ISO_Cxx_Throughput_Sub", "dcps\Throughput\isocpp\ISO_Cxx_Throughput_Sub.vcxproj", "{397D1185-FECA-1BAD-F209-C252804C1A6C}"
	ProjectSection(ProjectDependencies) = postProject
		{8C219B47-FECA-1BAD-F209-C252804C1A6C} = {8C219B47-FECA-1BAD-F209-C252804C1A6C}
	EndProjectSection
EndProject
Project("{8BC9CEB8-8B4A-11D0-8D11-00A0C91BC942}") = "ISO_Cxx_Throughput_Types", "dcps\Throughput\isocpp\ISO_Cxx_Throughput_Types.vcxproj", "{D9F4CEC3-FECA-1BAD-F209-C252804C1A6C}"
EndProject
Project("{8BC9CEB8-8B4A-11D0-8D11-00A0C91BC942}") = "sac_tutorial_chatter", "dcps\Tutorial\c\standalone\sac_tutorial_chatter.vcxproj", "{B77D7CFA-FECA-1BAD-4F79-B84B1EA18E69}"
	ProjectSection(ProjectDependencies) = postProject
		{01059FF2-FECA-1BAD-4F79-B84B1EA18E69} = {01059FF2-FECA-1BAD-4F79-B84B1EA18E69}
	EndProjectSection
EndProject
Project("{8BC9CEB8-8B4A-11D0-8D11-00A0C91BC942}") = "sac_tutorial_messageboard", "dcps\Tutorial\c\standalone\sac_tutorial_messageboard.vcxproj", "{E09A5039-FECA-1BAD-4F79-B84B1EA18E69}"
	ProjectSection(ProjectDependencies) = postProject
		{01059FF2-FECA-1BAD-4F79-B84B1EA18E69} = {01059FF2-FECA-1BAD-4F79-B84B1EA18E69}
	EndProjectSection
EndProject
Project("{8BC9CEB8-8B4A-11D0-8D11-00A0C91BC942}") = "sac_tutorial_types", "dcps\Tutorial\c\standalone\sac_tutorial_types.vcxproj", "{01059FF2-FECA-1BAD-4F79-B84B1EA18E69}"
EndProject
Project("{8BC9CEB8-8B4A-11D0-8D11-00A0C91BC942}") = "sac_tutorial_userload", "dcps\Tutorial\c\standalone\sac_tutorial_userload.vcxproj", "{17617EA6-FECA-1BAD-4F79-B84B1EA18E69}"
	ProjectSection(ProjectDependencies) = postProject
		{01059FF2-FECA-1BAD-4F79-B84B1EA18E69} = {01059FF2-FECA-1BAD-4F79-B84B1EA18E69}
	EndProjectSection
EndProject
Project("{8BC9CEB8-8B4A-11D0-8D11-00A0C91BC942}") = "sacpp_tutorial_chatter", "dcps\Tutorial\cpp\standalone\sacpp_tutorial_chatter.vcxproj", "{B02D6CCA-FECA-1BAD-4F79-B84BFE5F2FA1}"
	ProjectSection(ProjectDependencies) = postProject
		{3102CFE2-FECA-1BAD-4F79-B84BFE5F2FA1} = {3102CFE2-FECA-1BAD-4F79-B84BFE5F2FA1}
	EndProjectSection
EndProject
Project("{8BC9CEB8-8B4A-11D0-8D11-00A0C91BC942}") = "sacpp_tutorial_messageboard", "dcps\Tutorial\cpp\standalone\sacpp_tutorial_messageboard.vcxproj", "{E39A2538-FECA-1BAD-4F79-B84BFE5F2FA1}"
	ProjectSection(ProjectDependencies) = postProject
		{3102CFE2-FECA-1BAD-4F79-B84BFE5F2FA1} = {3102CFE2-FECA-1BAD-4F79-B84BFE5F2FA1}
	EndProjectSection
EndProject
Project("{8BC9CEB8-8B4A-11D0-8D11-00A0C91BC942}") = "sacpp_tutorial_types", "dcps\Tutorial\cpp\standalone\sacpp_tutorial_types.vcxproj", "{3102CFE2-FECA-1BAD-4F79-B84BFE5F2FA1}"
EndProject
Project("{8BC9CEB8-8B4A-11D0-8D11-00A0C91BC942}") = "sacpp_tutorial_userload", "dcps\Tutorial\cpp\standalone\sacpp_tutorial_userload.vcxproj", "{62607DA6-FECA-1BAD-4F79-B84BFE5F2FA1}"
	ProjectSection(ProjectDependencies) = postProject
		{3102CFE2-FECA-1BAD-4F79-B84BFE5F2FA1} = {3102CFE2-FECA-1BAD-4F79-B84BFE5F2FA1}
	EndProjectSection
EndProject
Project("{8BC9CEB8-8B4A-11D0-8D11-00A0C91BC942}") = "ISO_Cxx_Tutorial_Chatter", "dcps\Tutorial\isocpp\ISO_Cxx_Tutorial_Chatter.vcxproj", "{50D1644C-FECA-1BAD-4F7B-B84B86DA3A16}"
	ProjectSection(ProjectDependencies) = postProject
		{1AC0F495-FECA-1BAD-4F7B-B84B86DA3A16} = {1AC0F495-FECA-1BAD-4F7B-B84B86DA3A16}
	EndProjectSection
EndProject
Project("{8BC9CEB8-8B4A-11D0-8D11-00A0C91BC942}") = "ISO_Cxx_Tutorial_Impl", "dcps\Tutorial\isocpp\ISO_Cxx_Tutorial_Impl.vcxproj", "{1AC0F495-FECA-1BAD-4F7B-B84B86DA3A16}"
	ProjectSection(ProjectDependencies) = postProject
		{B7E233EA-FECA-1BAD-4F7B-B84B86DA3A16} = {B7E233EA-FECA-1BAD-4F7B-B84B86DA3A16}
	EndProjectSection
EndProject
Project("{8BC9CEB8-8B4A-11D0-8D11-00A0C91BC942}") = "ISO_Cxx_Tutorial_MessageBoard", "dcps\Tutorial\isocpp\ISO_Cxx_Tutorial_MessageBoard.vcxproj", "{6BD42AF8-FECA-1BAD-4F7B-B84B86DA3A16}"
	ProjectSection(ProjectDependencies) = postProject
		{1AC0F495-FECA-1BAD-4F7B-B84B86DA3A16} = {1AC0F495-FECA-1BAD-4F7B-B84B86DA3A16}
	EndProjectSection
EndProject
Project("{8BC9CEB8-8B4A-11D0-8D11-00A0C91BC942}") = "ISO_Cxx_Tutorial_Types", "dcps\Tutorial\isocpp\ISO_Cxx_Tutorial_Types.vcxproj", "{B7E233EA-FECA-1BAD-4F7B-B84B86DA3A16}"
EndProject
Project("{8BC9CEB8-8B4A-11D0-8D11-00A0C91BC942}") = "ISO_Cxx_Tutorial_UserLoad", "dcps\Tutorial\isocpp\ISO_Cxx_Tutorial_UserLoad.vcxproj", "{6DA2F5C8-FECA-1BAD-4F7B-B84B86DA3A16}"
	ProjectSection(ProjectDependencies) = postProject
		{1AC0F495-FECA-1BAD-4F7B-B84B86DA3A16} = {1AC0F495-FECA-1BAD-4F7B-B84B86DA3A16}
	EndProjectSection
EndProject
Project("{8BC9CEB8-8B4A-11D0-8D11-00A0C91BC942}") = "sac_waitset_pub", "dcps\WaitSet\c\standalone\sac_waitset_pub.vcxproj", "{50E35085-FECA-1BAD-3526-FB1D835867F4}"
	ProjectSection(ProjectDependencies) = postProject
		{47B6CEAA-FECA-1BAD-3526-FB1D835867F4} = {47B6CEAA-FECA-1BAD-3526-FB1D835867F4}
	EndProjectSection
EndProject
Project("{8BC9CEB8-8B4A-11D0-8D11-00A0C91BC942}") = "sac_waitset_sub", "dcps\WaitSet\c\standalone\sac_waitset_sub.vcxproj", "{50E35385-FECA-1BAD-3526-FB1D835867F4}"
	ProjectSection(ProjectDependencies) = postProject
		{47B6CEAA-FECA-1BAD-3526-FB1D835867F4} = {47B6CEAA-FECA-1BAD-3526-FB1D835867F4}
	EndProjectSection
EndProject
Project("{8BC9CEB8-8B4A-11D0-8D11-00A0C91BC942}") = "sac_waitset_types", "dcps\WaitSet\c\standalone\sac_waitset_types.vcxproj", "{47B6CEAA-FECA-1BAD-3526-FB1D835867F4}"
EndProject
Project("{8BC9CEB8-8B4A-11D0-8D11-00A0C91BC942}") = "sacpp_waitset_pub", "dcps\WaitSet\cpp\standalone\sacpp_waitset_pub.vcxproj", "{51E050F0-FECA-1BAD-3526-FB1D07B6B23C}"
	ProjectSection(ProjectDependencies) = postProject
		{44B6BBAB-FECA-1BAD-3526-FB1D07B6B23C} = {44B6BBAB-FECA-1BAD-3526-FB1D07B6B23C}
	EndProjectSection
EndProject
Project("{8BC9CEB8-8B4A-11D0-8D11-00A0C91BC942}") = "sacpp_waitset_sub", "dcps\WaitSet\cpp\standalone\sacpp_waitset_sub.vcxproj", "{51E053F0-FECA-1BAD-3526-FB1D07B6B23C}"
	ProjectSection(ProjectDependencies) = postProject
		{44B6BBAB-FECA-1BAD-3526-FB1D07B6B23C} = {44B6BBAB-FECA-1BAD-3526-FB1D07B6B23C}
	EndProjectSection
EndProject
Project("{8BC9CEB8-8B4A-11D0-8D11-00A0C91BC942}") = "sacpp_waitset_types", "dcps\WaitSet\cpp\standalone\sacpp_waitset_types.vcxproj", "{44B6BBAB-FECA-1BAD-3526-FB1D07B6B23C}"
EndProject
Project("{8BC9CEB8-8B4A-11D0-8D11-00A0C91BC942}") = "ISO_Cxx_WaitSet_Impl", "dcps\WaitSet\isocpp\ISO_Cxx_WaitSet_Impl.vcxproj", "{0D717CEF-FECA-1BAD-1526-DB1D7F33A78B}"
	ProjectSection(ProjectDependencies) = postProject
		{CCFAB44B-FECA-1BAD-1526-DB1D7F33A78B} = {CCFAB44B-FECA-1BAD-1526-DB1D7F33A78B}
	EndProjectSection
EndProject
Project("{8BC9CEB8-8B4A-11D0-8D11-00A0C91BC942}") = "ISO_Cxx_WaitSet_Pub", "dcps\WaitSet\isocpp\ISO_Cxx_WaitSet_Pub.vcxproj", "{B1681CFF-FECA-1BAD-1526-DB1D7F33A78B}"
	ProjectSection(ProjectDependencies) = postProject
		{0D717CEF-FECA-1BAD-1526-DB1D7F33A78B} = {0D717CEF-FECA-1BAD-1526-DB1D7F33A78B}
	EndProjectSection
EndProject
Project("{8BC9CEB8-8B4A-11D0-8D11-00A0C91BC942}") = "ISO_Cxx_WaitSet_Sub", "dcps\WaitSet\isocpp\ISO_Cxx_WaitSet_Sub.vcxproj", "{B1681FFF-FECA-1BAD-1526-DB1D7F33A78B}"
	ProjectSection(ProjectDependencies) = postProject
		{0D717CEF-FECA-1BAD-1526-DB1D7F33A78B} = {0D717CEF-FECA-1BAD-1526-DB1D7F33A78B}
	EndProjectSection
EndProject
Project("{8BC9CEB8-8B4A-11D0-8D11-00A0C91BC942}") = "ISO_Cxx_WaitSet_Types", "dcps\WaitSet\isocpp\ISO_Cxx_WaitSet_Types.vcxproj", "{CCFAB44B-FECA-1BAD-1526-DB1D7F33A78B}"
EndProject
Project("{8BC9CEB8-8B4A-11D0-8D11-00A0C91BC942}") = "log4c", "utilities\logging\log4c.vcxproj", "{10DEC2EA-FECA-1BAD-9421-8A095B33F164}"
EndProject
Project("{8BC9CEB8-8B4A-11D0-8D11-00A0C91BC942}") = "log4cplugin_exe", "utilities\logging\log4cplugin\log4cplugin_exe.vcxproj", "{4BDBE047-FECA-1BAD-5B68-AE08D50DF059}"
	ProjectSection(ProjectDependencies) = postProject
		{4BDBE850-FECA-1BAD-5B68-AE08D50DF059} = {4BDBE850-FECA-1BAD-5B68-AE08D50DF059}
	EndProjectSection
EndProject
Project("{8BC9CEB8-8B4A-11D0-8D11-00A0C91BC942}") = "log4cplugin_lib", "utilities\logging\log4cplugin\log4cplugin_lib.vcxproj", "{4BDBE850-FECA-1BAD-5B68-AE08D50DF059}"
	ProjectSection(ProjectDependencies) = postProject
		{10DEC2EA-FECA-1BAD-9421-8A095B33F164} = {10DEC2EA-FECA-1BAD-9421-8A095B33F164}
	EndProjectSection
EndProject
Global
	GlobalSection(SolutionConfigurationPlatforms) = preSolution
		Release|x64 = Release|x64
	EndGlobalSection
	GlobalSection(ProjectConfigurationPlatforms) = postSolution
		{40355D46-FECA-1BAD-50F3-732EA59814D3}.Release|x64.ActiveCfg = Release|x64
		{40355D46-FECA-1BAD-50F3-732EA59814D3}.Release|x64.Build.0 = Release|x64
		{35345E46-FECA-1BAD-50F3-732EC7C5951A}.Release|x64.ActiveCfg = Release|x64
		{35345E46-FECA-1BAD-50F3-732EC7C5951A}.Release|x64.Build.0 = Release|x64
		{B4BFC1B7-FECA-1BAD-50F3-710EBF4080AD}.Release|x64.ActiveCfg = Release|x64
		{B4BFC1B7-FECA-1BAD-50F3-710EBF4080AD}.Release|x64.Build.0 = Release|x64
		{3AF4F42A-FECA-1BAD-50F3-710EBF4080AD}.Release|x64.ActiveCfg = Release|x64
		{3AF4F42A-FECA-1BAD-50F3-710EBF4080AD}.Release|x64.Build.0 = Release|x64
		{34F5FC80-FECA-1BAD-2441-F07721138199}.Release|x64.ActiveCfg = Release|x64
		{34F5FC80-FECA-1BAD-2441-F07721138199}.Release|x64.Build.0 = Release|x64
		{34F5FF80-FECA-1BAD-2441-F07721138199}.Release|x64.ActiveCfg = Release|x64
		{34F5FF80-FECA-1BAD-2441-F07721138199}.Release|x64.Build.0 = Release|x64
		{511ACBCE-FECA-1BAD-2441-F07721138199}.Release|x64.ActiveCfg = Release|x64
		{511ACBCE-FECA-1BAD-2441-F07721138199}.Release|x64.Build.0 = Release|x64
		{33A5ECB0-FECA-1BAD-2441-F0774C50DF9E}.Release|x64.ActiveCfg = Release|x64
		{33A5ECB0-FECA-1BAD-2441-F0774C50DF9E}.Release|x64.Build.0 = Release|x64
		{33A5EFB0-FECA-1BAD-2441-F0774C50DF9E}.Release|x64.ActiveCfg = Release|x64
		{33A5EFB0-FECA-1BAD-2441-F0774C50DF9E}.Release|x64.Build.0 = Release|x64
		{010AFBC9-FECA-1BAD-2441-F0774C50DF9E}.Release|x64.ActiveCfg = Release|x64
		{010AFBC9-FECA-1BAD-2441-F0774C50DF9E}.Release|x64.Build.0 = Release|x64
		{8569FD16-FECA-1BAD-7681-28D334D5CA29}.Release|x64.ActiveCfg = Release|x64
		{8569FD16-FECA-1BAD-7681-28D334D5CA29}.Release|x64.Build.0 = Release|x64
		{29E994E0-FECA-1BAD-7681-28D334D5CA29}.Release|x64.ActiveCfg = Release|x64
		{29E994E0-FECA-1BAD-7681-28D334D5CA29}.Release|x64.Build.0 = Release|x64
		{29E997E0-FECA-1BAD-7681-28D334D5CA29}.Release|x64.ActiveCfg = Release|x64
		{29E997E0-FECA-1BAD-7681-28D334D5CA29}.Release|x64.Build.0 = Release|x64
		{4D72ABD3-FECA-1BAD-7681-28D334D5CA29}.Release|x64.ActiveCfg = Release|x64
		{4D72ABD3-FECA-1BAD-7681-28D334D5CA29}.Release|x64.Build.0 = Release|x64
		{D7BA91E3-FECA-1BAD-A809-CD2CE4A7EFAC}.Release|x64.ActiveCfg = Release|x64
		{D7BA91E3-FECA-1BAD-A809-CD2CE4A7EFAC}.Release|x64.Build.0 = Release|x64
		{D7BA92E3-FECA-1BAD-A809-CD2CE4A7EFAC}.Release|x64.ActiveCfg = Release|x64
		{D7BA92E3-FECA-1BAD-A809-CD2CE4A7EFAC}.Release|x64.Build.0 = Release|x64
		{1E77A82D-FECA-1BAD-A809-CD2CE4A7EFAC}.Release|x64.ActiveCfg = Release|x64
		{1E77A82D-FECA-1BAD-A809-CD2CE4A7EFAC}.Release|x64.Build.0 = Release|x64
		{E7BDC1F3-FECA-1BAD-A809-CD2CF83EEA5B}.Release|x64.ActiveCfg = Release|x64
		{E7BDC1F3-FECA-1BAD-A809-CD2CF83EEA5B}.Release|x64.Build.0 = Release|x64
		{E7BDC2F3-FECA-1BAD-A809-CD2CF83EEA5B}.Release|x64.ActiveCfg = Release|x64
		{E7BDC2F3-FECA-1BAD-A809-CD2CF83EEA5B}.Release|x64.Build.0 = Release|x64
		{1927B81D-FECA-1BAD-A809-CD2CF83EEA5B}.Release|x64.ActiveCfg = Release|x64
		{1927B81D-FECA-1BAD-A809-CD2CF83EEA5B}.Release|x64.Build.0 = Release|x64
		{0C216CA2-FECA-1BAD-AA09-CD2C80BBFFEC}.Release|x64.ActiveCfg = Release|x64
		{0C216CA2-FECA-1BAD-AA09-CD2C80BBFFEC}.Release|x64.Build.0 = Release|x64
		{617D1DFB-FECA-1BAD-AA09-CD2C80BBFFEC}.Release|x64.ActiveCfg = Release|x64
		{617D1DFB-FECA-1BAD-AA09-CD2C80BBFFEC}.Release|x64.Build.0 = Release|x64
		{617D1EFB-FECA-1BAD-AA09-CD2C80BBFFEC}.Release|x64.ActiveCfg = Release|x64
		{617D1EFB-FECA-1BAD-AA09-CD2C80BBFFEC}.Release|x64.Build.0 = Release|x64
		{D9FBB09B-FECA-1BAD-AA09-CD2C80BBFFEC}.Release|x64.ActiveCfg = Release|x64
		{D9FBB09B-FECA-1BAD-AA09-CD2C80BBFFEC}.Release|x64.Build.0 = Release|x64
		{FDF67C2D-FECA-1BAD-8245-20E24069314E}.Release|x64.ActiveCfg = Release|x64
		{FDF67C2D-FECA-1BAD-8245-20E24069314E}.Release|x64.Build.0 = Release|x64
		{FDF67F2D-FECA-1BAD-8245-20E24069314E}.Release|x64.ActiveCfg = Release|x64
		{FDF67F2D-FECA-1BAD-8245-20E24069314E}.Release|x64.Build.0 = Release|x64
		{529A6607-FECA-1BAD-8245-20E24069314E}.Release|x64.ActiveCfg = Release|x64
		{529A6607-FECA-1BAD-8245-20E24069314E}.Release|x64.Build.0 = Release|x64
		{CDF12C3D-FECA-1BAD-8245-20E236E008FF}.Release|x64.ActiveCfg = Release|x64
		{CDF12C3D-FECA-1BAD-8245-20E236E008FF}.Release|x64.Build.0 = Release|x64
		{CDF12F3D-FECA-1BAD-8245-20E236E008FF}.Release|x64.ActiveCfg = Release|x64
		{CDF12F3D-FECA-1BAD-8245-20E236E008FF}.Release|x64.Build.0 = Release|x64
		{55CA7637-FECA-1BAD-8245-20E236E008FF}.Release|x64.ActiveCfg = Release|x64
		{55CA7637-FECA-1BAD-8245-20E236E008FF}.Release|x64.Build.0 = Release|x64
		{A8EFB240-FECA-1BAD-8045-20C24E651D48}.Release|x64.ActiveCfg = Release|x64
		{A8EFB240-FECA-1BAD-8045-20C24E651D48}.Release|x64.Build.0 = Release|x64
		{4B31F015-FECA-1BAD-8045-20C24E651D48}.Release|x64.ActiveCfg = Release|x64
		{4B31F015-FECA-1BAD-8045-20C24E651D48}.Release|x64.Build.0 = Release|x64
		{4B31F315-FECA-1BAD-8045-20C24E651D48}.Release|x64.ActiveCfg = Release|x64
		{4B31F315-FECA-1BAD-8045-20C24E651D48}.Release|x64.Build.0 = Release|x64
		{95165EB1-FECA-1BAD-8045-20C24E651D48}.Release|x64.ActiveCfg = Release|x64
		{95165EB1-FECA-1BAD-8045-20C24E651D48}.Release|x64.Build.0 = Release|x64
		{938E21BA-FECA-1BAD-F5CD-7A5735306021}.Release|x64.ActiveCfg = Release|x64
		{938E21BA-FECA-1BAD-F5CD-7A5735306021}.Release|x64.Build.0 = Release|x64
		{938E22BA-FECA-1BAD-F5CD-7A5735306021}.Release|x64.ActiveCfg = Release|x64
		{938E22BA-FECA-1BAD-F5CD-7A5735306021}.Release|x64.Build.0 = Release|x64
		{2AC7F169-FECA-1BAD-F5CD-7A5735306021}.Release|x64.ActiveCfg = Release|x64
		{2AC7F169-FECA-1BAD-F5CD-7A5735306021}.Release|x64.Build.0 = Release|x64
		{908E54BB-FECA-1BAD-F5CD-7A576FB1678A}.Release|x64.ActiveCfg = Release|x64
		{908E54BB-FECA-1BAD-F5CD-7A576FB1678A}.Release|x64.Build.0 = Release|x64
		{908E57BB-FECA-1BAD-F5CD-7A576FB1678A}.Release|x64.ActiveCfg = Release|x64
		{908E57BB-FECA-1BAD-F5CD-7A576FB1678A}.Release|x64.Build.0 = Release|x64
		{2AB2F06A-FECA-1BAD-F5CD-7A576FB1678A}.Release|x64.ActiveCfg = Release|x64
		{2AB2F06A-FECA-1BAD-F5CD-7A576FB1678A}.Release|x64.Build.0 = Release|x64
		{95D704A5-FECA-1BAD-F5ED-7A571734723D}.Release|x64.ActiveCfg = Release|x64
		{95D704A5-FECA-1BAD-F5ED-7A571734723D}.Release|x64.Build.0 = Release|x64
		{18E27B7B-FECA-1BAD-F5ED-7A571734723D}.Release|x64.ActiveCfg = Release|x64
		{18E27B7B-FECA-1BAD-F5ED-7A571734723D}.Release|x64.Build.0 = Release|x64
		{18E2787B-FECA-1BAD-F5ED-7A571734723D}.Release|x64.ActiveCfg = Release|x64
		{18E2787B-FECA-1BAD-F5ED-7A571734723D}.Release|x64.Build.0 = Release|x64
		{469D30E2-FECA-1BAD-F5ED-7A571734723D}.Release|x64.ActiveCfg = Release|x64
		{469D30E2-FECA-1BAD-F5ED-7A571734723D}.Release|x64.Build.0 = Release|x64
		{7FFA7FBE-FECA-1BAD-3826-24216B5848CE}.Release|x64.ActiveCfg = Release|x64
		{7FFA7FBE-FECA-1BAD-3826-24216B5848CE}.Release|x64.Build.0 = Release|x64
		{7FFA7CBE-FECA-1BAD-3826-24216B5848CE}.Release|x64.ActiveCfg = Release|x64
		{7FFA7CBE-FECA-1BAD-3826-24216B5848CE}.Release|x64.Build.0 = Release|x64
		{5E99F585-FECA-1BAD-3826-24216B5848CE}.Release|x64.ActiveCfg = Release|x64
		{5E99F585-FECA-1BAD-3826-24216B5848CE}.Release|x64.Build.0 = Release|x64
		{6FCA78EE-FECA-1BAD-3826-2421079988D4}.Release|x64.ActiveCfg = Release|x64
		{6FCA78EE-FECA-1BAD-3826-2421079988D4}.Release|x64.Build.0 = Release|x64
		{6FCA7BEE-FECA-1BAD-3826-2421079988D4}.Release|x64.ActiveCfg = Release|x64
		{6FCA7BEE-FECA-1BAD-3826-2421079988D4}.Release|x64.Build.0 = Release|x64
		{6E9EA595-FECA-1BAD-3826-2421079988D4}.Release|x64.ActiveCfg = Release|x64
		{6E9EA595-FECA-1BAD-3826-2421079988D4}.Release|x64.Build.0 = Release|x64
		{6F393232-FECA-1BAD-3824-24217F1C9D63}.Release|x64.ActiveCfg = Release|x64
		{6F393232-FECA-1BAD-3824-24217F1C9D63}.Release|x64.Build.0 = Release|x64
		{674C9812-FECA-1BAD-3824-24217F1C9D63}.Release|x64.ActiveCfg = Release|x64
		{674C9812-FECA-1BAD-3824-24217F1C9D63}.Release|x64.Build.0 = Release|x64
		{674C9B12-FECA-1BAD-3824-24217F1C9D63}.Release|x64.ActiveCfg = Release|x64
		{674C9B12-FECA-1BAD-3824-24217F1C9D63}.Release|x64.Build.0 = Release|x64
		{E87E599D-FECA-1BAD-3824-24217F1C9D63}.Release|x64.ActiveCfg = Release|x64
		{E87E599D-FECA-1BAD-3824-24217F1C9D63}.Release|x64.Build.0 = Release|x64
		{81DCA483-FECA-1BAD-B59F-FB9947AD83AF}.Release|x64.ActiveCfg = Release|x64
		{81DCA483-FECA-1BAD-B59F-FB9947AD83AF}.Release|x64.Build.0 = Release|x64
		{67093A24-FECA-1BAD-B59F-FB9947AD83AF}.Release|x64.ActiveCfg = Release|x64
		{67093A24-FECA-1BAD-B59F-FB9947AD83AF}.Release|x64.Build.0 = Release|x64
		{78333E2A-FECA-1BAD-B59F-FB9947AD83AF}.Release|x64.ActiveCfg = Release|x64
		{78333E2A-FECA-1BAD-B59F-FB9947AD83AF}.Release|x64.Build.0 = Release|x64
		{38C9C9AB-FECA-1BAD-5E8A-9246814EE13B}.Release|x64.ActiveCfg = Release|x64
		{38C9C9AB-FECA-1BAD-5E8A-9246814EE13B}.Release|x64.Build.0 = Release|x64
		{38C9CAAB-FECA-1BAD-5E8A-9246814EE13B}.Release|x64.ActiveCfg = Release|x64
		{38C9CAAB-FECA-1BAD-5E8A-9246814EE13B}.Release|x64.Build.0 = Release|x64
		{6D2FE0C2-FECA-1BAD-5E8A-9246814EE13B}.Release|x64.ActiveCfg = Release|x64
		{6D2FE0C2-FECA-1BAD-5E8A-9246814EE13B}.Release|x64.Build.0 = Release|x64
		{3BC9BCAA-FECA-1BAD-5E8A-924611307D3E}.Release|x64.ActiveCfg = Release|x64
		{3BC9BCAA-FECA-1BAD-5E8A-924611307D3E}.Release|x64.Build.0 = Release|x64
		{3BC9BFAA-FECA-1BAD-5E8A-924611307D3E}.Release|x64.ActiveCfg = Release|x64
		{3BC9BFAA-FECA-1BAD-5E8A-924611307D3E}.Release|x64.Build.0 = Release|x64
		{6D5AE1C1-FECA-1BAD-5E8A-924611307D3E}.Release|x64.ActiveCfg = Release|x64
		{6D5AE1C1-FECA-1BAD-5E8A-924611307D3E}.Release|x64.Build.0 = Release|x64
		{21A985BF-FECA-1BAD-5EAA-924669B56889}.Release|x64.ActiveCfg = Release|x64
		{21A985BF-FECA-1BAD-5EAA-924669B56889}.Release|x64.Build.0 = Release|x64
		{B3A5936A-FECA-1BAD-5EAA-924669B56889}.Release|x64.ActiveCfg = Release|x64
		{B3A5936A-FECA-1BAD-5EAA-924669B56889}.Release|x64.Build.0 = Release|x64
		{B3A5906A-FECA-1BAD-5EAA-924669B56889}.Release|x64.ActiveCfg = Release|x64
		{B3A5906A-FECA-1BAD-5EAA-924669B56889}.Release|x64.Build.0 = Release|x64
		{01752149-FECA-1BAD-5EAA-924669B56889}.Release|x64.ActiveCfg = Release|x64
		{01752149-FECA-1BAD-5EAA-924669B56889}.Release|x64.Build.0 = Release|x64
		{FE1AC13D-FECA-1BAD-6982-E5E3711454CB}.Release|x64.ActiveCfg = Release|x64
		{FE1AC13D-FECA-1BAD-6982-E5E3711454CB}.Release|x64.Build.0 = Release|x64
		{FE1AC73D-FECA-1BAD-6982-E5E3711454CB}.Release|x64.ActiveCfg = Release|x64
		{FE1AC73D-FECA-1BAD-6982-E5E3711454CB}.Release|x64.Build.0 = Release|x64
		{FA5837D4-FECA-1BAD-6982-E5E3711454CB}.Release|x64.ActiveCfg = Release|x64
		{FA5837D4-FECA-1BAD-6982-E5E3711454CB}.Release|x64.Build.0 = Release|x64
		{FD1AB43C-FECA-1BAD-6982-E5E34B858DCE}.Release|x64.ActiveCfg = Release|x64
		{FD1AB43C-FECA-1BAD-6982-E5E34B858DCE}.Release|x64.Build.0 = Release|x64
		{FD1AB23C-FECA-1BAD-6982-E5E34B858DCE}.Release|x64.ActiveCfg = Release|x64
		{FD1AB23C-FECA-1BAD-6982-E5E34B858DCE}.Release|x64.Build.0 = Release|x64
		{CA5F67C4-FECA-1BAD-6982-E5E34B858DCE}.Release|x64.ActiveCfg = Release|x64
		{CA5F67C4-FECA-1BAD-6982-E5E34B858DCE}.Release|x64.Build.0 = Release|x64
		{1D8D21B6-FECA-1BAD-0A69-152EF626590A}.Release|x64.ActiveCfg = Release|x64
		{1D8D21B6-FECA-1BAD-0A69-152EF626590A}.Release|x64.Build.0 = Release|x64
		{1D8D22B6-FECA-1BAD-0A69-152EF626590A}.Release|x64.ActiveCfg = Release|x64
		{1D8D22B6-FECA-1BAD-0A69-152EF626590A}.Release|x64.Build.0 = Release|x64
		{29C7FDE7-FECA-1BAD-0A69-152EF626590A}.Release|x64.ActiveCfg = Release|x64
		{29C7FDE7-FECA-1BAD-0A69-152EF626590A}.Release|x64.Build.0 = Release|x64
		{4D9D11B1-FECA-1BAD-0A69-152E79884C49}.Release|x64.ActiveCfg = Release|x64
		{4D9D11B1-FECA-1BAD-0A69-152E79884C49}.Release|x64.Build.0 = Release|x64
		{4D9D12B1-FECA-1BAD-0A69-152E79884C49}.Release|x64.ActiveCfg = Release|x64
		{4D9D12B1-FECA-1BAD-0A69-152E79884C49}.Release|x64.Build.0 = Release|x64
		{39F7FAB7-FECA-1BAD-0A69-152E79884C49}.Release|x64.ActiveCfg = Release|x64
		{39F7FAB7-FECA-1BAD-0A69-152E79884C49}.Release|x64.Build.0 = Release|x64
		{00ABC40F-FECA-1BAD-0A49-172E010D59FE}.Release|x64.ActiveCfg = Release|x64
		{00ABC40F-FECA-1BAD-0A49-172E010D59FE}.Release|x64.Build.0 = Release|x64
		{B1B5B771-FECA-1BAD-0A49-172E010D59FE}.Release|x64.ActiveCfg = Release|x64
		{B1B5B771-FECA-1BAD-0A49-172E010D59FE}.Release|x64.Build.0 = Release|x64
		{B1B5B471-FECA-1BAD-0A49-172E010D59FE}.Release|x64.ActiveCfg = Release|x64
		{B1B5B471-FECA-1BAD-0A49-172E010D59FE}.Release|x64.Build.0 = Release|x64
		{11513A4B-FECA-1BAD-0A49-172E010D59FE}.Release|x64.ActiveCfg = Release|x64
		{11513A4B-FECA-1BAD-0A49-172E010D59FE}.Release|x64.Build.0 = Release|x64
		{34A7C3FD-FECA-1BAD-34B6-09E2ABA58A0D}.Release|x64.ActiveCfg = Release|x64
		{34A7C3FD-FECA-1BAD-34B6-09E2ABA58A0D}.Release|x64.Build.0 = Release|x64
		{34A65616-FECA-1BAD-34B6-09E2ABA58A0D}.Release|x64.ActiveCfg = Release|x64
		{34A65616-FECA-1BAD-34B6-09E2ABA58A0D}.Release|x64.Build.0 = Release|x64
		{34A65016-FECA-1BAD-34B6-09E2ABA58A0D}.Release|x64.ActiveCfg = Release|x64
		{34A65016-FECA-1BAD-34B6-09E2ABA58A0D}.Release|x64.Build.0 = Release|x64
		{51914568-FECA-1BAD-34B6-09E2ABA58A0D}.Release|x64.ActiveCfg = Release|x64
		{51914568-FECA-1BAD-34B6-09E2ABA58A0D}.Release|x64.Build.0 = Release|x64
		{84F0DFF9-FECA-1BAD-34B6-09E2A58A0ADB}.Release|x64.ActiveCfg = Release|x64
		{84F0DFF9-FECA-1BAD-34B6-09E2A58A0ADB}.Release|x64.Build.0 = Release|x64
		{84F14A12-FECA-1BAD-34B6-09E2A58A0ADB}.Release|x64.ActiveCfg = Release|x64
		{84F14A12-FECA-1BAD-34B6-09E2A58A0ADB}.Release|x64.Build.0 = Release|x64
		{84F14C12-FECA-1BAD-34B6-09E2A58A0ADB}.Release|x64.ActiveCfg = Release|x64
		{84F14C12-FECA-1BAD-34B6-09E2A58A0ADB}.Release|x64.Build.0 = Release|x64
		{54E08523-FECA-1BAD-34B6-09E2A58A0ADB}.Release|x64.ActiveCfg = Release|x64
		{54E08523-FECA-1BAD-34B6-09E2A58A0ADB}.Release|x64.Build.0 = Release|x64
		{80603FF9-FECA-1BAD-34B6-09E2A00F2E28}.Release|x64.ActiveCfg = Release|x64
		{80603FF9-FECA-1BAD-34B6-09E2A00F2E28}.Release|x64.Build.0 = Release|x64
		{8061AA12-FECA-1BAD-34B6-09E2A00F2E28}.Release|x64.ActiveCfg = Release|x64
		{8061AA12-FECA-1BAD-34B6-09E2A00F2E28}.Release|x64.Build.0 = Release|x64
		{8061AC12-FECA-1BAD-34B6-09E2A00F2E28}.Release|x64.ActiveCfg = Release|x64
		{8061AC12-FECA-1BAD-34B6-09E2A00F2E28}.Release|x64.Build.0 = Release|x64
		{1DEE8523-FECA-1BAD-34B6-09E2A00F2E28}.Release|x64.ActiveCfg = Release|x64
		{1DEE8523-FECA-1BAD-34B6-09E2A00F2E28}.Release|x64.Build.0 = Release|x64
		{C52F9B47-FECA-1BAD-F209-C252E1C80EE8}.Release|x64.ActiveCfg = Release|x64
		{C52F9B47-FECA-1BAD-F209-C252E1C80EE8}.Release|x64.Build.0 = Release|x64
		{5A37514F-FECA-1BAD-F209-C252E1C80EE8}.Release|x64.ActiveCfg = Release|x64
		{5A37514F-FECA-1BAD-F209-C252E1C80EE8}.Release|x64.Build.0 = Release|x64
		{A725389F-FECA-1BAD-F209-C252E1C80EE8}.Release|x64.ActiveCfg = Release|x64
		{A725389F-FECA-1BAD-F209-C252E1C80EE8}.Release|x64.Build.0 = Release|x64
		{4914CEC7-FECA-1BAD-F209-C252E1C80EE8}.Release|x64.ActiveCfg = Release|x64
		{4914CEC7-FECA-1BAD-F209-C252E1C80EE8}.Release|x64.Build.0 = Release|x64
		{8C219B47-FECA-1BAD-F209-C252804C1A6C}.Release|x64.ActiveCfg = Release|x64
		{8C219B47-FECA-1BAD-F209-C252804C1A6C}.Release|x64.Build.0 = Release|x64
		{397D1285-FECA-1BAD-F209-C252804C1A6C}.Release|x64.ActiveCfg = Release|x64
		{397D1285-FECA-1BAD-F209-C252804C1A6C}.Release|x64.Build.0 = Release|x64
		{397D1185-FECA-1BAD-F209-C252804C1A6C}.Release|x64.ActiveCfg = Release|x64
		{397D1185-FECA-1BAD-F209-C252804C1A6C}.Release|x64.Build.0 = Release|x64
		{D9F4CEC3-FECA-1BAD-F209-C252804C1A6C}.Release|x64.ActiveCfg = Release|x64
		{D9F4CEC3-FECA-1BAD-F209-C252804C1A6C}.Release|x64.Build.0 = Release|x64
		{B77D7CFA-FECA-1BAD-4F79-B84B1EA18E69}.Release|x64.ActiveCfg = Release|x64
		{B77D7CFA-FECA-1BAD-4F79-B84B1EA18E69}.Release|x64.Build.0 = Release|x64
		{E09A5039-FECA-1BAD-4F79-B84B1EA18E69}.Release|x64.ActiveCfg = Release|x64
		{E09A5039-FECA-1BAD-4F79-B84B1EA18E69}.Release|x64.Build.0 = Release|x64
		{01059FF2-FECA-1BAD-4F79-B84B1EA18E69}.Release|x64.ActiveCfg = Release|x64
		{01059FF2-FECA-1BAD-4F79-B84B1EA18E69}.Release|x64.Build.0 = Release|x64
		{17617EA6-FECA-1BAD-4F79-B84B1EA18E69}.Release|x64.ActiveCfg = Release|x64
		{17617EA6-FECA-1BAD-4F79-B84B1EA18E69}.Release|x64.Build.0 = Release|x64
		{B02D6CCA-FECA-1BAD-4F79-B84BFE5F2FA1}.Release|x64.ActiveCfg = Release|x64
		{B02D6CCA-FECA-1BAD-4F79-B84BFE5F2FA1}.Release|x64.Build.0 = Release|x64
		{E39A2538-FECA-1BAD-4F79-B84BFE5F2FA1}.Release|x64.ActiveCfg = Release|x64
		{E39A2538-FECA-1BAD-4F79-B84BFE5F2FA1}.Release|x64.Build.0 = Release|x64
		{3102CFE2-FECA-1BAD-4F79-B84BFE5F2FA1}.Release|x64.ActiveCfg = Release|x64
		{3102CFE2-FECA-1BAD-4F79-B84BFE5F2FA1}.Release|x64.Build.0 = Release|x64
		{62607DA6-FECA-1BAD-4F79-B84BFE5F2FA1}.Release|x64.ActiveCfg = Release|x64
		{62607DA6-FECA-1BAD-4F79-B84BFE5F2FA1}.Release|x64.Build.0 = Release|x64
		{50D1644C-FECA-1BAD-4F7B-B84B86DA3A16}.Release|x64.ActiveCfg = Release|x64
		{50D1644C-FECA-1BAD-4F7B-B84B86DA3A16}.Release|x64.Build.0 = Release|x64
		{1AC0F495-FECA-1BAD-4F7B-B84B86DA3A16}.Release|x64.ActiveCfg = Release|x64
		{1AC0F495-FECA-1BAD-4F7B-B84B86DA3A16}.Release|x64.Build.0 = Release|x64
		{6BD42AF8-FECA-1BAD-4F7B-B84B86DA3A16}.Release|x64.ActiveCfg = Release|x64
		{6BD42AF8-FECA-1BAD-4F7B-B84B86DA3A16}.Release|x64.Build.0 = Release|x64
		{B7E233EA-FECA-1BAD-4F7B-B84B86DA3A16}.Release|x64.ActiveCfg = Release|x64
		{B7E233EA-FECA-1BAD-4F7B-B84B86DA3A16}.Release|x64.Build.0 = Release|x64
		{6DA2F5C8-FECA-1BAD-4F7B-B84B86DA3A16}.Release|x64.ActiveCfg = Release|x64
		{6DA2F5C8-FECA-1BAD-4F7B-B84B86DA3A16}.Release|x64.Build.0 = Release|x64
		{50E35085-FECA-1BAD-3526-FB1D835867F4}.Release|x64.ActiveCfg = Release|x64
		{50E35085-FECA-1BAD-3526-FB1D835867F4}.Release|x64.Build.0 = Release|x64
		{50E35385-FECA-1BAD-3526-FB1D835867F4}.Release|x64.ActiveCfg = Release|x64
		{50E35385-FECA-1BAD-3526-FB1D835867F4}.Release|x64.Build.0 = Release|x64
		{47B6CEAA-FECA-1BAD-3526-FB1D835867F4}.Release|x64.ActiveCfg = Release|x64
		{47B6CEAA-FECA-1BAD-3526-FB1D835867F4}.Release|x64.Build.0 = Release|x64
		{51E050F0-FECA-1BAD-3526-FB1D07B6B23C}.Release|x64.ActiveCfg = Release|x64
		{51E050F0-FECA-1BAD-3526-FB1D07B6B23C}.Release|x64.Build.0 = Release|x64
		{51E053F0-FECA-1BAD-3526-FB1D07B6B23C}.Release|x64.ActiveCfg = Release|x64
		{51E053F0-FECA-1BAD-3526-FB1D07B6B23C}.Release|x64.Build.0 = Release|x64
		{44B6BBAB-FECA-1BAD-3526-FB1D07B6B23C}.Release|x64.ActiveCfg = Release|x64
		{44B6BBAB-FECA-1BAD-3526-FB1D07B6B23C}.Release|x64.Build.0 = Release|x64
		{0D717CEF-FECA-1BAD-1526-DB1D7F33A78B}.Release|x64.ActiveCfg = Release|x64
		{0D717CEF-FECA-1BAD-1526-DB1D7F33A78B}.Release|x64.Build.0 = Release|x64
		{B1681CFF-FECA-1BAD-1526-DB1D7F33A78B}.Release|x64.ActiveCfg = Release|x64
		{B1681CFF-FECA-1BAD-1526-DB1D7F33A78B}.Release|x64.Build.0 = Release|x64
		{B1681FFF-FECA-1BAD-1526-DB1D7F33A78B}.Release|x64.ActiveCfg = Release|x64
		{B1681FFF-FECA-1BAD-1526-DB1D7F33A78B}.Release|x64.Build.0 = Release|x64
		{CCFAB44B-FECA-1BAD-1526-DB1D7F33A78B}.Release|x64.ActiveCfg = Release|x64
		{CCFAB44B-FECA-1BAD-1526-DB1D7F33A78B}.Release|x64.Build.0 = Release|x64
		{10DEC2EA-FECA-1BAD-9421-8A095B33F164}.Release|x64.ActiveCfg = Release|x64
		{10DEC2EA-FECA-1BAD-9421-8A095B33F164}.Release|x64.Build.0 = Release|x64
		{4BDBE047-FECA-1BAD-5B68-AE08D50DF059}.Release|x64.ActiveCfg = Release|x64
		{4BDBE047-FECA-1BAD-5B68-AE08D50DF059}.Release|x64.Build.0 = Release|x64
		{4BDBE850-FECA-1BAD-5B68-AE08D50DF059}.Release|x64.ActiveCfg = Release|x64
		{4BDBE850-FECA-1BAD-5B68-AE08D50DF059}.Release|x64.Build.0 = Release|x64
	EndGlobalSection
	GlobalSection(SolutionProperties) = preSolution
		HideSolutionNode = FALSE
	EndGlobalSection
EndGlobal
