
Microsoft Visual Studio Solution File, Format Version 12.00
# Visual Studio 2012
# $Id$
#
# This file was generated by MPC.  Any changes made directly to
# this file will be lost the next time it is generated.
#
# MPC Command:
# /home/dds/OvernightTests/tmp_XEJFDMLtq7/build/bin/mwc.pl -features ospl_os_host_win=1 -features ospl_dcpssacs=1 -features ospl_os_win=1 -features ospl_64_bit=1 -value_template lib_modifier= -include /bin/MakeProjectCreator/config -include /bin/MakeProjectCreator/config/TAO -features ospl_os_ver_64=1 -features x86_64_win64=1 -features ospl_arch_x86_64=1 -value_template configurations=Release -type vc12 HDE/x86_64.win64/examples/CSharp.mwc
Project("{FAE04EC0-301F-11D3-BF4B-00C04F79EFBC}") = "sacs_builtintopics_sub", "dcps\BuiltInTopics\cs\standalone\sacs_builtintopics_sub.csproj", "{DD3E4722-FECA-1BAD-50F3-732EA3D9E08A}"
	ProjectSection(ProjectDependencies) = postProject
		{6EBA2DCD-FECA-1BAD-9576-E586FE5745B1} = {6EBA2DCD-FECA-1BAD-9576-E586FE5745B1}
	EndProjectSection
EndProject
Project("{FAE04EC0-301F-11D3-BF4B-00C04F79EFBC}") = "sacs_contentfilteredtopic_pub", "dcps\ContentFilteredTopic\cs\standalone\sacs_contentfilteredtopic_pub.csproj", "{BA074C0E-FECA-1BAD-2441-F077EB60B422}"
	ProjectSection(ProjectDependencies) = postProject
		{6EBA2DCD-FECA-1BAD-9576-E586FE5745B1} = {6EBA2DCD-FECA-1BAD-9576-E586FE5745B1}
	EndProjectSection
EndProject
Project("{FAE04EC0-301F-11D3-BF4B-00C04F79EFBC}") = "sacs_contentfilteredtopic_sub", "dcps\ContentFilteredTopic\cs\standalone\sacs_contentfilteredtopic_sub.csproj", "{BA074C3E-FECA-1BAD-2441-F077EB60B422}"
	ProjectSection(ProjectDependencies) = postProject
		{6EBA2DCD-FECA-1BAD-9576-E586FE5745B1} = {6EBA2DCD-FECA-1BAD-9576-E586FE5745B1}
	EndProjectSection
EndProject
Project("{FAE04EC0-301F-11D3-BF4B-00C04F79EFBC}") = "ddsapihelper", "dcps\DDSAPIHelper\cs\standalone\ddsapihelper.csproj", "{6EBA2DCD-FECA-1BAD-9576-E586FE5745B1}"
EndProject
Project("{FAE04EC0-301F-11D3-BF4B-00C04F79EFBC}") = "sacs_durability_pub", "dcps\Durability\cs\standalone\sacs_durability_pub.csproj", "{B4349FCA-FECA-1BAD-A809-CD2CB026577E}"
	ProjectSection(ProjectDependencies) = postProject
		{6EBA2DCD-FECA-1BAD-9576-E586FE5745B1} = {6EBA2DCD-FECA-1BAD-9576-E586FE5745B1}
	EndProjectSection
EndProject
Project("{FAE04EC0-301F-11D3-BF4B-00C04F79EFBC}") = "sacs_durability_sub", "dcps\Durability\cs\standalone\sacs_durability_sub.csproj", "{B4349FFA-FECA-1BAD-A809-CD2CB026577E}"
	ProjectSection(ProjectDependencies) = postProject
		{6EBA2DCD-FECA-1BAD-9576-E586FE5745B1} = {6EBA2DCD-FECA-1BAD-9576-E586FE5745B1}
	EndProjectSection
EndProject
Project("{FAE04EC0-301F-11D3-BF4B-00C04F79EFBC}") = "sacs_helloworld_pub", "dcps\HelloWorld\cs\standalone\sacs_helloworld_pub.csproj", "{56905116-FECA-1BAD-8245-20E2FCCBB954}"
	ProjectSection(ProjectDependencies) = postProject
		{6EBA2DCD-FECA-1BAD-9576-E586FE5745B1} = {6EBA2DCD-FECA-1BAD-9576-E586FE5745B1}
	EndProjectSection
EndProject
Project("{FAE04EC0-301F-11D3-BF4B-00C04F79EFBC}") = "sacs_helloworld_sub", "dcps\HelloWorld\cs\standalone\sacs_helloworld_sub.csproj", "{56905126-FECA-1BAD-8245-20E2FCCBB954}"
	ProjectSection(ProjectDependencies) = postProject
		{6EBA2DCD-FECA-1BAD-9576-E586FE5745B1} = {6EBA2DCD-FECA-1BAD-9576-E586FE5745B1}
	EndProjectSection
EndProject
Project("{FAE04EC0-301F-11D3-BF4B-00C04F79EFBC}") = "sacs_lifecycle_pub", "dcps\Lifecycle\cs\standalone\sacs_lifecycle_pub.csproj", "{3377D39F-FECA-1BAD-F5CD-7A57A95EAFA3}"
	ProjectSection(ProjectDependencies) = postProject
		{6EBA2DCD-FECA-1BAD-9576-E586FE5745B1} = {6EBA2DCD-FECA-1BAD-9576-E586FE5745B1}
	EndProjectSection
EndProject
Project("{FAE04EC0-301F-11D3-BF4B-00C04F79EFBC}") = "sacs_lifecycle_sub", "dcps\Lifecycle\cs\standalone\sacs_lifecycle_sub.csproj", "{3377D3AF-FECA-1BAD-F5CD-7A57A95EAFA3}"
	ProjectSection(ProjectDependencies) = postProject
		{6EBA2DCD-FECA-1BAD-9576-E586FE5745B1} = {6EBA2DCD-FECA-1BAD-9576-E586FE5745B1}
	EndProjectSection
EndProject
Project("{FAE04EC0-301F-11D3-BF4B-00C04F79EFBC}") = "sacs_listener_pub", "dcps\Listener\cs\standalone\sacs_listener_pub.csproj", "{7C80960A-FECA-1BAD-3826-24214FDC2156}"
	ProjectSection(ProjectDependencies) = postProject
		{6EBA2DCD-FECA-1BAD-9576-E586FE5745B1} = {6EBA2DCD-FECA-1BAD-9576-E586FE5745B1}
	EndProjectSection
EndProject
Project("{FAE04EC0-301F-11D3-BF4B-00C04F79EFBC}") = "sacs_listener_sub", "dcps\Listener\cs\standalone\sacs_listener_sub.csproj", "{7C80963A-FECA-1BAD-3826-24214FDC2156}"
	ProjectSection(ProjectDependencies) = postProject
		{6EBA2DCD-FECA-1BAD-9576-E586FE5745B1} = {6EBA2DCD-FECA-1BAD-9576-E586FE5745B1}
	EndProjectSection
EndProject
Project("{FAE04EC0-301F-11D3-BF4B-00C04F79EFBC}") = "sacs_ownership_pub", "dcps\Ownership\cs\standalone\sacs_ownership_pub.csproj", "{29C3AD1E-FECA-1BAD-5E8A-9246EEB6BE08}"
	ProjectSection(ProjectDependencies) = postProject
		{6EBA2DCD-FECA-1BAD-9576-E586FE5745B1} = {6EBA2DCD-FECA-1BAD-9576-E586FE5745B1}
	EndProjectSection
EndProject
Project("{FAE04EC0-301F-11D3-BF4B-00C04F79EFBC}") = "sacs_ownership_sub", "dcps\Ownership\cs\standalone\sacs_ownership_sub.csproj", "{29C3AD2E-FECA-1BAD-5E8A-9246EEB6BE08}"
	ProjectSection(ProjectDependencies) = postProject
		{6EBA2DCD-FECA-1BAD-9576-E586FE5745B1} = {6EBA2DCD-FECA-1BAD-9576-E586FE5745B1}
	EndProjectSection
EndProject
Project("{FAE04EC0-301F-11D3-BF4B-00C04F79EFBC}") = "sacs_pingpong_ping", "dcps\PingPong\cs\standalone\sacs_pingpong_ping.csproj", "{45AE9D97-FECA-1BAD-6982-E5E3EB1DE107}"
EndProject
Project("{FAE04EC0-301F-11D3-BF4B-00C04F79EFBC}") = "sacs_pingpong_pong", "dcps\PingPong\cs\standalone\sacs_pingpong_pong.csproj", "{45AE9DF7-FECA-1BAD-6982-E5E3EB1DE107}"
EndProject
Project("{FAE04EC0-301F-11D3-BF4B-00C04F79EFBC}") = "sacs_querycondition_pub", "dcps\QueryCondition\cs\standalone\sacs_querycondition_pub.csproj", "{DFB5D3ED-FECA-1BAD-0A69-152E983D3D1F}"
	ProjectSection(ProjectDependencies) = postProject
		{6EBA2DCD-FECA-1BAD-9576-E586FE5745B1} = {6EBA2DCD-FECA-1BAD-9576-E586FE5745B1}
	EndProjectSection
EndProject
Project("{FAE04EC0-301F-11D3-BF4B-00C04F79EFBC}") = "sacs_querycondition_sub", "dcps\QueryCondition\cs\standalone\sacs_querycondition_sub.csproj", "{DFB5D3DD-FECA-1BAD-0A69-152E983D3D1F}"
	ProjectSection(ProjectDependencies) = postProject
		{6EBA2DCD-FECA-1BAD-9576-E586FE5745B1} = {6EBA2DCD-FECA-1BAD-9576-E586FE5745B1}
	EndProjectSection
EndProject
Project("{FAE04EC0-301F-11D3-BF4B-00C04F79EFBC}") = "sacs_tutorial_chatter", "dcps\Tutorial\cs\standalone\sacs_tutorial_chatter.csproj", "{123FC409-FECA-1BAD-4F79-B84B10404B21}"
EndProject
Project("{FAE04EC0-301F-11D3-BF4B-00C04F79EFBC}") = "sacs_tutorial_message_board", "dcps\Tutorial\cs\standalone\sacs_tutorial_message_board.csproj", "{A857AA68-FECA-1BAD-4F79-B84B10404B21}"
EndProject
Project("{FAE04EC0-301F-11D3-BF4B-00C04F79EFBC}") = "sacs_tutorial_user_load", "dcps\Tutorial\cs\standalone\sacs_tutorial_user_load.csproj", "{68B05F16-FECA-1BAD-4F79-B84B10404B21}"
EndProject
Project("{FAE04EC0-301F-11D3-BF4B-00C04F79EFBC}") = "sacs_waitset_pub", "dcps\WaitSet\cs\standalone\sacs_waitset_pub.csproj", "{9E6204FE-FECA-1BAD-3526-FB1DCFDED2F8}"
	ProjectSection(ProjectDependencies) = postProject
		{6EBA2DCD-FECA-1BAD-9576-E586FE5745B1} = {6EBA2DCD-FECA-1BAD-9576-E586FE5745B1}
	EndProjectSection
EndProject
Project("{FAE04EC0-301F-11D3-BF4B-00C04F79EFBC}") = "sacs_waitset_sub", "dcps\WaitSet\cs\standalone\sacs_waitset_sub.csproj", "{9E6204CE-FECA-1BAD-3526-FB1DCFDED2F8}"
	ProjectSection(ProjectDependencies) = postProject
		{6EBA2DCD-FECA-1BAD-9576-E586FE5745B1} = {6EBA2DCD-FECA-1BAD-9576-E586FE5745B1}
	EndProjectSection
EndProject
Global
	GlobalSection(SolutionConfigurationPlatforms) = preSolution
		Release|Any CPU = Release|Any CPU
	EndGlobalSection
	GlobalSection(ProjectConfigurationPlatforms) = postSolution
		{DD3E4722-FECA-1BAD-50F3-732EA3D9E08A}.Release|Any CPU.ActiveCfg = Release|Any CPU
		{DD3E4722-FECA-1BAD-50F3-732EA3D9E08A}.Release|Any CPU.Build.0 = Release|Any CPU
		{BA074C0E-FECA-1BAD-2441-F077EB60B422}.Release|Any CPU.ActiveCfg = Release|Any CPU
		{BA074C0E-FECA-1BAD-2441-F077EB60B422}.Release|Any CPU.Build.0 = Release|Any CPU
		{BA074C3E-FECA-1BAD-2441-F077EB60B422}.Release|Any CPU.ActiveCfg = Release|Any CPU
		{BA074C3E-FECA-1BAD-2441-F077EB60B422}.Release|Any CPU.Build.0 = Release|Any CPU
		{6EBA2DCD-FECA-1BAD-9576-E586FE5745B1}.Release|Any CPU.ActiveCfg = Release|Any CPU
		{6EBA2DCD-FECA-1BAD-9576-E586FE5745B1}.Release|Any CPU.Build.0 = Release|Any CPU
		{B4349FCA-FECA-1BAD-A809-CD2CB026577E}.Release|Any CPU.ActiveCfg = Release|Any CPU
		{B4349FCA-FECA-1BAD-A809-CD2CB026577E}.Release|Any CPU.Build.0 = Release|Any CPU
		{B4349FFA-FECA-1BAD-A809-CD2CB026577E}.Release|Any CPU.ActiveCfg = Release|Any CPU
		{B4349FFA-FECA-1BAD-A809-CD2CB026577E}.Release|Any CPU.Build.0 = Release|Any CPU
		{56905116-FECA-1BAD-8245-20E2FCCBB954}.Release|Any CPU.ActiveCfg = Release|Any CPU
		{56905116-FECA-1BAD-8245-20E2FCCBB954}.Release|Any CPU.Build.0 = Release|Any CPU
		{56905126-FECA-1BAD-8245-20E2FCCBB954}.Release|Any CPU.ActiveCfg = Release|Any CPU
		{56905126-FECA-1BAD-8245-20E2FCCBB954}.Release|Any CPU.Build.0 = Release|Any CPU
		{3377D39F-FECA-1BAD-F5CD-7A57A95EAFA3}.Release|Any CPU.ActiveCfg = Release|Any CPU
		{3377D39F-FECA-1BAD-F5CD-7A57A95EAFA3}.Release|Any CPU.Build.0 = Release|Any CPU
		{3377D3AF-FECA-1BAD-F5CD-7A57A95EAFA3}.Release|Any CPU.ActiveCfg = Release|Any CPU
		{3377D3AF-FECA-1BAD-F5CD-7A57A95EAFA3}.Release|Any CPU.Build.0 = Release|Any CPU
		{7C80960A-FECA-1BAD-3826-24214FDC2156}.Release|Any CPU.ActiveCfg = Release|Any CPU
		{7C80960A-FECA-1BAD-3826-24214FDC2156}.Release|Any CPU.Build.0 = Release|Any CPU
		{7C80963A-FECA-1BAD-3826-24214FDC2156}.Release|Any CPU.ActiveCfg = Release|Any CPU
		{7C80963A-FECA-1BAD-3826-24214FDC2156}.Release|Any CPU.Build.0 = Release|Any CPU
		{29C3AD1E-FECA-1BAD-5E8A-9246EEB6BE08}.Release|Any CPU.ActiveCfg = Release|Any CPU
		{29C3AD1E-FECA-1BAD-5E8A-9246EEB6BE08}.Release|Any CPU.Build.0 = Release|Any CPU
		{29C3AD2E-FECA-1BAD-5E8A-9246EEB6BE08}.Release|Any CPU.ActiveCfg = Release|Any CPU
		{29C3AD2E-FECA-1BAD-5E8A-9246EEB6BE08}.Release|Any CPU.Build.0 = Release|Any CPU
		{45AE9D97-FECA-1BAD-6982-E5E3EB1DE107}.Release|Any CPU.ActiveCfg = Release|Any CPU
		{45AE9D97-FECA-1BAD-6982-E5E3EB1DE107}.Release|Any CPU.Build.0 = Release|Any CPU
		{45AE9DF7-FECA-1BAD-6982-E5E3EB1DE107}.Release|Any CPU.ActiveCfg = Release|Any CPU
		{45AE9DF7-FECA-1BAD-6982-E5E3EB1DE107}.Release|Any CPU.Build.0 = Release|Any CPU
		{DFB5D3ED-FECA-1BAD-0A69-152E983D3D1F}.Release|Any CPU.ActiveCfg = Release|Any CPU
		{DFB5D3ED-FECA-1BAD-0A69-152E983D3D1F}.Release|Any CPU.Build.0 = Release|Any CPU
		{DFB5D3DD-FECA-1BAD-0A69-152E983D3D1F}.Release|Any CPU.ActiveCfg = Release|Any CPU
		{DFB5D3DD-FECA-1BAD-0A69-152E983D3D1F}.Release|Any CPU.Build.0 = Release|Any CPU
		{123FC409-FECA-1BAD-4F79-B84B10404B21}.Release|Any CPU.ActiveCfg = Release|Any CPU
		{123FC409-FECA-1BAD-4F79-B84B10404B21}.Release|Any CPU.Build.0 = Release|Any CPU
		{A857AA68-FECA-1BAD-4F79-B84B10404B21}.Release|Any CPU.ActiveCfg = Release|Any CPU
		{A857AA68-FECA-1BAD-4F79-B84B10404B21}.Release|Any CPU.Build.0 = Release|Any CPU
		{68B05F16-FECA-1BAD-4F79-B84B10404B21}.Release|Any CPU.ActiveCfg = Release|Any CPU
		{68B05F16-FECA-1BAD-4F79-B84B10404B21}.Release|Any CPU.Build.0 = Release|Any CPU
		{9E6204FE-FECA-1BAD-3526-FB1DCFDED2F8}.Release|Any CPU.ActiveCfg = Release|Any CPU
		{9E6204FE-FECA-1BAD-3526-FB1DCFDED2F8}.Release|Any CPU.Build.0 = Release|Any CPU
		{9E6204CE-FECA-1BAD-3526-FB1DCFDED2F8}.Release|Any CPU.ActiveCfg = Release|Any CPU
		{9E6204CE-FECA-1BAD-3526-FB1DCFDED2F8}.Release|Any CPU.Build.0 = Release|Any CPU
	EndGlobalSection
	GlobalSection(SolutionProperties) = preSolution
		HideSolutionNode = FALSE
	EndGlobalSection
EndGlobal
