
Microsoft Visual Studio Solution File, Format Version 12.00
# Visual Studio 2012
# $Id$
#
# This file was generated by MPC.  Any changes made directly to
# this file will be lost the next time it is generated.
#
# MPC Command:
# /home/dds/OvernightTests/tmp_XEJFDMLtq7/build/bin/mwc.pl -features ospl_os_host_win=1 -features ospl_dcpssacs=1 -features ospl_os_win=1 -features ospl_64_bit=1 -value_template lib_modifier= -include /bin/MakeProjectCreator/config -include /bin/MakeProjectCreator/config/TAO -features ospl_os_ver_64=1 -features x86_64_win64=1 -features ospl_arch_x86_64=1 -value_template configurations=Release -type vc12 HDE/x86_64.win64/examples/examples.mwc
Project("{8BC9CEB8-8B4A-11D0-8D11-00A0C91BC942}") = "ISO_Cxx_BuiltinTopics_Impl", "dcps\BuiltInTopics\isocpp\ISO_Cxx_BuiltinTopics_Impl.vcxproj", "{B4BFC1B7-FECA-1BAD-50F3-710EBF4080AD}"
EndProject
Project("{8BC9CEB8-8B4A-11D0-8D11-00A0C91BC942}") = "ISO_Cxx_BuiltinTopics_Sub", "dcps\BuiltInTopics\isocpp\ISO_Cxx_BuiltinTopics_Sub.vcxproj", "{3AF4F42A-FECA-1BAD-50F3-710EBF4080AD}"
	ProjectSection(ProjectDependencies) = postProject
		{B4BFC1B7-FECA-1BAD-50F3-710EBF4080AD} = {B4BFC1B7-FECA-1BAD-50F3-710EBF4080AD}
	EndProjectSection
EndProject
Project("{8BC9CEB8-8B4A-11D0-8D11-00A0C91BC942}") = "ISO_Cxx_ContentFiltering_Impl", "dcps\ContentFilteredTopic\isocpp\ISO_Cxx_ContentFiltering_Impl.vcxproj", "{8569FD16-FECA-1BAD-7681-28D334D5CA29}"
	ProjectSection(ProjectDependencies) = postProject
		{4D72ABD3-FECA-1BAD-7681-28D334D5CA29} = {4D72ABD3-FECA-1BAD-7681-28D334D5CA29}
	EndProjectSection
EndProject
Project("{8BC9CEB8-8B4A-11D0-8D11-00A0C91BC942}") = "ISO_Cxx_ContentFiltering_Pub", "dcps\ContentFilteredTopic\isocpp\ISO_Cxx_ContentFiltering_Pub.vcxproj", "{29E994E0-FECA-1BAD-7681-28D334D5CA29}"
	ProjectSection(ProjectDependencies) = postProject
		{8569FD16-FECA-1BAD-7681-28D334D5CA29} = {8569FD16-FECA-1BAD-7681-28D334D5CA29}
	EndProjectSection
EndProject
Project("{8BC9CEB8-8B4A-11D0-8D11-00A0C91BC942}") = "ISO_Cxx_ContentFiltering_Sub", "dcps\ContentFilteredTopic\isocpp\ISO_Cxx_ContentFiltering_Sub.vcxproj", "{29E997E0-FECA-1BAD-7681-28D334D5CA29}"
	ProjectSection(ProjectDependencies) = postProject
		{8569FD16-FECA-1BAD-7681-28D334D5CA29} = {8569FD16-FECA-1BAD-7681-28D334D5CA29}
	EndProjectSection
EndProject
Project("{8BC9CEB8-8B4A-11D0-8D11-00A0C91BC942}") = "ISO_Cxx_ContentFiltering_Types", "dcps\ContentFilteredTopic\isocpp\ISO_Cxx_ContentFiltering_Types.vcxproj", "{4D72ABD3-FECA-1BAD-7681-28D334D5CA29}"
EndProject
Project("{8BC9CEB8-8B4A-11D0-8D11-00A0C91BC942}") = "ISO_Cxx_Durability_Impl", "dcps\Durability\isocpp\ISO_Cxx_Durability_Impl.vcxproj", "{0C216CA2-FECA-1BAD-AA09-CD2C80BBFFEC}"
	ProjectSection(ProjectDependencies) = postProject
		{D9FBB09B-FECA-1BAD-AA09-CD2C80BBFFEC} = {D9FBB09B-FECA-1BAD-AA09-CD2C80BBFFEC}
	EndProjectSection
EndProject
Project("{8BC9CEB8-8B4A-11D0-8D11-00A0C91BC942}") = "ISO_Cxx_Durability_Pub", "dcps\Durability\isocpp\ISO_Cxx_Durability_Pub.vcxproj", "{617D1DFB-FECA-1BAD-AA09-CD2C80BBFFEC}"
	ProjectSection(ProjectDependencies) = postProject
		{0C216CA2-FECA-1BAD-AA09-CD2C80BBFFEC} = {0C216CA2-FECA-1BAD-AA09-CD2C80BBFFEC}
	EndProjectSection
EndProject
Project("{8BC9CEB8-8B4A-11D0-8D11-00A0C91BC942}") = "ISO_Cxx_Durability_Sub", "dcps\Durability\isocpp\ISO_Cxx_Durability_Sub.vcxproj", "{617D1EFB-FECA-1BAD-AA09-CD2C80BBFFEC}"
	ProjectSection(ProjectDependencies) = postProject
		{0C216CA2-FECA-1BAD-AA09-CD2C80BBFFEC} = {0C216CA2-FECA-1BAD-AA09-CD2C80BBFFEC}
	EndProjectSection
EndProject
Project("{8BC9CEB8-8B4A-11D0-8D11-00A0C91BC942}") = "ISO_Cxx_Durability_Types", "dcps\Durability\isocpp\ISO_Cxx_Durability_Types.vcxproj", "{D9FBB09B-FECA-1BAD-AA09-CD2C80BBFFEC}"
EndProject
Project("{8BC9CEB8-8B4A-11D0-8D11-00A0C91BC942}") = "ISO_Cxx_HelloWorld_Impl", "dcps\HelloWorld\isocpp\ISO_Cxx_HelloWorld_Impl.vcxproj", "{A8EFB240-FECA-1BAD-8045-20C24E651D48}"
	ProjectSection(ProjectDependencies) = postProject
		{95165EB1-FECA-1BAD-8045-20C24E651D48} = {95165EB1-FECA-1BAD-8045-20C24E651D48}
	EndProjectSection
EndProject
Project("{8BC9CEB8-8B4A-11D0-8D11-00A0C91BC942}") = "ISO_Cxx_HelloWorld_Pub", "dcps\HelloWorld\isocpp\ISO_Cxx_HelloWorld_Pub.vcxproj", "{4B31F015-FECA-1BAD-8045-20C24E651D48}"
	ProjectSection(ProjectDependencies) = postProject
		{A8EFB240-FECA-1BAD-8045-20C24E651D48} = {A8EFB240-FECA-1BAD-8045-20C24E651D48}
	EndProjectSection
EndProject
Project("{8BC9CEB8-8B4A-11D0-8D11-00A0C91BC942}") = "ISO_Cxx_HelloWorld_Sub", "dcps\HelloWorld\isocpp\ISO_Cxx_HelloWorld_Sub.vcxproj", "{4B31F315-FECA-1BAD-8045-20C24E651D48}"
	ProjectSection(ProjectDependencies) = postProject
		{A8EFB240-FECA-1BAD-8045-20C24E651D48} = {A8EFB240-FECA-1BAD-8045-20C24E651D48}
	EndProjectSection
EndProject
Project("{8BC9CEB8-8B4A-11D0-8D11-00A0C91BC942}") = "ISO_Cxx_HelloWorld_Types", "dcps\HelloWorld\isocpp\ISO_Cxx_HelloWorld_Types.vcxproj", "{95165EB1-FECA-1BAD-8045-20C24E651D48}"
EndProject
Project("{8BC9CEB8-8B4A-11D0-8D11-00A0C91BC942}") = "ISO_Cxx_Lifecycle_Impl", "dcps\Lifecycle\isocpp\ISO_Cxx_Lifecycle_Impl.vcxproj", "{95D704A5-FECA-1BAD-F5ED-7A571734723D}"
	ProjectSection(ProjectDependencies) = postProject
		{469D30E2-FECA-1BAD-F5ED-7A571734723D} = {469D30E2-FECA-1BAD-F5ED-7A571734723D}
	EndProjectSection
EndProject
Project("{8BC9CEB8-8B4A-11D0-8D11-00A0C91BC942}") = "ISO_Cxx_Lifecycle_Pub", "dcps\Lifecycle\isocpp\ISO_Cxx_Lifecycle_Pub.vcxproj", "{18E27B7B-FECA-1BAD-F5ED-7A571734723D}"
	ProjectSection(ProjectDependencies) = postProject
		{95D704A5-FECA-1BAD-F5ED-7A571734723D} = {95D704A5-FECA-1BAD-F5ED-7A571734723D}
	EndProjectSection
EndProject
Project("{8BC9CEB8-8B4A-11D0-8D11-00A0C91BC942}") = "ISO_Cxx_Lifecycle_Sub", "dcps\Lifecycle\isocpp\ISO_Cxx_Lifecycle_Sub.vcxproj", "{18E2787B-FECA-1BAD-F5ED-7A571734723D}"
	ProjectSection(ProjectDependencies) = postProject
		{95D704A5-FECA-1BAD-F5ED-7A571734723D} = {95D704A5-FECA-1BAD-F5ED-7A571734723D}
	EndProjectSection
EndProject
Project("{8BC9CEB8-8B4A-11D0-8D11-00A0C91BC942}") = "ISO_Cxx_Lifecycle_Types", "dcps\Lifecycle\isocpp\ISO_Cxx_Lifecycle_Types.vcxproj", "{469D30E2-FECA-1BAD-F5ED-7A571734723D}"
EndProject
Project("{8BC9CEB8-8B4A-11D0-8D11-00A0C91BC942}") = "ISO_Cxx_Listener_Impl", "dcps\Listener\isocpp\ISO_Cxx_Listener_Impl.vcxproj", "{6F393232-FECA-1BAD-3824-24217F1C9D63}"
	ProjectSection(ProjectDependencies) = postProject
		{E87E599D-FECA-1BAD-3824-24217F1C9D63} = {E87E599D-FECA-1BAD-3824-24217F1C9D63}
	EndProjectSection
EndProject
Project("{8BC9CEB8-8B4A-11D0-8D11-00A0C91BC942}") = "ISO_Cxx_Listener_Pub", "dcps\Listener\isocpp\ISO_Cxx_Listener_Pub.vcxproj", "{674C9812-FECA-1BAD-3824-24217F1C9D63}"
	ProjectSection(ProjectDependencies) = postProject
		{6F393232-FECA-1BAD-3824-24217F1C9D63} = {6F393232-FECA-1BAD-3824-24217F1C9D63}
	EndProjectSection
EndProject
Project("{8BC9CEB8-8B4A-11D0-8D11-00A0C91BC942}") = "ISO_Cxx_Listener_Sub", "dcps\Listener\isocpp\ISO_Cxx_Listener_Sub.vcxproj", "{674C9B12-FECA-1BAD-3824-24217F1C9D63}"
	ProjectSection(ProjectDependencies) = postProject
		{6F393232-FECA-1BAD-3824-24217F1C9D63} = {6F393232-FECA-1BAD-3824-24217F1C9D63}
	EndProjectSection
EndProject
Project("{8BC9CEB8-8B4A-11D0-8D11-00A0C91BC942}") = "ISO_Cxx_Listener_Types", "dcps\Listener\isocpp\ISO_Cxx_Listener_Types.vcxproj", "{E87E599D-FECA-1BAD-3824-24217F1C9D63}"
EndProject
Project("{8BC9CEB8-8B4A-11D0-8D11-00A0C91BC942}") = "ISO_Cxx_Ownership_Impl", "dcps\Ownership\isocpp\ISO_Cxx_Ownership_Impl.vcxproj", "{21A985BF-FECA-1BAD-5EAA-924669B56889}"
	ProjectSection(ProjectDependencies) = postProject
		{01752149-FECA-1BAD-5EAA-924669B56889} = {01752149-FECA-1BAD-5EAA-924669B56889}
	EndProjectSection
EndProject
Project("{8BC9CEB8-8B4A-11D0-8D11-00A0C91BC942}") = "ISO_Cxx_Ownership_Pub", "dcps\Ownership\isocpp\ISO_Cxx_Ownership_Pub.vcxproj", "{B3A5936A-FECA-1BAD-5EAA-924669B56889}"
	ProjectSection(ProjectDependencies) = postProject
		{21A985BF-FECA-1BAD-5EAA-924669B56889} = {21A985BF-FECA-1BAD-5EAA-924669B56889}
	EndProjectSection
EndProject
Project("{8BC9CEB8-8B4A-11D0-8D11-00A0C91BC942}") = "ISO_Cxx_Ownership_Sub", "dcps\Ownership\isocpp\ISO_Cxx_Ownership_Sub.vcxproj", "{B3A5906A-FECA-1BAD-5EAA-924669B56889}"
	ProjectSection(ProjectDependencies) = postProject
		{21A985BF-FECA-1BAD-5EAA-924669B56889} = {21A985BF-FECA-1BAD-5EAA-924669B56889}
	EndProjectSection
EndProject
Project("{8BC9CEB8-8B4A-11D0-8D11-00A0C91BC942}") = "ISO_Cxx_Ownership_Types", "dcps\Ownership\isocpp\ISO_Cxx_Ownership_Types.vcxproj", "{01752149-FECA-1BAD-5EAA-924669B56889}"
EndProject
Project("{8BC9CEB8-8B4A-11D0-8D11-00A0C91BC942}") = "ISO_Cxx_QueryCondition_Impl", "dcps\QueryCondition\isocpp\ISO_Cxx_QueryCondition_Impl.vcxproj", "{00ABC40F-FECA-1BAD-0A49-172E010D59FE}"
	ProjectSection(ProjectDependencies) = postProject
		{11513A4B-FECA-1BAD-0A49-172E010D59FE} = {11513A4B-FECA-1BAD-0A49-172E010D59FE}
	EndProjectSection
EndProject
Project("{8BC9CEB8-8B4A-11D0-8D11-00A0C91BC942}") = "ISO_Cxx_QueryCondition_Pub", "dcps\QueryCondition\isocpp\ISO_Cxx_QueryCondition_Pub.vcxproj", "{B1B5B771-FECA-1BAD-0A49-172E010D59FE}"
	ProjectSection(ProjectDependencies) = postProject
		{00ABC40F-FECA-1BAD-0A49-172E010D59FE} = {00ABC40F-FECA-1BAD-0A49-172E010D59FE}
	EndProjectSection
EndProject
Project("{8BC9CEB8-8B4A-11D0-8D11-00A0C91BC942}") = "ISO_Cxx_QueryCondition_Sub", "dcps\QueryCondition\isocpp\ISO_Cxx_QueryCondition_Sub.vcxproj", "{B1B5B471-FECA-1BAD-0A49-172E010D59FE}"
	ProjectSection(ProjectDependencies) = postProject
		{00ABC40F-FECA-1BAD-0A49-172E010D59FE} = {00ABC40F-FECA-1BAD-0A49-172E010D59FE}
	EndProjectSection
EndProject
Project("{8BC9CEB8-8B4A-11D0-8D11-00A0C91BC942}") = "ISO_Cxx_QueryCondition_Types", "dcps\QueryCondition\isocpp\ISO_Cxx_QueryCondition_Types.vcxproj", "{11513A4B-FECA-1BAD-0A49-172E010D59FE}"
EndProject
Project("{8BC9CEB8-8B4A-11D0-8D11-00A0C91BC942}") = "ISO_Cxx_RoundTrip_Impl", "dcps\RoundTrip\isocpp\ISO_Cxx_RoundTrip_Impl.vcxproj", "{80603FF9-FECA-1BAD-34B6-09E2A00F2E28}"
	ProjectSection(ProjectDependencies) = postProject
		{1DEE8523-FECA-1BAD-34B6-09E2A00F2E28} = {1DEE8523-FECA-1BAD-34B6-09E2A00F2E28}
	EndProjectSection
EndProject
Project("{8BC9CEB8-8B4A-11D0-8D11-00A0C91BC942}") = "ISO_Cxx_RoundTrip_Ping", "dcps\RoundTrip\isocpp\ISO_Cxx_RoundTrip_Ping.vcxproj", "{8061AA12-FECA-1BAD-34B6-09E2A00F2E28}"
	ProjectSection(ProjectDependencies) = postProject
		{80603FF9-FECA-1BAD-34B6-09E2A00F2E28} = {80603FF9-FECA-1BAD-34B6-09E2A00F2E28}
	EndProjectSection
EndProject
Project("{8BC9CEB8-8B4A-11D0-8D11-00A0C91BC942}") = "ISO_Cxx_RoundTrip_Pong", "dcps\RoundTrip\isocpp\ISO_Cxx_RoundTrip_Pong.vcxproj", "{8061AC12-FECA-1BAD-34B6-09E2A00F2E28}"
	ProjectSection(ProjectDependencies) = postProject
		{80603FF9-FECA-1BAD-34B6-09E2A00F2E28} = {80603FF9-FECA-1BAD-34B6-09E2A00F2E28}
	EndProjectSection
EndProject
Project("{8BC9CEB8-8B4A-11D0-8D11-00A0C91BC942}") = "ISO_Cxx_RoundTrip_Types", "dcps\RoundTrip\isocpp\ISO_Cxx_RoundTrip_Types.vcxproj", "{1DEE8523-FECA-1BAD-34B6-09E2A00F2E28}"
EndProject
Project("{8BC9CEB8-8B4A-11D0-8D11-00A0C91BC942}") = "ISO_Cxx_Throughput_Impl", "dcps\Throughput\isocpp\ISO_Cxx_Throughput_Impl.vcxproj", "{8C219B47-FECA-1BAD-F209-C252804C1A6C}"
	ProjectSection(ProjectDependencies) = postProject
		{D9F4CEC3-FECA-1BAD-F209-C252804C1A6C} = {D9F4CEC3-FECA-1BAD-F209-C252804C1A6C}
	EndProjectSection
EndProject
Project("{8BC9CEB8-8B4A-11D0-8D11-00A0C91BC942}") = "ISO_Cxx_Throughput_Pub", "dcps\Throughput\isocpp\ISO_Cxx_Throughput_Pub.vcxproj", "{397D1285-FECA-1BAD-F209-C252804C1A6C}"
	ProjectSection(ProjectDependencies) = postProject
		{8C219B47-FECA-1BAD-F209-C252804C1A6C} = {8C219B47-FECA-1BAD-F209-C252804C1A6C}
	EndProjectSection
EndProject
Project("{8BC9CEB8-8B4A-11D0-8D11-00A0C91BC942}") = "ISO_Cxx_Throughput_Sub", "dcps\Throughput\isocpp\ISO_Cxx_Throughput_Sub.vcxproj", "{397D1185-FECA-1BAD-F209-C252804C1A6C}"
	ProjectSection(ProjectDependencies) = postProject
		{8C219B47-FECA-1BAD-F209-C252804C1A6C} = {8C219B47-FECA-1BAD-F209-C252804C1A6C}
	EndProjectSection
EndProject
Project("{8BC9CEB8-8B4A-11D0-8D11-00A0C91BC942}") = "ISO_Cxx_Throughput_Types", "dcps\Throughput\isocpp\ISO_Cxx_Throughput_Types.vcxproj", "{D9F4CEC3-FECA-1BAD-F209-C252804C1A6C}"
EndProject
Project("{8BC9CEB8-8B4A-11D0-8D11-00A0C91BC942}") = "ISO_Cxx_Tutorial_Chatter", "dcps\Tutorial\isocpp\ISO_Cxx_Tutorial_Chatter.vcxproj", "{50D1644C-FECA-1BAD-4F7B-B84B86DA3A16}"
	ProjectSection(ProjectDependencies) = postProject
		{1AC0F495-FECA-1BAD-4F7B-B84B86DA3A16} = {1AC0F495-FECA-1BAD-4F7B-B84B86DA3A16}
	EndProjectSection
EndProject
Project("{8BC9CEB8-8B4A-11D0-8D11-00A0C91BC942}") = "ISO_Cxx_Tutorial_Impl", "dcps\Tutorial\isocpp\ISO_Cxx_Tutorial_Impl.vcxproj", "{1AC0F495-FECA-1BAD-4F7B-B84B86DA3A16}"
	ProjectSection(ProjectDependencies) = postProject
		{B7E233EA-FECA-1BAD-4F7B-B84B86DA3A16} = {B7E233EA-FECA-1BAD-4F7B-B84B86DA3A16}
	EndProjectSection
EndProject
Project("{8BC9CEB8-8B4A-11D0-8D11-00A0C91BC942}") = "ISO_Cxx_Tutorial_MessageBoard", "dcps\Tutorial\isocpp\ISO_Cxx_Tutorial_MessageBoard.vcxproj", "{6BD42AF8-FECA-1BAD-4F7B-B84B86DA3A16}"
	ProjectSection(ProjectDependencies) = postProject
		{1AC0F495-FECA-1BAD-4F7B-B84B86DA3A16} = {1AC0F495-FECA-1BAD-4F7B-B84B86DA3A16}
	EndProjectSection
EndProject
Project("{8BC9CEB8-8B4A-11D0-8D11-00A0C91BC942}") = "ISO_Cxx_Tutorial_Types", "dcps\Tutorial\isocpp\ISO_Cxx_Tutorial_Types.vcxproj", "{B7E233EA-FECA-1BAD-4F7B-B84B86DA3A16}"
EndProject
Project("{8BC9CEB8-8B4A-11D0-8D11-00A0C91BC942}") = "ISO_Cxx_Tutorial_UserLoad", "dcps\Tutorial\isocpp\ISO_Cxx_Tutorial_UserLoad.vcxproj", "{6DA2F5C8-FECA-1BAD-4F7B-B84B86DA3A16}"
	ProjectSection(ProjectDependencies) = postProject
		{1AC0F495-FECA-1BAD-4F7B-B84B86DA3A16} = {1AC0F495-FECA-1BAD-4F7B-B84B86DA3A16}
	EndProjectSection
EndProject
Project("{8BC9CEB8-8B4A-11D0-8D11-00A0C91BC942}") = "ISO_Cxx_WaitSet_Impl", "dcps\WaitSet\isocpp\ISO_Cxx_WaitSet_Impl.vcxproj", "{0D717CEF-FECA-1BAD-1526-DB1D7F33A78B}"
	ProjectSection(ProjectDependencies) = postProject
		{CCFAB44B-FECA-1BAD-1526-DB1D7F33A78B} = {CCFAB44B-FECA-1BAD-1526-DB1D7F33A78B}
	EndProjectSection
EndProject
Project("{8BC9CEB8-8B4A-11D0-8D11-00A0C91BC942}") = "ISO_Cxx_WaitSet_Pub", "dcps\WaitSet\isocpp\ISO_Cxx_WaitSet_Pub.vcxproj", "{B1681CFF-FECA-1BAD-1526-DB1D7F33A78B}"
	ProjectSection(ProjectDependencies) = postProject
		{0D717CEF-FECA-1BAD-1526-DB1D7F33A78B} = {0D717CEF-FECA-1BAD-1526-DB1D7F33A78B}
	EndProjectSection
EndProject
Project("{8BC9CEB8-8B4A-11D0-8D11-00A0C91BC942}") = "ISO_Cxx_WaitSet_Sub", "dcps\WaitSet\isocpp\ISO_Cxx_WaitSet_Sub.vcxproj", "{B1681FFF-FECA-1BAD-1526-DB1D7F33A78B}"
	ProjectSection(ProjectDependencies) = postProject
		{0D717CEF-FECA-1BAD-1526-DB1D7F33A78B} = {0D717CEF-FECA-1BAD-1526-DB1D7F33A78B}
	EndProjectSection
EndProject
Project("{8BC9CEB8-8B4A-11D0-8D11-00A0C91BC942}") = "ISO_Cxx_WaitSet_Types", "dcps\WaitSet\isocpp\ISO_Cxx_WaitSet_Types.vcxproj", "{CCFAB44B-FECA-1BAD-1526-DB1D7F33A78B}"
EndProject
Global
	GlobalSection(SolutionConfigurationPlatforms) = preSolution
		Release|x64 = Release|x64
	EndGlobalSection
	GlobalSection(ProjectConfigurationPlatforms) = postSolution
		{B4BFC1B7-FECA-1BAD-50F3-710EBF4080AD}.Release|x64.ActiveCfg = Release|x64
		{B4BFC1B7-FECA-1BAD-50F3-710EBF4080AD}.Release|x64.Build.0 = Release|x64
		{3AF4F42A-FECA-1BAD-50F3-710EBF4080AD}.Release|x64.ActiveCfg = Release|x64
		{3AF4F42A-FECA-1BAD-50F3-710EBF4080AD}.Release|x64.Build.0 = Release|x64
		{8569FD16-FECA-1BAD-7681-28D334D5CA29}.Release|x64.ActiveCfg = Release|x64
		{8569FD16-FECA-1BAD-7681-28D334D5CA29}.Release|x64.Build.0 = Release|x64
		{29E994E0-FECA-1BAD-7681-28D334D5CA29}.Release|x64.ActiveCfg = Release|x64
		{29E994E0-FECA-1BAD-7681-28D334D5CA29}.Release|x64.Build.0 = Release|x64
		{29E997E0-FECA-1BAD-7681-28D334D5CA29}.Release|x64.ActiveCfg = Release|x64
		{29E997E0-FECA-1BAD-7681-28D334D5CA29}.Release|x64.Build.0 = Release|x64
		{4D72ABD3-FECA-1BAD-7681-28D334D5CA29}.Release|x64.ActiveCfg = Release|x64
		{4D72ABD3-FECA-1BAD-7681-28D334D5CA29}.Release|x64.Build.0 = Release|x64
		{0C216CA2-FECA-1BAD-AA09-CD2C80BBFFEC}.Release|x64.ActiveCfg = Release|x64
		{0C216CA2-FECA-1BAD-AA09-CD2C80BBFFEC}.Release|x64.Build.0 = Release|x64
		{617D1DFB-FECA-1BAD-AA09-CD2C80BBFFEC}.Release|x64.ActiveCfg = Release|x64
		{617D1DFB-FECA-1BAD-AA09-CD2C80BBFFEC}.Release|x64.Build.0 = Release|x64
		{617D1EFB-FECA-1BAD-AA09-CD2C80BBFFEC}.Release|x64.ActiveCfg = Release|x64
		{617D1EFB-FECA-1BAD-AA09-CD2C80BBFFEC}.Release|x64.Build.0 = Release|x64
		{D9FBB09B-FECA-1BAD-AA09-CD2C80BBFFEC}.Release|x64.ActiveCfg = Release|x64
		{D9FBB09B-FECA-1BAD-AA09-CD2C80BBFFEC}.Release|x64.Build.0 = Release|x64
		{A8EFB240-FECA-1BAD-8045-20C24E651D48}.Release|x64.ActiveCfg = Release|x64
		{A8EFB240-FECA-1BAD-8045-20C24E651D48}.Release|x64.Build.0 = Release|x64
		{4B31F015-FECA-1BAD-8045-20C24E651D48}.Release|x64.ActiveCfg = Release|x64
		{4B31F015-FECA-1BAD-8045-20C24E651D48}.Release|x64.Build.0 = Release|x64
		{4B31F315-FECA-1BAD-8045-20C24E651D48}.Release|x64.ActiveCfg = Release|x64
		{4B31F315-FECA-1BAD-8045-20C24E651D48}.Release|x64.Build.0 = Release|x64
		{95165EB1-FECA-1BAD-8045-20C24E651D48}.Release|x64.ActiveCfg = Release|x64
		{95165EB1-FECA-1BAD-8045-20C24E651D48}.Release|x64.Build.0 = Release|x64
		{95D704A5-FECA-1BAD-F5ED-7A571734723D}.Release|x64.ActiveCfg = Release|x64
		{95D704A5-FECA-1BAD-F5ED-7A571734723D}.Release|x64.Build.0 = Release|x64
		{18E27B7B-FECA-1BAD-F5ED-7A571734723D}.Release|x64.ActiveCfg = Release|x64
		{18E27B7B-FECA-1BAD-F5ED-7A571734723D}.Release|x64.Build.0 = Release|x64
		{18E2787B-FECA-1BAD-F5ED-7A571734723D}.Release|x64.ActiveCfg = Release|x64
		{18E2787B-FECA-1BAD-F5ED-7A571734723D}.Release|x64.Build.0 = Release|x64
		{469D30E2-FECA-1BAD-F5ED-7A571734723D}.Release|x64.ActiveCfg = Release|x64
		{469D30E2-FECA-1BAD-F5ED-7A571734723D}.Release|x64.Build.0 = Release|x64
		{6F393232-FECA-1BAD-3824-24217F1C9D63}.Release|x64.ActiveCfg = Release|x64
		{6F393232-FECA-1BAD-3824-24217F1C9D63}.Release|x64.Build.0 = Release|x64
		{674C9812-FECA-1BAD-3824-24217F1C9D63}.Release|x64.ActiveCfg = Release|x64
		{674C9812-FECA-1BAD-3824-24217F1C9D63}.Release|x64.Build.0 = Release|x64
		{674C9B12-FECA-1BAD-3824-24217F1C9D63}.Release|x64.ActiveCfg = Release|x64
		{674C9B12-FECA-1BAD-3824-24217F1C9D63}.Release|x64.Build.0 = Release|x64
		{E87E599D-FECA-1BAD-3824-24217F1C9D63}.Release|x64.ActiveCfg = Release|x64
		{E87E599D-FECA-1BAD-3824-24217F1C9D63}.Release|x64.Build.0 = Release|x64
		{21A985BF-FECA-1BAD-5EAA-924669B56889}.Release|x64.ActiveCfg = Release|x64
		{21A985BF-FECA-1BAD-5EAA-924669B56889}.Release|x64.Build.0 = Release|x64
		{B3A5936A-FECA-1BAD-5EAA-924669B56889}.Release|x64.ActiveCfg = Release|x64
		{B3A5936A-FECA-1BAD-5EAA-924669B56889}.Release|x64.Build.0 = Release|x64
		{B3A5906A-FECA-1BAD-5EAA-924669B56889}.Release|x64.ActiveCfg = Release|x64
		{B3A5906A-FECA-1BAD-5EAA-924669B56889}.Release|x64.Build.0 = Release|x64
		{01752149-FECA-1BAD-5EAA-924669B56889}.Release|x64.ActiveCfg = Release|x64
		{01752149-FECA-1BAD-5EAA-924669B56889}.Release|x64.Build.0 = Release|x64
		{00ABC40F-FECA-1BAD-0A49-172E010D59FE}.Release|x64.ActiveCfg = Release|x64
		{00ABC40F-FECA-1BAD-0A49-172E010D59FE}.Release|x64.Build.0 = Release|x64
		{B1B5B771-FECA-1BAD-0A49-172E010D59FE}.Release|x64.ActiveCfg = Release|x64
		{B1B5B771-FECA-1BAD-0A49-172E010D59FE}.Release|x64.Build.0 = Release|x64
		{B1B5B471-FECA-1BAD-0A49-172E010D59FE}.Release|x64.ActiveCfg = Release|x64
		{B1B5B471-FECA-1BAD-0A49-172E010D59FE}.Release|x64.Build.0 = Release|x64
		{11513A4B-FECA-1BAD-0A49-172E010D59FE}.Release|x64.ActiveCfg = Release|x64
		{11513A4B-FECA-1BAD-0A49-172E010D59FE}.Release|x64.Build.0 = Release|x64
		{80603FF9-FECA-1BAD-34B6-09E2A00F2E28}.Release|x64.ActiveCfg = Release|x64
		{80603FF9-FECA-1BAD-34B6-09E2A00F2E28}.Release|x64.Build.0 = Release|x64
		{8061AA12-FECA-1BAD-34B6-09E2A00F2E28}.Release|x64.ActiveCfg = Release|x64
		{8061AA12-FECA-1BAD-34B6-09E2A00F2E28}.Release|x64.Build.0 = Release|x64
		{8061AC12-FECA-1BAD-34B6-09E2A00F2E28}.Release|x64.ActiveCfg = Release|x64
		{8061AC12-FECA-1BAD-34B6-09E2A00F2E28}.Release|x64.Build.0 = Release|x64
		{1DEE8523-FECA-1BAD-34B6-09E2A00F2E28}.Release|x64.ActiveCfg = Release|x64
		{1DEE8523-FECA-1BAD-34B6-09E2A00F2E28}.Release|x64.Build.0 = Release|x64
		{8C219B47-FECA-1BAD-F209-C252804C1A6C}.Release|x64.ActiveCfg = Release|x64
		{8C219B47-FECA-1BAD-F209-C252804C1A6C}.Release|x64.Build.0 = Release|x64
		{397D1285-FECA-1BAD-F209-C252804C1A6C}.Release|x64.ActiveCfg = Release|x64
		{397D1285-FECA-1BAD-F209-C252804C1A6C}.Release|x64.Build.0 = Release|x64
		{397D1185-FECA-1BAD-F209-C252804C1A6C}.Release|x64.ActiveCfg = Release|x64
		{397D1185-FECA-1BAD-F209-C252804C1A6C}.Release|x64.Build.0 = Release|x64
		{D9F4CEC3-FECA-1BAD-F209-C252804C1A6C}.Release|x64.ActiveCfg = Release|x64
		{D9F4CEC3-FECA-1BAD-F209-C252804C1A6C}.Release|x64.Build.0 = Release|x64
		{50D1644C-FECA-1BAD-4F7B-B84B86DA3A16}.Release|x64.ActiveCfg = Release|x64
		{50D1644C-FECA-1BAD-4F7B-B84B86DA3A16}.Release|x64.Build.0 = Release|x64
		{1AC0F495-FECA-1BAD-4F7B-B84B86DA3A16}.Release|x64.ActiveCfg = Release|x64
		{1AC0F495-FECA-1BAD-4F7B-B84B86DA3A16}.Release|x64.Build.0 = Release|x64
		{6BD42AF8-FECA-1BAD-4F7B-B84B86DA3A16}.Release|x64.ActiveCfg = Release|x64
		{6BD42AF8-FECA-1BAD-4F7B-B84B86DA3A16}.Release|x64.Build.0 = Release|x64
		{B7E233EA-FECA-1BAD-4F7B-B84B86DA3A16}.Release|x64.ActiveCfg = Release|x64
		{B7E233EA-FECA-1BAD-4F7B-B84B86DA3A16}.Release|x64.Build.0 = Release|x64
		{6DA2F5C8-FECA-1BAD-4F7B-B84B86DA3A16}.Release|x64.ActiveCfg = Release|x64
		{6DA2F5C8-FECA-1BAD-4F7B-B84B86DA3A16}.Release|x64.Build.0 = Release|x64
		{0D717CEF-FECA-1BAD-1526-DB1D7F33A78B}.Release|x64.ActiveCfg = Release|x64
		{0D717CEF-FECA-1BAD-1526-DB1D7F33A78B}.Release|x64.Build.0 = Release|x64
		{B1681CFF-FECA-1BAD-1526-DB1D7F33A78B}.Release|x64.ActiveCfg = Release|x64
		{B1681CFF-FECA-1BAD-1526-DB1D7F33A78B}.Release|x64.Build.0 = Release|x64
		{B1681FFF-FECA-1BAD-1526-DB1D7F33A78B}.Release|x64.ActiveCfg = Release|x64
		{B1681FFF-FECA-1BAD-1526-DB1D7F33A78B}.Release|x64.Build.0 = Release|x64
		{CCFAB44B-FECA-1BAD-1526-DB1D7F33A78B}.Release|x64.ActiveCfg = Release|x64
		{CCFAB44B-FECA-1BAD-1526-DB1D7F33A78B}.Release|x64.Build.0 = Release|x64
	EndGlobalSection
	GlobalSection(SolutionProperties) = preSolution
		HideSolutionNode = FALSE
	EndGlobalSection
EndGlobal
