
Microsoft Visual Studio Solution File, Format Version 12.00
# Visual Studio 2012
# $Id$
#
# This file was generated by MPC.  Any changes made directly to
# this file will be lost the next time it is generated.
#
# MPC Command:
# /home/dds/OvernightTests/tmp_XEJFDMLtq7/build/bin/mwc.pl -features ospl_os_host_win=1 -features ospl_dcpssacs=1 -features ospl_os_win=1 -features ospl_64_bit=1 -value_template lib_modifier= -include /bin/MakeProjectCreator/config -include /bin/MakeProjectCreator/config/TAO -features ospl_os_ver_64=1 -features x86_64_win64=1 -features ospl_arch_x86_64=1 -value_template configurations=Release -type vc12 HDE/x86_64.win64/examples/examples.mwc
Project("{8BC9CEB8-8B4A-11D0-8D11-00A0C91BC942}") = "sac_builtintopics_sub", "dcps\BuiltInTopics\c\standalone\sac_builtintopics_sub.vcxproj", "{40355D46-FECA-1BAD-50F3-732EA59814D3}"
EndProject
Project("{8BC9CEB8-8B4A-11D0-8D11-00A0C91BC942}") = "sac_contentfilteredtopic_pub", "dcps\ContentFilteredTopic\c\standalone\sac_contentfilteredtopic_pub.vcxproj", "{34F5FC80-FECA-1BAD-2441-F07721138199}"
	ProjectSection(ProjectDependencies) = postProject
		{511ACBCE-FECA-1BAD-2441-F07721138199} = {511ACBCE-FECA-1BAD-2441-F07721138199}
	EndProjectSection
EndProject
Project("{8BC9CEB8-8B4A-11D0-8D11-00A0C91BC942}") = "sac_contentfilteredtopic_sub", "dcps\ContentFilteredTopic\c\standalone\sac_contentfilteredtopic_sub.vcxproj", "{34F5FF80-FECA-1BAD-2441-F07721138199}"
	ProjectSection(ProjectDependencies) = postProject
		{511ACBCE-FECA-1BAD-2441-F07721138199} = {511ACBCE-FECA-1BAD-2441-F07721138199}
	EndProjectSection
EndProject
Project("{8BC9CEB8-8B4A-11D0-8D11-00A0C91BC942}") = "sac_contentfilteredtopic_types", "dcps\ContentFilteredTopic\c\standalone\sac_contentfilteredtopic_types.vcxproj", "{511ACBCE-FECA-1BAD-2441-F07721138199}"
EndProject
Project("{8BC9CEB8-8B4A-11D0-8D11-00A0C91BC942}") = "sac_durability_pub", "dcps\Durability\c\standalone\sac_durability_pub.vcxproj", "{D7BA91E3-FECA-1BAD-A809-CD2CE4A7EFAC}"
	ProjectSection(ProjectDependencies) = postProject
		{1E77A82D-FECA-1BAD-A809-CD2CE4A7EFAC} = {1E77A82D-FECA-1BAD-A809-CD2CE4A7EFAC}
	EndProjectSection
EndProject
Project("{8BC9CEB8-8B4A-11D0-8D11-00A0C91BC942}") = "sac_durability_sub", "dcps\Durability\c\standalone\sac_durability_sub.vcxproj", "{D7BA92E3-FECA-1BAD-A809-CD2CE4A7EFAC}"
	ProjectSection(ProjectDependencies) = postProject
		{1E77A82D-FECA-1BAD-A809-CD2CE4A7EFAC} = {1E77A82D-FECA-1BAD-A809-CD2CE4A7EFAC}
	EndProjectSection
EndProject
Project("{8BC9CEB8-8B4A-11D0-8D11-00A0C91BC942}") = "sac_durability_types", "dcps\Durability\c\standalone\sac_durability_types.vcxproj", "{1E77A82D-FECA-1BAD-A809-CD2CE4A7EFAC}"
EndProject
Project("{8BC9CEB8-8B4A-11D0-8D11-00A0C91BC942}") = "sac_helloworld_pub", "dcps\HelloWorld\c\standalone\sac_helloworld_pub.vcxproj", "{FDF67C2D-FECA-1BAD-8245-20E24069314E}"
	ProjectSection(ProjectDependencies) = postProject
		{529A6607-FECA-1BAD-8245-20E24069314E} = {529A6607-FECA-1BAD-8245-20E24069314E}
	EndProjectSection
EndProject
Project("{8BC9CEB8-8B4A-11D0-8D11-00A0C91BC942}") = "sac_helloworld_sub", "dcps\HelloWorld\c\standalone\sac_helloworld_sub.vcxproj", "{FDF67F2D-FECA-1BAD-8245-20E24069314E}"
	ProjectSection(ProjectDependencies) = postProject
		{529A6607-FECA-1BAD-8245-20E24069314E} = {529A6607-FECA-1BAD-8245-20E24069314E}
	EndProjectSection
EndProject
Project("{8BC9CEB8-8B4A-11D0-8D11-00A0C91BC942}") = "sac_helloworld_types", "dcps\HelloWorld\c\standalone\sac_helloworld_types.vcxproj", "{529A6607-FECA-1BAD-8245-20E24069314E}"
EndProject
Project("{8BC9CEB8-8B4A-11D0-8D11-00A0C91BC942}") = "sac_lifecycle_pub", "dcps\Lifecycle\c\standalone\sac_lifecycle_pub.vcxproj", "{938E21BA-FECA-1BAD-F5CD-7A5735306021}"
	ProjectSection(ProjectDependencies) = postProject
		{2AC7F169-FECA-1BAD-F5CD-7A5735306021} = {2AC7F169-FECA-1BAD-F5CD-7A5735306021}
	EndProjectSection
EndProject
Project("{8BC9CEB8-8B4A-11D0-8D11-00A0C91BC942}") = "sac_lifecycle_sub", "dcps\Lifecycle\c\standalone\sac_lifecycle_sub.vcxproj", "{938E22BA-FECA-1BAD-F5CD-7A5735306021}"
	ProjectSection(ProjectDependencies) = postProject
		{2AC7F169-FECA-1BAD-F5CD-7A5735306021} = {2AC7F169-FECA-1BAD-F5CD-7A5735306021}
	EndProjectSection
EndProject
Project("{8BC9CEB8-8B4A-11D0-8D11-00A0C91BC942}") = "sac_lifecycle_types", "dcps\Lifecycle\c\standalone\sac_lifecycle_types.vcxproj", "{2AC7F169-FECA-1BAD-F5CD-7A5735306021}"
EndProject
Project("{8BC9CEB8-8B4A-11D0-8D11-00A0C91BC942}") = "sac_listener_pub", "dcps\Listener\c\standalone\sac_listener_pub.vcxproj", "{7FFA7FBE-FECA-1BAD-3826-24216B5848CE}"
	ProjectSection(ProjectDependencies) = postProject
		{5E99F585-FECA-1BAD-3826-24216B5848CE} = {5E99F585-FECA-1BAD-3826-24216B5848CE}
	EndProjectSection
EndProject
Project("{8BC9CEB8-8B4A-11D0-8D11-00A0C91BC942}") = "sac_listener_sub", "dcps\Listener\c\standalone\sac_listener_sub.vcxproj", "{7FFA7CBE-FECA-1BAD-3826-24216B5848CE}"
	ProjectSection(ProjectDependencies) = postProject
		{5E99F585-FECA-1BAD-3826-24216B5848CE} = {5E99F585-FECA-1BAD-3826-24216B5848CE}
	EndProjectSection
EndProject
Project("{8BC9CEB8-8B4A-11D0-8D11-00A0C91BC942}") = "sac_listener_types", "dcps\Listener\c\standalone\sac_listener_types.vcxproj", "{5E99F585-FECA-1BAD-3826-24216B5848CE}"
EndProject
Project("{8BC9CEB8-8B4A-11D0-8D11-00A0C91BC942}") = "sac_ownership_pub", "dcps\Ownership\c\standalone\sac_ownership_pub.vcxproj", "{38C9C9AB-FECA-1BAD-5E8A-9246814EE13B}"
	ProjectSection(ProjectDependencies) = postProject
		{6D2FE0C2-FECA-1BAD-5E8A-9246814EE13B} = {6D2FE0C2-FECA-1BAD-5E8A-9246814EE13B}
	EndProjectSection
EndProject
Project("{8BC9CEB8-8B4A-11D0-8D11-00A0C91BC942}") = "sac_ownership_sub", "dcps\Ownership\c\standalone\sac_ownership_sub.vcxproj", "{38C9CAAB-FECA-1BAD-5E8A-9246814EE13B}"
	ProjectSection(ProjectDependencies) = postProject
		{6D2FE0C2-FECA-1BAD-5E8A-9246814EE13B} = {6D2FE0C2-FECA-1BAD-5E8A-9246814EE13B}
	EndProjectSection
EndProject
Project("{8BC9CEB8-8B4A-11D0-8D11-00A0C91BC942}") = "sac_ownership_types", "dcps\Ownership\c\standalone\sac_ownership_types.vcxproj", "{6D2FE0C2-FECA-1BAD-5E8A-9246814EE13B}"
EndProject
Project("{8BC9CEB8-8B4A-11D0-8D11-00A0C91BC942}") = "sac_pingpong_ping", "dcps\PingPong\c\standalone\sac_pingpong_ping.vcxproj", "{FE1AC13D-FECA-1BAD-6982-E5E3711454CB}"
	ProjectSection(ProjectDependencies) = postProject
		{FA5837D4-FECA-1BAD-6982-E5E3711454CB} = {FA5837D4-FECA-1BAD-6982-E5E3711454CB}
	EndProjectSection
EndProject
Project("{8BC9CEB8-8B4A-11D0-8D11-00A0C91BC942}") = "sac_pingpong_pong", "dcps\PingPong\c\standalone\sac_pingpong_pong.vcxproj", "{FE1AC73D-FECA-1BAD-6982-E5E3711454CB}"
	ProjectSection(ProjectDependencies) = postProject
		{FA5837D4-FECA-1BAD-6982-E5E3711454CB} = {FA5837D4-FECA-1BAD-6982-E5E3711454CB}
	EndProjectSection
EndProject
Project("{8BC9CEB8-8B4A-11D0-8D11-00A0C91BC942}") = "sac_pingpong_types", "dcps\PingPong\c\standalone\sac_pingpong_types.vcxproj", "{FA5837D4-FECA-1BAD-6982-E5E3711454CB}"
EndProject
Project("{8BC9CEB8-8B4A-11D0-8D11-00A0C91BC942}") = "sac_querycondition_pub", "dcps\QueryCondition\c\standalone\sac_querycondition_pub.vcxproj", "{1D8D21B6-FECA-1BAD-0A69-152EF626590A}"
	ProjectSection(ProjectDependencies) = postProject
		{29C7FDE7-FECA-1BAD-0A69-152EF626590A} = {29C7FDE7-FECA-1BAD-0A69-152EF626590A}
	EndProjectSection
EndProject
Project("{8BC9CEB8-8B4A-11D0-8D11-00A0C91BC942}") = "sac_querycondition_sub", "dcps\QueryCondition\c\standalone\sac_querycondition_sub.vcxproj", "{1D8D22B6-FECA-1BAD-0A69-152EF626590A}"
	ProjectSection(ProjectDependencies) = postProject
		{29C7FDE7-FECA-1BAD-0A69-152EF626590A} = {29C7FDE7-FECA-1BAD-0A69-152EF626590A}
	EndProjectSection
EndProject
Project("{8BC9CEB8-8B4A-11D0-8D11-00A0C91BC942}") = "sac_querycondition_types", "dcps\QueryCondition\c\standalone\sac_querycondition_types.vcxproj", "{29C7FDE7-FECA-1BAD-0A69-152EF626590A}"
EndProject
Project("{8BC9CEB8-8B4A-11D0-8D11-00A0C91BC942}") = "SA_C_RoundTrip_Impl", "dcps\RoundTrip\c\SA_C_RoundTrip_Impl.vcxproj", "{34A7C3FD-FECA-1BAD-34B6-09E2ABA58A0D}"
	ProjectSection(ProjectDependencies) = postProject
		{51914568-FECA-1BAD-34B6-09E2ABA58A0D} = {51914568-FECA-1BAD-34B6-09E2ABA58A0D}
	EndProjectSection
EndProject
Project("{8BC9CEB8-8B4A-11D0-8D11-00A0C91BC942}") = "SA_C_RoundTrip_Ping", "dcps\RoundTrip\c\SA_C_RoundTrip_Ping.vcxproj", "{34A65616-FECA-1BAD-34B6-09E2ABA58A0D}"
	ProjectSection(ProjectDependencies) = postProject
		{34A7C3FD-FECA-1BAD-34B6-09E2ABA58A0D} = {34A7C3FD-FECA-1BAD-34B6-09E2ABA58A0D}
	EndProjectSection
EndProject
Project("{8BC9CEB8-8B4A-11D0-8D11-00A0C91BC942}") = "SA_C_RoundTrip_Pong", "dcps\RoundTrip\c\SA_C_RoundTrip_Pong.vcxproj", "{34A65016-FECA-1BAD-34B6-09E2ABA58A0D}"
	ProjectSection(ProjectDependencies) = postProject
		{34A7C3FD-FECA-1BAD-34B6-09E2ABA58A0D} = {34A7C3FD-FECA-1BAD-34B6-09E2ABA58A0D}
	EndProjectSection
EndProject
Project("{8BC9CEB8-8B4A-11D0-8D11-00A0C91BC942}") = "SA_C_RoundTrip_Types", "dcps\RoundTrip\c\SA_C_RoundTrip_Types.vcxproj", "{51914568-FECA-1BAD-34B6-09E2ABA58A0D}"
EndProject
Project("{8BC9CEB8-8B4A-11D0-8D11-00A0C91BC942}") = "sac_tutorial_chatter", "dcps\Tutorial\c\standalone\sac_tutorial_chatter.vcxproj", "{B77D7CFA-FECA-1BAD-4F79-B84B1EA18E69}"
	ProjectSection(ProjectDependencies) = postProject
		{01059FF2-FECA-1BAD-4F79-B84B1EA18E69} = {01059FF2-FECA-1BAD-4F79-B84B1EA18E69}
	EndProjectSection
EndProject
Project("{8BC9CEB8-8B4A-11D0-8D11-00A0C91BC942}") = "sac_tutorial_messageboard", "dcps\Tutorial\c\standalone\sac_tutorial_messageboard.vcxproj", "{E09A5039-FECA-1BAD-4F79-B84B1EA18E69}"
	ProjectSection(ProjectDependencies) = postProject
		{01059FF2-FECA-1BAD-4F79-B84B1EA18E69} = {01059FF2-FECA-1BAD-4F79-B84B1EA18E69}
	EndProjectSection
EndProject
Project("{8BC9CEB8-8B4A-11D0-8D11-00A0C91BC942}") = "sac_tutorial_types", "dcps\Tutorial\c\standalone\sac_tutorial_types.vcxproj", "{01059FF2-FECA-1BAD-4F79-B84B1EA18E69}"
EndProject
Project("{8BC9CEB8-8B4A-11D0-8D11-00A0C91BC942}") = "sac_tutorial_userload", "dcps\Tutorial\c\standalone\sac_tutorial_userload.vcxproj", "{17617EA6-FECA-1BAD-4F79-B84B1EA18E69}"
	ProjectSection(ProjectDependencies) = postProject
		{01059FF2-FECA-1BAD-4F79-B84B1EA18E69} = {01059FF2-FECA-1BAD-4F79-B84B1EA18E69}
	EndProjectSection
EndProject
Project("{8BC9CEB8-8B4A-11D0-8D11-00A0C91BC942}") = "sac_waitset_pub", "dcps\WaitSet\c\standalone\sac_waitset_pub.vcxproj", "{50E35085-FECA-1BAD-3526-FB1D835867F4}"
	ProjectSection(ProjectDependencies) = postProject
		{47B6CEAA-FECA-1BAD-3526-FB1D835867F4} = {47B6CEAA-FECA-1BAD-3526-FB1D835867F4}
	EndProjectSection
EndProject
Project("{8BC9CEB8-8B4A-11D0-8D11-00A0C91BC942}") = "sac_waitset_sub", "dcps\WaitSet\c\standalone\sac_waitset_sub.vcxproj", "{50E35385-FECA-1BAD-3526-FB1D835867F4}"
	ProjectSection(ProjectDependencies) = postProject
		{47B6CEAA-FECA-1BAD-3526-FB1D835867F4} = {47B6CEAA-FECA-1BAD-3526-FB1D835867F4}
	EndProjectSection
EndProject
Project("{8BC9CEB8-8B4A-11D0-8D11-00A0C91BC942}") = "sac_waitset_types", "dcps\WaitSet\c\standalone\sac_waitset_types.vcxproj", "{47B6CEAA-FECA-1BAD-3526-FB1D835867F4}"
EndProject
Global
	GlobalSection(SolutionConfigurationPlatforms) = preSolution
		Release|x64 = Release|x64
	EndGlobalSection
	GlobalSection(ProjectConfigurationPlatforms) = postSolution
		{40355D46-FECA-1BAD-50F3-732EA59814D3}.Release|x64.ActiveCfg = Release|x64
		{40355D46-FECA-1BAD-50F3-732EA59814D3}.Release|x64.Build.0 = Release|x64
		{34F5FC80-FECA-1BAD-2441-F07721138199}.Release|x64.ActiveCfg = Release|x64
		{34F5FC80-FECA-1BAD-2441-F07721138199}.Release|x64.Build.0 = Release|x64
		{34F5FF80-FECA-1BAD-2441-F07721138199}.Release|x64.ActiveCfg = Release|x64
		{34F5FF80-FECA-1BAD-2441-F07721138199}.Release|x64.Build.0 = Release|x64
		{511ACBCE-FECA-1BAD-2441-F07721138199}.Release|x64.ActiveCfg = Release|x64
		{511ACBCE-FECA-1BAD-2441-F07721138199}.Release|x64.Build.0 = Release|x64
		{D7BA91E3-FECA-1BAD-A809-CD2CE4A7EFAC}.Release|x64.ActiveCfg = Release|x64
		{D7BA91E3-FECA-1BAD-A809-CD2CE4A7EFAC}.Release|x64.Build.0 = Release|x64
		{D7BA92E3-FECA-1BAD-A809-CD2CE4A7EFAC}.Release|x64.ActiveCfg = Release|x64
		{D7BA92E3-FECA-1BAD-A809-CD2CE4A7EFAC}.Release|x64.Build.0 = Release|x64
		{1E77A82D-FECA-1BAD-A809-CD2CE4A7EFAC}.Release|x64.ActiveCfg = Release|x64
		{1E77A82D-FECA-1BAD-A809-CD2CE4A7EFAC}.Release|x64.Build.0 = Release|x64
		{FDF67C2D-FECA-1BAD-8245-20E24069314E}.Release|x64.ActiveCfg = Release|x64
		{FDF67C2D-FECA-1BAD-8245-20E24069314E}.Release|x64.Build.0 = Release|x64
		{FDF67F2D-FECA-1BAD-8245-20E24069314E}.Release|x64.ActiveCfg = Release|x64
		{FDF67F2D-FECA-1BAD-8245-20E24069314E}.Release|x64.Build.0 = Release|x64
		{529A6607-FECA-1BAD-8245-20E24069314E}.Release|x64.ActiveCfg = Release|x64
		{529A6607-FECA-1BAD-8245-20E24069314E}.Release|x64.Build.0 = Release|x64
		{938E21BA-FECA-1BAD-F5CD-7A5735306021}.Release|x64.ActiveCfg = Release|x64
		{938E21BA-FECA-1BAD-F5CD-7A5735306021}.Release|x64.Build.0 = Release|x64
		{938E22BA-FECA-1BAD-F5CD-7A5735306021}.Release|x64.ActiveCfg = Release|x64
		{938E22BA-FECA-1BAD-F5CD-7A5735306021}.Release|x64.Build.0 = Release|x64
		{2AC7F169-FECA-1BAD-F5CD-7A5735306021}.Release|x64.ActiveCfg = Release|x64
		{2AC7F169-FECA-1BAD-F5CD-7A5735306021}.Release|x64.Build.0 = Release|x64
		{7FFA7FBE-FECA-1BAD-3826-24216B5848CE}.Release|x64.ActiveCfg = Release|x64
		{7FFA7FBE-FECA-1BAD-3826-24216B5848CE}.Release|x64.Build.0 = Release|x64
		{7FFA7CBE-FECA-1BAD-3826-24216B5848CE}.Release|x64.ActiveCfg = Release|x64
		{7FFA7CBE-FECA-1BAD-3826-24216B5848CE}.Release|x64.Build.0 = Release|x64
		{5E99F585-FECA-1BAD-3826-24216B5848CE}.Release|x64.ActiveCfg = Release|x64
		{5E99F585-FECA-1BAD-3826-24216B5848CE}.Release|x64.Build.0 = Release|x64
		{38C9C9AB-FECA-1BAD-5E8A-9246814EE13B}.Release|x64.ActiveCfg = Release|x64
		{38C9C9AB-FECA-1BAD-5E8A-9246814EE13B}.Release|x64.Build.0 = Release|x64
		{38C9CAAB-FECA-1BAD-5E8A-9246814EE13B}.Release|x64.ActiveCfg = Release|x64
		{38C9CAAB-FECA-1BAD-5E8A-9246814EE13B}.Release|x64.Build.0 = Release|x64
		{6D2FE0C2-FECA-1BAD-5E8A-9246814EE13B}.Release|x64.ActiveCfg = Release|x64
		{6D2FE0C2-FECA-1BAD-5E8A-9246814EE13B}.Release|x64.Build.0 = Release|x64
		{FE1AC13D-FECA-1BAD-6982-E5E3711454CB}.Release|x64.ActiveCfg = Release|x64
		{FE1AC13D-FECA-1BAD-6982-E5E3711454CB}.Release|x64.Build.0 = Release|x64
		{FE1AC73D-FECA-1BAD-6982-E5E3711454CB}.Release|x64.ActiveCfg = Release|x64
		{FE1AC73D-FECA-1BAD-6982-E5E3711454CB}.Release|x64.Build.0 = Release|x64
		{FA5837D4-FECA-1BAD-6982-E5E3711454CB}.Release|x64.ActiveCfg = Release|x64
		{FA5837D4-FECA-1BAD-6982-E5E3711454CB}.Release|x64.Build.0 = Release|x64
		{1D8D21B6-FECA-1BAD-0A69-152EF626590A}.Release|x64.ActiveCfg = Release|x64
		{1D8D21B6-FECA-1BAD-0A69-152EF626590A}.Release|x64.Build.0 = Release|x64
		{1D8D22B6-FECA-1BAD-0A69-152EF626590A}.Release|x64.ActiveCfg = Release|x64
		{1D8D22B6-FECA-1BAD-0A69-152EF626590A}.Release|x64.Build.0 = Release|x64
		{29C7FDE7-FECA-1BAD-0A69-152EF626590A}.Release|x64.ActiveCfg = Release|x64
		{29C7FDE7-FECA-1BAD-0A69-152EF626590A}.Release|x64.Build.0 = Release|x64
		{34A7C3FD-FECA-1BAD-34B6-09E2ABA58A0D}.Release|x64.ActiveCfg = Release|x64
		{34A7C3FD-FECA-1BAD-34B6-09E2ABA58A0D}.Release|x64.Build.0 = Release|x64
		{34A65616-FECA-1BAD-34B6-09E2ABA58A0D}.Release|x64.ActiveCfg = Release|x64
		{34A65616-FECA-1BAD-34B6-09E2ABA58A0D}.Release|x64.Build.0 = Release|x64
		{34A65016-FECA-1BAD-34B6-09E2ABA58A0D}.Release|x64.ActiveCfg = Release|x64
		{34A65016-FECA-1BAD-34B6-09E2ABA58A0D}.Release|x64.Build.0 = Release|x64
		{51914568-FECA-1BAD-34B6-09E2ABA58A0D}.Release|x64.ActiveCfg = Release|x64
		{51914568-FECA-1BAD-34B6-09E2ABA58A0D}.Release|x64.Build.0 = Release|x64
		{B77D7CFA-FECA-1BAD-4F79-B84B1EA18E69}.Release|x64.ActiveCfg = Release|x64
		{B77D7CFA-FECA-1BAD-4F79-B84B1EA18E69}.Release|x64.Build.0 = Release|x64
		{E09A5039-FECA-1BAD-4F79-B84B1EA18E69}.Release|x64.ActiveCfg = Release|x64
		{E09A5039-FECA-1BAD-4F79-B84B1EA18E69}.Release|x64.Build.0 = Release|x64
		{01059FF2-FECA-1BAD-4F79-B84B1EA18E69}.Release|x64.ActiveCfg = Release|x64
		{01059FF2-FECA-1BAD-4F79-B84B1EA18E69}.Release|x64.Build.0 = Release|x64
		{17617EA6-FECA-1BAD-4F79-B84B1EA18E69}.Release|x64.ActiveCfg = Release|x64
		{17617EA6-FECA-1BAD-4F79-B84B1EA18E69}.Release|x64.Build.0 = Release|x64
		{50E35085-FECA-1BAD-3526-FB1D835867F4}.Release|x64.ActiveCfg = Release|x64
		{50E35085-FECA-1BAD-3526-FB1D835867F4}.Release|x64.Build.0 = Release|x64
		{50E35385-FECA-1BAD-3526-FB1D835867F4}.Release|x64.ActiveCfg = Release|x64
		{50E35385-FECA-1BAD-3526-FB1D835867F4}.Release|x64.Build.0 = Release|x64
		{47B6CEAA-FECA-1BAD-3526-FB1D835867F4}.Release|x64.ActiveCfg = Release|x64
		{47B6CEAA-FECA-1BAD-3526-FB1D835867F4}.Release|x64.Build.0 = Release|x64
	EndGlobalSection
	GlobalSection(SolutionProperties) = preSolution
		HideSolutionNode = FALSE
	EndGlobalSection
EndGlobal
