
Microsoft Visual Studio Solution File, Format Version 12.00
# Visual Studio 2012
# $Id$
#
# This file was generated by MPC.  Any changes made directly to
# this file will be lost the next time it is generated.
#
# MPC Command:
# /home/dds/OvernightTests/tmp_XEJFDMLtq7/build/bin/mwc.pl -features ospl_os_host_win=1 -features ospl_dcpssacs=1 -features ospl_os_win=1 -features ospl_64_bit=1 -value_template lib_modifier= -include /bin/MakeProjectCreator/config -include /bin/MakeProjectCreator/config/TAO -features ospl_os_ver_64=1 -features x86_64_win64=1 -features ospl_arch_x86_64=1 -value_template configurations=Release -type vc12 HDE/x86_64.win64/examples/examples.mwc
Project("{8BC9CEB8-8B4A-11D0-8D11-00A0C91BC942}") = "sacpp_builtintopics_sub", "dcps\BuiltInTopics\cpp\standalone\sacpp_builtintopics_sub.vcxproj", "{35345E46-FECA-1BAD-50F3-732EC7C5951A}"
EndProject
Project("{8BC9CEB8-8B4A-11D0-8D11-00A0C91BC942}") = "sacpp_contentfilteredtopic_pub", "dcps\ContentFilteredTopic\cpp\standalone\sacpp_contentfilteredtopic_pub.vcxproj", "{33A5ECB0-FECA-1BAD-2441-F0774C50DF9E}"
	ProjectSection(ProjectDependencies) = postProject
		{010AFBC9-FECA-1BAD-2441-F0774C50DF9E} = {010AFBC9-FECA-1BAD-2441-F0774C50DF9E}
	EndProjectSection
EndProject
Project("{8BC9CEB8-8B4A-11D0-8D11-00A0C91BC942}") = "sacpp_contentfilteredtopic_sub", "dcps\ContentFilteredTopic\cpp\standalone\sacpp_contentfilteredtopic_sub.vcxproj", "{33A5EFB0-FECA-1BAD-2441-F0774C50DF9E}"
	ProjectSection(ProjectDependencies) = postProject
		{010AFBC9-FECA-1BAD-2441-F0774C50DF9E} = {010AFBC9-FECA-1BAD-2441-F0774C50DF9E}
	EndProjectSection
EndProject
Project("{8BC9CEB8-8B4A-11D0-8D11-00A0C91BC942}") = "sacpp_contentfilteredtopic_types", "dcps\ContentFilteredTopic\cpp\standalone\sacpp_contentfilteredtopic_types.vcxproj", "{010AFBC9-FECA-1BAD-2441-F0774C50DF9E}"
EndProject
Project("{8BC9CEB8-8B4A-11D0-8D11-00A0C91BC942}") = "sacpp_durability_pub", "dcps\Durability\cpp\standalone\sacpp_durability_pub.vcxproj", "{E7BDC1F3-FECA-1BAD-A809-CD2CF83EEA5B}"
	ProjectSection(ProjectDependencies) = postProject
		{1927B81D-FECA-1BAD-A809-CD2CF83EEA5B} = {1927B81D-FECA-1BAD-A809-CD2CF83EEA5B}
	EndProjectSection
EndProject
Project("{8BC9CEB8-8B4A-11D0-8D11-00A0C91BC942}") = "sacpp_durability_sub", "dcps\Durability\cpp\standalone\sacpp_durability_sub.vcxproj", "{E7BDC2F3-FECA-1BAD-A809-CD2CF83EEA5B}"
	ProjectSection(ProjectDependencies) = postProject
		{1927B81D-FECA-1BAD-A809-CD2CF83EEA5B} = {1927B81D-FECA-1BAD-A809-CD2CF83EEA5B}
	EndProjectSection
EndProject
Project("{8BC9CEB8-8B4A-11D0-8D11-00A0C91BC942}") = "sacpp_durability_types", "dcps\Durability\cpp\standalone\sacpp_durability_types.vcxproj", "{1927B81D-FECA-1BAD-A809-CD2CF83EEA5B}"
EndProject
Project("{8BC9CEB8-8B4A-11D0-8D11-00A0C91BC942}") = "sacpp_helloworld_pub", "dcps\HelloWorld\cpp\standalone\sacpp_helloworld_pub.vcxproj", "{CDF12C3D-FECA-1BAD-8245-20E236E008FF}"
	ProjectSection(ProjectDependencies) = postProject
		{55CA7637-FECA-1BAD-8245-20E236E008FF} = {55CA7637-FECA-1BAD-8245-20E236E008FF}
	EndProjectSection
EndProject
Project("{8BC9CEB8-8B4A-11D0-8D11-00A0C91BC942}") = "sacpp_helloworld_sub", "dcps\HelloWorld\cpp\standalone\sacpp_helloworld_sub.vcxproj", "{CDF12F3D-FECA-1BAD-8245-20E236E008FF}"
	ProjectSection(ProjectDependencies) = postProject
		{55CA7637-FECA-1BAD-8245-20E236E008FF} = {55CA7637-FECA-1BAD-8245-20E236E008FF}
	EndProjectSection
EndProject
Project("{8BC9CEB8-8B4A-11D0-8D11-00A0C91BC942}") = "sacpp_helloworld_types", "dcps\HelloWorld\cpp\standalone\sacpp_helloworld_types.vcxproj", "{55CA7637-FECA-1BAD-8245-20E236E008FF}"
EndProject
Project("{8BC9CEB8-8B4A-11D0-8D11-00A0C91BC942}") = "sacpp_lifecycle_pub", "dcps\Lifecycle\cpp\standalone\sacpp_lifecycle_pub.vcxproj", "{908E54BB-FECA-1BAD-F5CD-7A576FB1678A}"
	ProjectSection(ProjectDependencies) = postProject
		{2AB2F06A-FECA-1BAD-F5CD-7A576FB1678A} = {2AB2F06A-FECA-1BAD-F5CD-7A576FB1678A}
	EndProjectSection
EndProject
Project("{8BC9CEB8-8B4A-11D0-8D11-00A0C91BC942}") = "sacpp_lifecycle_sub", "dcps\Lifecycle\cpp\standalone\sacpp_lifecycle_sub.vcxproj", "{908E57BB-FECA-1BAD-F5CD-7A576FB1678A}"
	ProjectSection(ProjectDependencies) = postProject
		{2AB2F06A-FECA-1BAD-F5CD-7A576FB1678A} = {2AB2F06A-FECA-1BAD-F5CD-7A576FB1678A}
	EndProjectSection
EndProject
Project("{8BC9CEB8-8B4A-11D0-8D11-00A0C91BC942}") = "sacpp_lifecycle_types", "dcps\Lifecycle\cpp\standalone\sacpp_lifecycle_types.vcxproj", "{2AB2F06A-FECA-1BAD-F5CD-7A576FB1678A}"
EndProject
Project("{8BC9CEB8-8B4A-11D0-8D11-00A0C91BC942}") = "sacpp_listener_pub", "dcps\Listener\cpp\standalone\sacpp_listener_pub.vcxproj", "{6FCA78EE-FECA-1BAD-3826-2421079988D4}"
	ProjectSection(ProjectDependencies) = postProject
		{6E9EA595-FECA-1BAD-3826-2421079988D4} = {6E9EA595-FECA-1BAD-3826-2421079988D4}
	EndProjectSection
EndProject
Project("{8BC9CEB8-8B4A-11D0-8D11-00A0C91BC942}") = "sacpp_listener_sub", "dcps\Listener\cpp\standalone\sacpp_listener_sub.vcxproj", "{6FCA7BEE-FECA-1BAD-3826-2421079988D4}"
	ProjectSection(ProjectDependencies) = postProject
		{6E9EA595-FECA-1BAD-3826-2421079988D4} = {6E9EA595-FECA-1BAD-3826-2421079988D4}
	EndProjectSection
EndProject
Project("{8BC9CEB8-8B4A-11D0-8D11-00A0C91BC942}") = "sacpp_listener_types", "dcps\Listener\cpp\standalone\sacpp_listener_types.vcxproj", "{6E9EA595-FECA-1BAD-3826-2421079988D4}"
EndProject
Project("{8BC9CEB8-8B4A-11D0-8D11-00A0C91BC942}") = "sacpp_networkpartitions_chatter", "dcps\NetworkPartitions\cpp\standalone\sacpp_networkpartitions_chatter.vcxproj", "{81DCA483-FECA-1BAD-B59F-FB9947AD83AF}"
	ProjectSection(ProjectDependencies) = postProject
		{78333E2A-FECA-1BAD-B59F-FB9947AD83AF} = {78333E2A-FECA-1BAD-B59F-FB9947AD83AF}
	EndProjectSection
EndProject
Project("{8BC9CEB8-8B4A-11D0-8D11-00A0C91BC942}") = "sacpp_networkpartitions_messageboard", "dcps\NetworkPartitions\cpp\standalone\sacpp_networkpartitions_messageboard.vcxproj", "{67093A24-FECA-1BAD-B59F-FB9947AD83AF}"
	ProjectSection(ProjectDependencies) = postProject
		{78333E2A-FECA-1BAD-B59F-FB9947AD83AF} = {78333E2A-FECA-1BAD-B59F-FB9947AD83AF}
	EndProjectSection
EndProject
Project("{8BC9CEB8-8B4A-11D0-8D11-00A0C91BC942}") = "sacpp_networkpartitions_types", "dcps\NetworkPartitions\cpp\standalone\sacpp_networkpartitions_types.vcxproj", "{78333E2A-FECA-1BAD-B59F-FB9947AD83AF}"
EndProject
Project("{8BC9CEB8-8B4A-11D0-8D11-00A0C91BC942}") = "sacpp_ownership_pub", "dcps\Ownership\cpp\standalone\sacpp_ownership_pub.vcxproj", "{3BC9BCAA-FECA-1BAD-5E8A-924611307D3E}"
	ProjectSection(ProjectDependencies) = postProject
		{6D5AE1C1-FECA-1BAD-5E8A-924611307D3E} = {6D5AE1C1-FECA-1BAD-5E8A-924611307D3E}
	EndProjectSection
EndProject
Project("{8BC9CEB8-8B4A-11D0-8D11-00A0C91BC942}") = "sacpp_ownership_sub", "dcps\Ownership\cpp\standalone\sacpp_ownership_sub.vcxproj", "{3BC9BFAA-FECA-1BAD-5E8A-924611307D3E}"
	ProjectSection(ProjectDependencies) = postProject
		{6D5AE1C1-FECA-1BAD-5E8A-924611307D3E} = {6D5AE1C1-FECA-1BAD-5E8A-924611307D3E}
	EndProjectSection
EndProject
Project("{8BC9CEB8-8B4A-11D0-8D11-00A0C91BC942}") = "sacpp_ownership_types", "dcps\Ownership\cpp\standalone\sacpp_ownership_types.vcxproj", "{6D5AE1C1-FECA-1BAD-5E8A-924611307D3E}"
EndProject
Project("{8BC9CEB8-8B4A-11D0-8D11-00A0C91BC942}") = "sacpp_pingpong_ping", "dcps\PingPong\cpp\standalone\sacpp_pingpong_ping.vcxproj", "{FD1AB43C-FECA-1BAD-6982-E5E34B858DCE}"
	ProjectSection(ProjectDependencies) = postProject
		{CA5F67C4-FECA-1BAD-6982-E5E34B858DCE} = {CA5F67C4-FECA-1BAD-6982-E5E34B858DCE}
	EndProjectSection
EndProject
Project("{8BC9CEB8-8B4A-11D0-8D11-00A0C91BC942}") = "sacpp_pingpong_pong", "dcps\PingPong\cpp\standalone\sacpp_pingpong_pong.vcxproj", "{FD1AB23C-FECA-1BAD-6982-E5E34B858DCE}"
	ProjectSection(ProjectDependencies) = postProject
		{CA5F67C4-FECA-1BAD-6982-E5E34B858DCE} = {CA5F67C4-FECA-1BAD-6982-E5E34B858DCE}
	EndProjectSection
EndProject
Project("{8BC9CEB8-8B4A-11D0-8D11-00A0C91BC942}") = "sacpp_pingpong_types", "dcps\PingPong\cpp\standalone\sacpp_pingpong_types.vcxproj", "{CA5F67C4-FECA-1BAD-6982-E5E34B858DCE}"
EndProject
Project("{8BC9CEB8-8B4A-11D0-8D11-00A0C91BC942}") = "sacpp_querycondition_pub", "dcps\QueryCondition\cpp\standalone\sacpp_querycondition_pub.vcxproj", "{4D9D11B1-FECA-1BAD-0A69-152E79884C49}"
	ProjectSection(ProjectDependencies) = postProject
		{39F7FAB7-FECA-1BAD-0A69-152E79884C49} = {39F7FAB7-FECA-1BAD-0A69-152E79884C49}
	EndProjectSection
EndProject
Project("{8BC9CEB8-8B4A-11D0-8D11-00A0C91BC942}") = "sacpp_querycondition_sub", "dcps\QueryCondition\cpp\standalone\sacpp_querycondition_sub.vcxproj", "{4D9D12B1-FECA-1BAD-0A69-152E79884C49}"
	ProjectSection(ProjectDependencies) = postProject
		{39F7FAB7-FECA-1BAD-0A69-152E79884C49} = {39F7FAB7-FECA-1BAD-0A69-152E79884C49}
	EndProjectSection
EndProject
Project("{8BC9CEB8-8B4A-11D0-8D11-00A0C91BC942}") = "sacpp_querycondition_types", "dcps\QueryCondition\cpp\standalone\sacpp_querycondition_types.vcxproj", "{39F7FAB7-FECA-1BAD-0A69-152E79884C49}"
EndProject
Project("{8BC9CEB8-8B4A-11D0-8D11-00A0C91BC942}") = "SA_Cxx_RoundTrip_Impl", "dcps\RoundTrip\cpp\SA_Cxx_RoundTrip_Impl.vcxproj", "{84F0DFF9-FECA-1BAD-34B6-09E2A58A0ADB}"
	ProjectSection(ProjectDependencies) = postProject
		{54E08523-FECA-1BAD-34B6-09E2A58A0ADB} = {54E08523-FECA-1BAD-34B6-09E2A58A0ADB}
	EndProjectSection
EndProject
Project("{8BC9CEB8-8B4A-11D0-8D11-00A0C91BC942}") = "SA_Cxx_RoundTrip_Ping", "dcps\RoundTrip\cpp\SA_Cxx_RoundTrip_Ping.vcxproj", "{84F14A12-FECA-1BAD-34B6-09E2A58A0ADB}"
	ProjectSection(ProjectDependencies) = postProject
		{84F0DFF9-FECA-1BAD-34B6-09E2A58A0ADB} = {84F0DFF9-FECA-1BAD-34B6-09E2A58A0ADB}
	EndProjectSection
EndProject
Project("{8BC9CEB8-8B4A-11D0-8D11-00A0C91BC942}") = "SA_Cxx_RoundTrip_Pong", "dcps\RoundTrip\cpp\SA_Cxx_RoundTrip_Pong.vcxproj", "{84F14C12-FECA-1BAD-34B6-09E2A58A0ADB}"
	ProjectSection(ProjectDependencies) = postProject
		{84F0DFF9-FECA-1BAD-34B6-09E2A58A0ADB} = {84F0DFF9-FECA-1BAD-34B6-09E2A58A0ADB}
	EndProjectSection
EndProject
Project("{8BC9CEB8-8B4A-11D0-8D11-00A0C91BC942}") = "SA_Cxx_RoundTrip_Types", "dcps\RoundTrip\cpp\SA_Cxx_RoundTrip_Types.vcxproj", "{54E08523-FECA-1BAD-34B6-09E2A58A0ADB}"
EndProject
Project("{8BC9CEB8-8B4A-11D0-8D11-00A0C91BC942}") = "SA_Cxx_Throughput_Impl", "dcps\Throughput\cpp\SA_Cxx_Throughput_Impl.vcxproj", "{C52F9B47-FECA-1BAD-F209-C252E1C80EE8}"
	ProjectSection(ProjectDependencies) = postProject
		{4914CEC7-FECA-1BAD-F209-C252E1C80EE8} = {4914CEC7-FECA-1BAD-F209-C252E1C80EE8}
	EndProjectSection
EndProject
Project("{8BC9CEB8-8B4A-11D0-8D11-00A0C91BC942}") = "SA_Cxx_Throughput_Publisher", "dcps\Throughput\cpp\SA_Cxx_Throughput_Publisher.vcxproj", "{5A37514F-FECA-1BAD-F209-C252E1C80EE8}"
	ProjectSection(ProjectDependencies) = postProject
		{C52F9B47-FECA-1BAD-F209-C252E1C80EE8} = {C52F9B47-FECA-1BAD-F209-C252E1C80EE8}
	EndProjectSection
EndProject
Project("{8BC9CEB8-8B4A-11D0-8D11-00A0C91BC942}") = "SA_Cxx_Throughput_Subscriber", "dcps\Throughput\cpp\SA_Cxx_Throughput_Subscriber.vcxproj", "{A725389F-FECA-1BAD-F209-C252E1C80EE8}"
	ProjectSection(ProjectDependencies) = postProject
		{C52F9B47-FECA-1BAD-F209-C252E1C80EE8} = {C52F9B47-FECA-1BAD-F209-C252E1C80EE8}
	EndProjectSection
EndProject
Project("{8BC9CEB8-8B4A-11D0-8D11-00A0C91BC942}") = "SA_Cxx_Throughput_Types", "dcps\Throughput\cpp\SA_Cxx_Throughput_Types.vcxproj", "{4914CEC7-FECA-1BAD-F209-C252E1C80EE8}"
EndProject
Project("{8BC9CEB8-8B4A-11D0-8D11-00A0C91BC942}") = "sacpp_tutorial_chatter", "dcps\Tutorial\cpp\standalone\sacpp_tutorial_chatter.vcxproj", "{B02D6CCA-FECA-1BAD-4F79-B84BFE5F2FA1}"
	ProjectSection(ProjectDependencies) = postProject
		{3102CFE2-FECA-1BAD-4F79-B84BFE5F2FA1} = {3102CFE2-FECA-1BAD-4F79-B84BFE5F2FA1}
	EndProjectSection
EndProject
Project("{8BC9CEB8-8B4A-11D0-8D11-00A0C91BC942}") = "sacpp_tutorial_messageboard", "dcps\Tutorial\cpp\standalone\sacpp_tutorial_messageboard.vcxproj", "{E39A2538-FECA-1BAD-4F79-B84BFE5F2FA1}"
	ProjectSection(ProjectDependencies) = postProject
		{3102CFE2-FECA-1BAD-4F79-B84BFE5F2FA1} = {3102CFE2-FECA-1BAD-4F79-B84BFE5F2FA1}
	EndProjectSection
EndProject
Project("{8BC9CEB8-8B4A-11D0-8D11-00A0C91BC942}") = "sacpp_tutorial_types", "dcps\Tutorial\cpp\standalone\sacpp_tutorial_types.vcxproj", "{3102CFE2-FECA-1BAD-4F79-B84BFE5F2FA1}"
EndProject
Project("{8BC9CEB8-8B4A-11D0-8D11-00A0C91BC942}") = "sacpp_tutorial_userload", "dcps\Tutorial\cpp\standalone\sacpp_tutorial_userload.vcxproj", "{62607DA6-FECA-1BAD-4F79-B84BFE5F2FA1}"
	ProjectSection(ProjectDependencies) = postProject
		{3102CFE2-FECA-1BAD-4F79-B84BFE5F2FA1} = {3102CFE2-FECA-1BAD-4F79-B84BFE5F2FA1}
	EndProjectSection
EndProject
Project("{8BC9CEB8-8B4A-11D0-8D11-00A0C91BC942}") = "sacpp_waitset_pub", "dcps\WaitSet\cpp\standalone\sacpp_waitset_pub.vcxproj", "{51E050F0-FECA-1BAD-3526-FB1D07B6B23C}"
	ProjectSection(ProjectDependencies) = postProject
		{44B6BBAB-FECA-1BAD-3526-FB1D07B6B23C} = {44B6BBAB-FECA-1BAD-3526-FB1D07B6B23C}
	EndProjectSection
EndProject
Project("{8BC9CEB8-8B4A-11D0-8D11-00A0C91BC942}") = "sacpp_waitset_sub", "dcps\WaitSet\cpp\standalone\sacpp_waitset_sub.vcxproj", "{51E053F0-FECA-1BAD-3526-FB1D07B6B23C}"
	ProjectSection(ProjectDependencies) = postProject
		{44B6BBAB-FECA-1BAD-3526-FB1D07B6B23C} = {44B6BBAB-FECA-1BAD-3526-FB1D07B6B23C}
	EndProjectSection
EndProject
Project("{8BC9CEB8-8B4A-11D0-8D11-00A0C91BC942}") = "sacpp_waitset_types", "dcps\WaitSet\cpp\standalone\sacpp_waitset_types.vcxproj", "{44B6BBAB-FECA-1BAD-3526-FB1D07B6B23C}"
EndProject
Global
	GlobalSection(SolutionConfigurationPlatforms) = preSolution
		Release|x64 = Release|x64
	EndGlobalSection
	GlobalSection(ProjectConfigurationPlatforms) = postSolution
		{35345E46-FECA-1BAD-50F3-732EC7C5951A}.Release|x64.ActiveCfg = Release|x64
		{35345E46-FECA-1BAD-50F3-732EC7C5951A}.Release|x64.Build.0 = Release|x64
		{33A5ECB0-FECA-1BAD-2441-F0774C50DF9E}.Release|x64.ActiveCfg = Release|x64
		{33A5ECB0-FECA-1BAD-2441-F0774C50DF9E}.Release|x64.Build.0 = Release|x64
		{33A5EFB0-FECA-1BAD-2441-F0774C50DF9E}.Release|x64.ActiveCfg = Release|x64
		{33A5EFB0-FECA-1BAD-2441-F0774C50DF9E}.Release|x64.Build.0 = Release|x64
		{010AFBC9-FECA-1BAD-2441-F0774C50DF9E}.Release|x64.ActiveCfg = Release|x64
		{010AFBC9-FECA-1BAD-2441-F0774C50DF9E}.Release|x64.Build.0 = Release|x64
		{E7BDC1F3-FECA-1BAD-A809-CD2CF83EEA5B}.Release|x64.ActiveCfg = Release|x64
		{E7BDC1F3-FECA-1BAD-A809-CD2CF83EEA5B}.Release|x64.Build.0 = Release|x64
		{E7BDC2F3-FECA-1BAD-A809-CD2CF83EEA5B}.Release|x64.ActiveCfg = Release|x64
		{E7BDC2F3-FECA-1BAD-A809-CD2CF83EEA5B}.Release|x64.Build.0 = Release|x64
		{1927B81D-FECA-1BAD-A809-CD2CF83EEA5B}.Release|x64.ActiveCfg = Release|x64
		{1927B81D-FECA-1BAD-A809-CD2CF83EEA5B}.Release|x64.Build.0 = Release|x64
		{CDF12C3D-FECA-1BAD-8245-20E236E008FF}.Release|x64.ActiveCfg = Release|x64
		{CDF12C3D-FECA-1BAD-8245-20E236E008FF}.Release|x64.Build.0 = Release|x64
		{CDF12F3D-FECA-1BAD-8245-20E236E008FF}.Release|x64.ActiveCfg = Release|x64
		{CDF12F3D-FECA-1BAD-8245-20E236E008FF}.Release|x64.Build.0 = Release|x64
		{55CA7637-FECA-1BAD-8245-20E236E008FF}.Release|x64.ActiveCfg = Release|x64
		{55CA7637-FECA-1BAD-8245-20E236E008FF}.Release|x64.Build.0 = Release|x64
		{908E54BB-FECA-1BAD-F5CD-7A576FB1678A}.Release|x64.ActiveCfg = Release|x64
		{908E54BB-FECA-1BAD-F5CD-7A576FB1678A}.Release|x64.Build.0 = Release|x64
		{908E57BB-FECA-1BAD-F5CD-7A576FB1678A}.Release|x64.ActiveCfg = Release|x64
		{908E57BB-FECA-1BAD-F5CD-7A576FB1678A}.Release|x64.Build.0 = Release|x64
		{2AB2F06A-FECA-1BAD-F5CD-7A576FB1678A}.Release|x64.ActiveCfg = Release|x64
		{2AB2F06A-FECA-1BAD-F5CD-7A576FB1678A}.Release|x64.Build.0 = Release|x64
		{6FCA78EE-FECA-1BAD-3826-2421079988D4}.Release|x64.ActiveCfg = Release|x64
		{6FCA78EE-FECA-1BAD-3826-2421079988D4}.Release|x64.Build.0 = Release|x64
		{6FCA7BEE-FECA-1BAD-3826-2421079988D4}.Release|x64.ActiveCfg = Release|x64
		{6FCA7BEE-FECA-1BAD-3826-2421079988D4}.Release|x64.Build.0 = Release|x64
		{6E9EA595-FECA-1BAD-3826-2421079988D4}.Release|x64.ActiveCfg = Release|x64
		{6E9EA595-FECA-1BAD-3826-2421079988D4}.Release|x64.Build.0 = Release|x64
		{81DCA483-FECA-1BAD-B59F-FB9947AD83AF}.Release|x64.ActiveCfg = Release|x64
		{81DCA483-FECA-1BAD-B59F-FB9947AD83AF}.Release|x64.Build.0 = Release|x64
		{67093A24-FECA-1BAD-B59F-FB9947AD83AF}.Release|x64.ActiveCfg = Release|x64
		{67093A24-FECA-1BAD-B59F-FB9947AD83AF}.Release|x64.Build.0 = Release|x64
		{78333E2A-FECA-1BAD-B59F-FB9947AD83AF}.Release|x64.ActiveCfg = Release|x64
		{78333E2A-FECA-1BAD-B59F-FB9947AD83AF}.Release|x64.Build.0 = Release|x64
		{3BC9BCAA-FECA-1BAD-5E8A-924611307D3E}.Release|x64.ActiveCfg = Release|x64
		{3BC9BCAA-FECA-1BAD-5E8A-924611307D3E}.Release|x64.Build.0 = Release|x64
		{3BC9BFAA-FECA-1BAD-5E8A-924611307D3E}.Release|x64.ActiveCfg = Release|x64
		{3BC9BFAA-FECA-1BAD-5E8A-924611307D3E}.Release|x64.Build.0 = Release|x64
		{6D5AE1C1-FECA-1BAD-5E8A-924611307D3E}.Release|x64.ActiveCfg = Release|x64
		{6D5AE1C1-FECA-1BAD-5E8A-924611307D3E}.Release|x64.Build.0 = Release|x64
		{FD1AB43C-FECA-1BAD-6982-E5E34B858DCE}.Release|x64.ActiveCfg = Release|x64
		{FD1AB43C-FECA-1BAD-6982-E5E34B858DCE}.Release|x64.Build.0 = Release|x64
		{FD1AB23C-FECA-1BAD-6982-E5E34B858DCE}.Release|x64.ActiveCfg = Release|x64
		{FD1AB23C-FECA-1BAD-6982-E5E34B858DCE}.Release|x64.Build.0 = Release|x64
		{CA5F67C4-FECA-1BAD-6982-E5E34B858DCE}.Release|x64.ActiveCfg = Release|x64
		{CA5F67C4-FECA-1BAD-6982-E5E34B858DCE}.Release|x64.Build.0 = Release|x64
		{4D9D11B1-FECA-1BAD-0A69-152E79884C49}.Release|x64.ActiveCfg = Release|x64
		{4D9D11B1-FECA-1BAD-0A69-152E79884C49}.Release|x64.Build.0 = Release|x64
		{4D9D12B1-FECA-1BAD-0A69-152E79884C49}.Release|x64.ActiveCfg = Release|x64
		{4D9D12B1-FECA-1BAD-0A69-152E79884C49}.Release|x64.Build.0 = Release|x64
		{39F7FAB7-FECA-1BAD-0A69-152E79884C49}.Release|x64.ActiveCfg = Release|x64
		{39F7FAB7-FECA-1BAD-0A69-152E79884C49}.Release|x64.Build.0 = Release|x64
		{84F0DFF9-FECA-1BAD-34B6-09E2A58A0ADB}.Release|x64.ActiveCfg = Release|x64
		{84F0DFF9-FECA-1BAD-34B6-09E2A58A0ADB}.Release|x64.Build.0 = Release|x64
		{84F14A12-FECA-1BAD-34B6-09E2A58A0ADB}.Release|x64.ActiveCfg = Release|x64
		{84F14A12-FECA-1BAD-34B6-09E2A58A0ADB}.Release|x64.Build.0 = Release|x64
		{84F14C12-FECA-1BAD-34B6-09E2A58A0ADB}.Release|x64.ActiveCfg = Release|x64
		{84F14C12-FECA-1BAD-34B6-09E2A58A0ADB}.Release|x64.Build.0 = Release|x64
		{54E08523-FECA-1BAD-34B6-09E2A58A0ADB}.Release|x64.ActiveCfg = Release|x64
		{54E08523-FECA-1BAD-34B6-09E2A58A0ADB}.Release|x64.Build.0 = Release|x64
		{C52F9B47-FECA-1BAD-F209-C252E1C80EE8}.Release|x64.ActiveCfg = Release|x64
		{C52F9B47-FECA-1BAD-F209-C252E1C80EE8}.Release|x64.Build.0 = Release|x64
		{5A37514F-FECA-1BAD-F209-C252E1C80EE8}.Release|x64.ActiveCfg = Release|x64
		{5A37514F-FECA-1BAD-F209-C252E1C80EE8}.Release|x64.Build.0 = Release|x64
		{A725389F-FECA-1BAD-F209-C252E1C80EE8}.Release|x64.ActiveCfg = Release|x64
		{A725389F-FECA-1BAD-F209-C252E1C80EE8}.Release|x64.Build.0 = Release|x64
		{4914CEC7-FECA-1BAD-F209-C252E1C80EE8}.Release|x64.ActiveCfg = Release|x64
		{4914CEC7-FECA-1BAD-F209-C252E1C80EE8}.Release|x64.Build.0 = Release|x64
		{B02D6CCA-FECA-1BAD-4F79-B84BFE5F2FA1}.Release|x64.ActiveCfg = Release|x64
		{B02D6CCA-FECA-1BAD-4F79-B84BFE5F2FA1}.Release|x64.Build.0 = Release|x64
		{E39A2538-FECA-1BAD-4F79-B84BFE5F2FA1}.Release|x64.ActiveCfg = Release|x64
		{E39A2538-FECA-1BAD-4F79-B84BFE5F2FA1}.Release|x64.Build.0 = Release|x64
		{3102CFE2-FECA-1BAD-4F79-B84BFE5F2FA1}.Release|x64.ActiveCfg = Release|x64
		{3102CFE2-FECA-1BAD-4F79-B84BFE5F2FA1}.Release|x64.Build.0 = Release|x64
		{62607DA6-FECA-1BAD-4F79-B84BFE5F2FA1}.Release|x64.ActiveCfg = Release|x64
		{62607DA6-FECA-1BAD-4F79-B84BFE5F2FA1}.Release|x64.Build.0 = Release|x64
		{51E050F0-FECA-1BAD-3526-FB1D07B6B23C}.Release|x64.ActiveCfg = Release|x64
		{51E050F0-FECA-1BAD-3526-FB1D07B6B23C}.Release|x64.Build.0 = Release|x64
		{51E053F0-FECA-1BAD-3526-FB1D07B6B23C}.Release|x64.ActiveCfg = Release|x64
		{51E053F0-FECA-1BAD-3526-FB1D07B6B23C}.Release|x64.Build.0 = Release|x64
		{44B6BBAB-FECA-1BAD-3526-FB1D07B6B23C}.Release|x64.ActiveCfg = Release|x64
		{44B6BBAB-FECA-1BAD-3526-FB1D07B6B23C}.Release|x64.Build.0 = Release|x64
	EndGlobalSection
	GlobalSection(SolutionProperties) = preSolution
		HideSolutionNode = FALSE
	EndGlobalSection
EndGlobal
