<?xml version="1.0" encoding="utf-8"?>
<Project ToolsVersion="12.0" xmlns="http://schemas.microsoft.com/developer/msbuild/2003">
  <ItemGroup>
    <Filter Include="Source Files">
      <UniqueIdentifier>{B1F27843-FECA-1BAD-3826-2421079988D4}</UniqueIdentifier>
      <Extensions>cpp;cxx;cc;c;C</Extensions>
    </Filter>
    <Filter Include="Header Files">
      <UniqueIdentifier>{06319535-FECA-1BAD-3826-2421079988D4}</UniqueIdentifier>
      <Extensions>h;hpp;hxx;hh</Extensions>
    </Filter>
    <Filter Include="Typesupport Files">
      <UniqueIdentifier>{B7B4DD38-FECA-1BAD-3826-2421079988D4}</UniqueIdentifier>
      <Extensions>idl</Extensions>
    </Filter>
    <Filter Include="Documentation">
      <UniqueIdentifier>{B14BBA74-FECA-1BAD-3826-2421079988D4}</UniqueIdentifier>
    </Filter>
  </ItemGroup>
  <ItemGroup>
    <ClCompile Include="ListenerData.cpp">
      <Filter>default_group</Filter>
    </ClCompile>
    <ClCompile Include="ListenerDataDcps.cpp">
      <Filter>default_group</Filter>
    </ClCompile>
    <ClCompile Include="ListenerDataDcps_impl.cpp">
      <Filter>default_group</Filter>
    </ClCompile>
    <ClCompile Include="ListenerDataSplDcps.cpp">
      <Filter>default_group</Filter>
    </ClCompile>
  </ItemGroup>
  <ItemGroup>
    <ClInclude Include="ccpp_ListenerData.h">
      <Filter>Header Files</Filter>
    </ClInclude>
    <ClInclude Include="ListenerData.h">
      <Filter>Header Files</Filter>
    </ClInclude>
    <ClInclude Include="ListenerDataDcps.h">
      <Filter>Header Files</Filter>
    </ClInclude>
    <ClInclude Include="ListenerDataDcps_impl.h">
      <Filter>Header Files</Filter>
    </ClInclude>
    <ClInclude Include="ListenerDataSplDcps.h">
      <Filter>Header Files</Filter>
    </ClInclude>
  </ItemGroup>
  <ItemGroup>
    <CustomBuild Include="..\..\idl\ListenerData.idl">
      <Filter>Typesupport Files</Filter>
    </CustomBuild>
  </ItemGroup>
  <ItemGroup>
    <CustomBuild Include="..\..\.\README.html">
      <Filter>Documentation</Filter>
    </CustomBuild>
  </ItemGroup>
</Project>
